
Microsoft Visual Studio Solution File, Format Version 12.00
# Visual Studio Version 17
VisualStudioVersion = 17.5.33209.295
MinimumVisualStudioVersion = 10.0.40219.1
Project("{778DAE3C-4631-46EA-AA77-85C1314464D9}") = "enigma", "enigma\enigma.vbproj", "{2CF7B5B6-F051-41DE-80D2-179DF8129A90}"
EndProject
Project("{2150E333-8FDC-42A3-9474-1A3956D46DE8}") = "framework", "framework", "{D6E0F6D2-EDDA-4593-B5FC-20C8D74F727E}"
EndProject
Project("{2150E333-8FDC-42A3-9474-1A3956D46DE8}") = "renv", "renv", "{E40DEA1D-E21B-4D94-8CE3-2D557EE5DAD7}"
EndProject
Project("{778DAE3C-4631-46EA-AA77-85C1314464D9}") = "Core", "..\..\sciBASIC#\Microsoft.VisualBasic.Core\src\Core.vbproj", "{341F6557-239E-47FE-9348-9F92469D1412}"
EndProject
Project("{778DAE3C-4631-46EA-AA77-85C1314464D9}") = "Math.NET5", "..\..\sciBASIC#\Data_science\Mathematica\Math\Math\Math.NET5.vbproj", "{CC49298D-5506-43B7-A14A-49DD60612649}"
EndProject
Project("{778DAE3C-4631-46EA-AA77-85C1314464D9}") = "machine_learning-netcore5", "..\..\sciBASIC#\Data_science\MachineLearning\MachineLearning\machine_learning-netcore5.vbproj", "{BEFD819A-73C6-4C1F-8037-383D13F1BB79}"
EndProject
Project("{2150E333-8FDC-42A3-9474-1A3956D46DE8}") = "machineLearning", "machineLearning", "{71825167-E383-48D5-9676-D949B933788B}"
EndProject
Project("{778DAE3C-4631-46EA-AA77-85C1314464D9}") = "DataMining.NET5", "..\..\sciBASIC#\Data_science\DataMining\DataMining\DataMining.NET5.vbproj", "{F0492E9E-30BD-4A03-82AB-EDC5C72686B8}"
EndProject
Project("{778DAE3C-4631-46EA-AA77-85C1314464D9}") = "DeepLearning.NET6", "..\..\sciBASIC#\Data_science\MachineLearning\DeepLearning\DeepLearning.NET6.vbproj", "{19B80524-8B66-48E6-B528-EBCF10A21A44}"
EndProject
Project("{778DAE3C-4631-46EA-AA77-85C1314464D9}") = "Rsharp-netcore5", "..\..\..\R-sharp\R#\Rsharp-netcore5.vbproj", "{0D32892E-726F-4953-B6B9-DA81BE5E4EDA}"
EndProject
Global
	GlobalSection(SolutionConfigurationPlatforms) = preSolution
		Debug|Any CPU = Debug|Any CPU
		Debug|x64 = Debug|x64
		Debug|x86 = Debug|x86
		gcmodeller_desktop|Any CPU = gcmodeller_desktop|Any CPU
		gcmodeller_desktop|x64 = gcmodeller_desktop|x64
		gcmodeller_desktop|x86 = gcmodeller_desktop|x86
		LipidSearch|Any CPU = LipidSearch|Any CPU
		LipidSearch|x64 = LipidSearch|x64
		LipidSearch|x86 = LipidSearch|x86
		mzkit_win32|Any CPU = mzkit_win32|Any CPU
		mzkit_win32|x64 = mzkit_win32|x64
		mzkit_win32|x86 = mzkit_win32|x86
		mzkit|Any CPU = mzkit|Any CPU
		mzkit|x64 = mzkit|x64
		mzkit|x86 = mzkit|x86
		NPSearch|Any CPU = NPSearch|Any CPU
		NPSearch|x64 = NPSearch|x64
		NPSearch|x86 = NPSearch|x86
		PlantMAT|Any CPU = PlantMAT|Any CPU
		PlantMAT|x64 = PlantMAT|x64
		PlantMAT|x86 = PlantMAT|x86
		Release|Any CPU = Release|Any CPU
		Release|x64 = Release|x64
		Release|x86 = Release|x86
		Rsharp_app_release|Any CPU = Rsharp_app_release|Any CPU
		Rsharp_app_release|x64 = Rsharp_app_release|x64
		Rsharp_app_release|x86 = Rsharp_app_release|x86
	EndGlobalSection
	GlobalSection(ProjectConfigurationPlatforms) = postSolution
		{2CF7B5B6-F051-41DE-80D2-179DF8129A90}.Debug|Any CPU.ActiveCfg = Debug|Any CPU
		{2CF7B5B6-F051-41DE-80D2-179DF8129A90}.Debug|Any CPU.Build.0 = Debug|Any CPU
		{2CF7B5B6-F051-41DE-80D2-179DF8129A90}.Debug|x64.ActiveCfg = Debug|Any CPU
		{2CF7B5B6-F051-41DE-80D2-179DF8129A90}.Debug|x64.Build.0 = Debug|Any CPU
		{2CF7B5B6-F051-41DE-80D2-179DF8129A90}.Debug|x86.ActiveCfg = Debug|Any CPU
		{2CF7B5B6-F051-41DE-80D2-179DF8129A90}.Debug|x86.Build.0 = Debug|Any CPU
		{2CF7B5B6-F051-41DE-80D2-179DF8129A90}.gcmodeller_desktop|Any CPU.ActiveCfg = Debug|Any CPU
		{2CF7B5B6-F051-41DE-80D2-179DF8129A90}.gcmodeller_desktop|Any CPU.Build.0 = Debug|Any CPU
		{2CF7B5B6-F051-41DE-80D2-179DF8129A90}.gcmodeller_desktop|x64.ActiveCfg = Debug|Any CPU
		{2CF7B5B6-F051-41DE-80D2-179DF8129A90}.gcmodeller_desktop|x64.Build.0 = Debug|Any CPU
		{2CF7B5B6-F051-41DE-80D2-179DF8129A90}.gcmodeller_desktop|x86.ActiveCfg = Debug|Any CPU
		{2CF7B5B6-F051-41DE-80D2-179DF8129A90}.gcmodeller_desktop|x86.Build.0 = Debug|Any CPU
		{2CF7B5B6-F051-41DE-80D2-179DF8129A90}.LipidSearch|Any CPU.ActiveCfg = Debug|Any CPU
		{2CF7B5B6-F051-41DE-80D2-179DF8129A90}.LipidSearch|Any CPU.Build.0 = Debug|Any CPU
		{2CF7B5B6-F051-41DE-80D2-179DF8129A90}.LipidSearch|x64.ActiveCfg = Debug|Any CPU
		{2CF7B5B6-F051-41DE-80D2-179DF8129A90}.LipidSearch|x64.Build.0 = Debug|Any CPU
		{2CF7B5B6-F051-41DE-80D2-179DF8129A90}.LipidSearch|x86.ActiveCfg = Debug|Any CPU
		{2CF7B5B6-F051-41DE-80D2-179DF8129A90}.LipidSearch|x86.Build.0 = Debug|Any CPU
		{2CF7B5B6-F051-41DE-80D2-179DF8129A90}.mzkit_win32|Any CPU.ActiveCfg = Debug|Any CPU
		{2CF7B5B6-F051-41DE-80D2-179DF8129A90}.mzkit_win32|Any CPU.Build.0 = Debug|Any CPU
		{2CF7B5B6-F051-41DE-80D2-179DF8129A90}.mzkit_win32|x64.ActiveCfg = Debug|Any CPU
		{2CF7B5B6-F051-41DE-80D2-179DF8129A90}.mzkit_win32|x64.Build.0 = Debug|Any CPU
		{2CF7B5B6-F051-41DE-80D2-179DF8129A90}.mzkit_win32|x86.ActiveCfg = Debug|Any CPU
		{2CF7B5B6-F051-41DE-80D2-179DF8129A90}.mzkit_win32|x86.Build.0 = Debug|Any CPU
		{2CF7B5B6-F051-41DE-80D2-179DF8129A90}.mzkit|Any CPU.ActiveCfg = Debug|Any CPU
		{2CF7B5B6-F051-41DE-80D2-179DF8129A90}.mzkit|Any CPU.Build.0 = Debug|Any CPU
		{2CF7B5B6-F051-41DE-80D2-179DF8129A90}.mzkit|x64.ActiveCfg = Debug|Any CPU
		{2CF7B5B6-F051-41DE-80D2-179DF8129A90}.mzkit|x64.Build.0 = Debug|Any CPU
		{2CF7B5B6-F051-41DE-80D2-179DF8129A90}.mzkit|x86.ActiveCfg = Debug|Any CPU
		{2CF7B5B6-F051-41DE-80D2-179DF8129A90}.mzkit|x86.Build.0 = Debug|Any CPU
		{2CF7B5B6-F051-41DE-80D2-179DF8129A90}.NPSearch|Any CPU.ActiveCfg = Debug|Any CPU
		{2CF7B5B6-F051-41DE-80D2-179DF8129A90}.NPSearch|Any CPU.Build.0 = Debug|Any CPU
		{2CF7B5B6-F051-41DE-80D2-179DF8129A90}.NPSearch|x64.ActiveCfg = Debug|Any CPU
		{2CF7B5B6-F051-41DE-80D2-179DF8129A90}.NPSearch|x64.Build.0 = Debug|Any CPU
		{2CF7B5B6-F051-41DE-80D2-179DF8129A90}.NPSearch|x86.ActiveCfg = Debug|Any CPU
		{2CF7B5B6-F051-41DE-80D2-179DF8129A90}.NPSearch|x86.Build.0 = Debug|Any CPU
		{2CF7B5B6-F051-41DE-80D2-179DF8129A90}.PlantMAT|Any CPU.ActiveCfg = Debug|Any CPU
		{2CF7B5B6-F051-41DE-80D2-179DF8129A90}.PlantMAT|Any CPU.Build.0 = Debug|Any CPU
		{2CF7B5B6-F051-41DE-80D2-179DF8129A90}.PlantMAT|x64.ActiveCfg = Debug|Any CPU
		{2CF7B5B6-F051-41DE-80D2-179DF8129A90}.PlantMAT|x64.Build.0 = Debug|Any CPU
		{2CF7B5B6-F051-41DE-80D2-179DF8129A90}.PlantMAT|x86.ActiveCfg = Debug|Any CPU
		{2CF7B5B6-F051-41DE-80D2-179DF8129A90}.PlantMAT|x86.Build.0 = Debug|Any CPU
		{2CF7B5B6-F051-41DE-80D2-179DF8129A90}.Release|Any CPU.ActiveCfg = Release|Any CPU
		{2CF7B5B6-F051-41DE-80D2-179DF8129A90}.Release|Any CPU.Build.0 = Release|Any CPU
		{2CF7B5B6-F051-41DE-80D2-179DF8129A90}.Release|x64.ActiveCfg = Release|Any CPU
		{2CF7B5B6-F051-41DE-80D2-179DF8129A90}.Release|x64.Build.0 = Release|Any CPU
		{2CF7B5B6-F051-41DE-80D2-179DF8129A90}.Release|x86.ActiveCfg = Release|Any CPU
		{2CF7B5B6-F051-41DE-80D2-179DF8129A90}.Release|x86.Build.0 = Release|Any CPU
		{2CF7B5B6-F051-41DE-80D2-179DF8129A90}.Rsharp_app_release|Any CPU.ActiveCfg = Release|Any CPU
		{2CF7B5B6-F051-41DE-80D2-179DF8129A90}.Rsharp_app_release|Any CPU.Build.0 = Release|Any CPU
		{2CF7B5B6-F051-41DE-80D2-179DF8129A90}.Rsharp_app_release|x64.ActiveCfg = Release|Any CPU
		{2CF7B5B6-F051-41DE-80D2-179DF8129A90}.Rsharp_app_release|x64.Build.0 = Release|Any CPU
		{2CF7B5B6-F051-41DE-80D2-179DF8129A90}.Rsharp_app_release|x86.ActiveCfg = Release|Any CPU
		{2CF7B5B6-F051-41DE-80D2-179DF8129A90}.Rsharp_app_release|x86.Build.0 = Release|Any CPU
		{341F6557-239E-47FE-9348-9F92469D1412}.Debug|Any CPU.ActiveCfg = Debug|Any CPU
		{341F6557-239E-47FE-9348-9F92469D1412}.Debug|Any CPU.Build.0 = Debug|Any CPU
		{341F6557-239E-47FE-9348-9F92469D1412}.Debug|x64.ActiveCfg = Debug|x64
		{341F6557-239E-47FE-9348-9F92469D1412}.Debug|x64.Build.0 = Debug|x64
		{341F6557-239E-47FE-9348-9F92469D1412}.Debug|x86.ActiveCfg = Debug|x86
		{341F6557-239E-47FE-9348-9F92469D1412}.Debug|x86.Build.0 = Debug|x86
		{341F6557-239E-47FE-9348-9F92469D1412}.gcmodeller_desktop|Any CPU.ActiveCfg = gcmodeller_desktop|Any CPU
		{341F6557-239E-47FE-9348-9F92469D1412}.gcmodeller_desktop|Any CPU.Build.0 = gcmodeller_desktop|Any CPU
		{341F6557-239E-47FE-9348-9F92469D1412}.gcmodeller_desktop|x64.ActiveCfg = gcmodeller_desktop|x64
		{341F6557-239E-47FE-9348-9F92469D1412}.gcmodeller_desktop|x64.Build.0 = gcmodeller_desktop|x64
		{341F6557-239E-47FE-9348-9F92469D1412}.gcmodeller_desktop|x86.ActiveCfg = gcmodeller_desktop|x86
		{341F6557-239E-47FE-9348-9F92469D1412}.gcmodeller_desktop|x86.Build.0 = gcmodeller_desktop|x86
		{341F6557-239E-47FE-9348-9F92469D1412}.LipidSearch|Any CPU.ActiveCfg = LipidSearch|Any CPU
		{341F6557-239E-47FE-9348-9F92469D1412}.LipidSearch|Any CPU.Build.0 = LipidSearch|Any CPU
		{341F6557-239E-47FE-9348-9F92469D1412}.LipidSearch|x64.ActiveCfg = LipidSearch|x64
		{341F6557-239E-47FE-9348-9F92469D1412}.LipidSearch|x64.Build.0 = LipidSearch|x64
		{341F6557-239E-47FE-9348-9F92469D1412}.LipidSearch|x86.ActiveCfg = LipidSearch|x86
		{341F6557-239E-47FE-9348-9F92469D1412}.LipidSearch|x86.Build.0 = LipidSearch|x86
		{341F6557-239E-47FE-9348-9F92469D1412}.mzkit_win32|Any CPU.ActiveCfg = mzkit_win32|Any CPU
		{341F6557-239E-47FE-9348-9F92469D1412}.mzkit_win32|Any CPU.Build.0 = mzkit_win32|Any CPU
		{341F6557-239E-47FE-9348-9F92469D1412}.mzkit_win32|x64.ActiveCfg = mzkit_win32|x64
		{341F6557-239E-47FE-9348-9F92469D1412}.mzkit_win32|x64.Build.0 = mzkit_win32|x64
		{341F6557-239E-47FE-9348-9F92469D1412}.mzkit_win32|x86.ActiveCfg = mzkit_win32|x86
		{341F6557-239E-47FE-9348-9F92469D1412}.mzkit_win32|x86.Build.0 = mzkit_win32|x86
		{341F6557-239E-47FE-9348-9F92469D1412}.mzkit|Any CPU.ActiveCfg = mzkit|Any CPU
		{341F6557-239E-47FE-9348-9F92469D1412}.mzkit|Any CPU.Build.0 = mzkit|Any CPU
		{341F6557-239E-47FE-9348-9F92469D1412}.mzkit|x64.ActiveCfg = mzkit|x64
		{341F6557-239E-47FE-9348-9F92469D1412}.mzkit|x64.Build.0 = mzkit|x64
		{341F6557-239E-47FE-9348-9F92469D1412}.mzkit|x86.ActiveCfg = mzkit|x86
		{341F6557-239E-47FE-9348-9F92469D1412}.mzkit|x86.Build.0 = mzkit|x86
		{341F6557-239E-47FE-9348-9F92469D1412}.NPSearch|Any CPU.ActiveCfg = NPSearch|Any CPU
		{341F6557-239E-47FE-9348-9F92469D1412}.NPSearch|Any CPU.Build.0 = NPSearch|Any CPU
		{341F6557-239E-47FE-9348-9F92469D1412}.NPSearch|x64.ActiveCfg = NPSearch|x64
		{341F6557-239E-47FE-9348-9F92469D1412}.NPSearch|x64.Build.0 = NPSearch|x64
		{341F6557-239E-47FE-9348-9F92469D1412}.NPSearch|x86.ActiveCfg = NPSearch|x86
		{341F6557-239E-47FE-9348-9F92469D1412}.NPSearch|x86.Build.0 = NPSearch|x86
		{341F6557-239E-47FE-9348-9F92469D1412}.PlantMAT|Any CPU.ActiveCfg = PlantMAT|Any CPU
		{341F6557-239E-47FE-9348-9F92469D1412}.PlantMAT|Any CPU.Build.0 = PlantMAT|Any CPU
		{341F6557-239E-47FE-9348-9F92469D1412}.PlantMAT|x64.ActiveCfg = PlantMAT|x64
		{341F6557-239E-47FE-9348-9F92469D1412}.PlantMAT|x64.Build.0 = PlantMAT|x64
		{341F6557-239E-47FE-9348-9F92469D1412}.PlantMAT|x86.ActiveCfg = PlantMAT|x86
		{341F6557-239E-47FE-9348-9F92469D1412}.PlantMAT|x86.Build.0 = PlantMAT|x86
		{341F6557-239E-47FE-9348-9F92469D1412}.Release|Any CPU.ActiveCfg = Release|Any CPU
		{341F6557-239E-47FE-9348-9F92469D1412}.Release|Any CPU.Build.0 = Release|Any CPU
		{341F6557-239E-47FE-9348-9F92469D1412}.Release|x64.ActiveCfg = Release|x64
		{341F6557-239E-47FE-9348-9F92469D1412}.Release|x64.Build.0 = Release|x64
		{341F6557-239E-47FE-9348-9F92469D1412}.Release|x86.ActiveCfg = Release|x86
		{341F6557-239E-47FE-9348-9F92469D1412}.Release|x86.Build.0 = Release|x86
		{341F6557-239E-47FE-9348-9F92469D1412}.Rsharp_app_release|Any CPU.ActiveCfg = Rsharp_app_release|Any CPU
		{341F6557-239E-47FE-9348-9F92469D1412}.Rsharp_app_release|Any CPU.Build.0 = Rsharp_app_release|Any CPU
		{341F6557-239E-47FE-9348-9F92469D1412}.Rsharp_app_release|x64.ActiveCfg = Rsharp_app_release|x64
		{341F6557-239E-47FE-9348-9F92469D1412}.Rsharp_app_release|x64.Build.0 = Rsharp_app_release|x64
		{341F6557-239E-47FE-9348-9F92469D1412}.Rsharp_app_release|x86.ActiveCfg = Rsharp_app_release|x86
		{341F6557-239E-47FE-9348-9F92469D1412}.Rsharp_app_release|x86.Build.0 = Rsharp_app_release|x86
		{CC49298D-5506-43B7-A14A-49DD60612649}.Debug|Any CPU.ActiveCfg = Debug|Any CPU
		{CC49298D-5506-43B7-A14A-49DD60612649}.Debug|Any CPU.Build.0 = Debug|Any CPU
		{CC49298D-5506-43B7-A14A-49DD60612649}.Debug|x64.ActiveCfg = Debug|x64
		{CC49298D-5506-43B7-A14A-49DD60612649}.Debug|x64.Build.0 = Debug|x64
		{CC49298D-5506-43B7-A14A-49DD60612649}.Debug|x86.ActiveCfg = Debug|Any CPU
		{CC49298D-5506-43B7-A14A-49DD60612649}.Debug|x86.Build.0 = Debug|Any CPU
		{CC49298D-5506-43B7-A14A-49DD60612649}.gcmodeller_desktop|Any CPU.ActiveCfg = gcmodeller_desktop|Any CPU
		{CC49298D-5506-43B7-A14A-49DD60612649}.gcmodeller_desktop|Any CPU.Build.0 = gcmodeller_desktop|Any CPU
		{CC49298D-5506-43B7-A14A-49DD60612649}.gcmodeller_desktop|x64.ActiveCfg = gcmodeller_desktop|x64
		{CC49298D-5506-43B7-A14A-49DD60612649}.gcmodeller_desktop|x64.Build.0 = gcmodeller_desktop|x64
		{CC49298D-5506-43B7-A14A-49DD60612649}.gcmodeller_desktop|x86.ActiveCfg = gcmodeller_desktop|Any CPU
		{CC49298D-5506-43B7-A14A-49DD60612649}.gcmodeller_desktop|x86.Build.0 = gcmodeller_desktop|Any CPU
		{CC49298D-5506-43B7-A14A-49DD60612649}.LipidSearch|Any CPU.ActiveCfg = LipidSearch|Any CPU
		{CC49298D-5506-43B7-A14A-49DD60612649}.LipidSearch|Any CPU.Build.0 = LipidSearch|Any CPU
		{CC49298D-5506-43B7-A14A-49DD60612649}.LipidSearch|x64.ActiveCfg = LipidSearch|x64
		{CC49298D-5506-43B7-A14A-49DD60612649}.LipidSearch|x64.Build.0 = LipidSearch|x64
		{CC49298D-5506-43B7-A14A-49DD60612649}.LipidSearch|x86.ActiveCfg = LipidSearch|Any CPU
		{CC49298D-5506-43B7-A14A-49DD60612649}.LipidSearch|x86.Build.0 = LipidSearch|Any CPU
		{CC49298D-5506-43B7-A14A-49DD60612649}.mzkit_win32|Any CPU.ActiveCfg = mzkit_win32|Any CPU
		{CC49298D-5506-43B7-A14A-49DD60612649}.mzkit_win32|Any CPU.Build.0 = mzkit_win32|Any CPU
		{CC49298D-5506-43B7-A14A-49DD60612649}.mzkit_win32|x64.ActiveCfg = mzkit_win32|x64
		{CC49298D-5506-43B7-A14A-49DD60612649}.mzkit_win32|x64.Build.0 = mzkit_win32|x64
		{CC49298D-5506-43B7-A14A-49DD60612649}.mzkit_win32|x86.ActiveCfg = mzkit_win32|Any CPU
		{CC49298D-5506-43B7-A14A-49DD60612649}.mzkit_win32|x86.Build.0 = mzkit_win32|Any CPU
		{CC49298D-5506-43B7-A14A-49DD60612649}.mzkit|Any CPU.ActiveCfg = mzkit|Any CPU
		{CC49298D-5506-43B7-A14A-49DD60612649}.mzkit|Any CPU.Build.0 = mzkit|Any CPU
		{CC49298D-5506-43B7-A14A-49DD60612649}.mzkit|x64.ActiveCfg = mzkit|x64
		{CC49298D-5506-43B7-A14A-49DD60612649}.mzkit|x64.Build.0 = mzkit|x64
		{CC49298D-5506-43B7-A14A-49DD60612649}.mzkit|x86.ActiveCfg = mzkit|Any CPU
		{CC49298D-5506-43B7-A14A-49DD60612649}.mzkit|x86.Build.0 = mzkit|Any CPU
		{CC49298D-5506-43B7-A14A-49DD60612649}.NPSearch|Any CPU.ActiveCfg = NPSearch|Any CPU
		{CC49298D-5506-43B7-A14A-49DD60612649}.NPSearch|Any CPU.Build.0 = NPSearch|Any CPU
		{CC49298D-5506-43B7-A14A-49DD60612649}.NPSearch|x64.ActiveCfg = NPSearch|x64
		{CC49298D-5506-43B7-A14A-49DD60612649}.NPSearch|x64.Build.0 = NPSearch|x64
		{CC49298D-5506-43B7-A14A-49DD60612649}.NPSearch|x86.ActiveCfg = NPSearch|Any CPU
		{CC49298D-5506-43B7-A14A-49DD60612649}.NPSearch|x86.Build.0 = NPSearch|Any CPU
		{CC49298D-5506-43B7-A14A-49DD60612649}.PlantMAT|Any CPU.ActiveCfg = PlantMAT|Any CPU
		{CC49298D-5506-43B7-A14A-49DD60612649}.PlantMAT|Any CPU.Build.0 = PlantMAT|Any CPU
		{CC49298D-5506-43B7-A14A-49DD60612649}.PlantMAT|x64.ActiveCfg = PlantMAT|x64
		{CC49298D-5506-43B7-A14A-49DD60612649}.PlantMAT|x64.Build.0 = PlantMAT|x64
		{CC49298D-5506-43B7-A14A-49DD60612649}.PlantMAT|x86.ActiveCfg = PlantMAT|Any CPU
		{CC49298D-5506-43B7-A14A-49DD60612649}.PlantMAT|x86.Build.0 = PlantMAT|Any CPU
		{CC49298D-5506-43B7-A14A-49DD60612649}.Release|Any CPU.ActiveCfg = Release|Any CPU
		{CC49298D-5506-43B7-A14A-49DD60612649}.Release|Any CPU.Build.0 = Release|Any CPU
		{CC49298D-5506-43B7-A14A-49DD60612649}.Release|x64.ActiveCfg = Release|x64
		{CC49298D-5506-43B7-A14A-49DD60612649}.Release|x64.Build.0 = Release|x64
		{CC49298D-5506-43B7-A14A-49DD60612649}.Release|x86.ActiveCfg = Release|Any CPU
		{CC49298D-5506-43B7-A14A-49DD60612649}.Release|x86.Build.0 = Release|Any CPU
		{CC49298D-5506-43B7-A14A-49DD60612649}.Rsharp_app_release|Any CPU.ActiveCfg = Rsharp_app_release|Any CPU
		{CC49298D-5506-43B7-A14A-49DD60612649}.Rsharp_app_release|Any CPU.Build.0 = Rsharp_app_release|Any CPU
		{CC49298D-5506-43B7-A14A-49DD60612649}.Rsharp_app_release|x64.ActiveCfg = Rsharp_app_release|x64
		{CC49298D-5506-43B7-A14A-49DD60612649}.Rsharp_app_release|x64.Build.0 = Rsharp_app_release|x64
		{CC49298D-5506-43B7-A14A-49DD60612649}.Rsharp_app_release|x86.ActiveCfg = Rsharp_app_release|Any CPU
		{CC49298D-5506-43B7-A14A-49DD60612649}.Rsharp_app_release|x86.Build.0 = Rsharp_app_release|Any CPU
		{BEFD819A-73C6-4C1F-8037-383D13F1BB79}.Debug|Any CPU.ActiveCfg = Debug|Any CPU
		{BEFD819A-73C6-4C1F-8037-383D13F1BB79}.Debug|Any CPU.Build.0 = Debug|Any CPU
		{BEFD819A-73C6-4C1F-8037-383D13F1BB79}.Debug|x64.ActiveCfg = Debug|x64
		{BEFD819A-73C6-4C1F-8037-383D13F1BB79}.Debug|x64.Build.0 = Debug|x64
		{BEFD819A-73C6-4C1F-8037-383D13F1BB79}.Debug|x86.ActiveCfg = Debug|Any CPU
		{BEFD819A-73C6-4C1F-8037-383D13F1BB79}.Debug|x86.Build.0 = Debug|Any CPU
		{BEFD819A-73C6-4C1F-8037-383D13F1BB79}.gcmodeller_desktop|Any CPU.ActiveCfg = gcmodeller_desktop|Any CPU
		{BEFD819A-73C6-4C1F-8037-383D13F1BB79}.gcmodeller_desktop|Any CPU.Build.0 = gcmodeller_desktop|Any CPU
		{BEFD819A-73C6-4C1F-8037-383D13F1BB79}.gcmodeller_desktop|x64.ActiveCfg = gcmodeller_desktop|x64
		{BEFD819A-73C6-4C1F-8037-383D13F1BB79}.gcmodeller_desktop|x64.Build.0 = gcmodeller_desktop|x64
		{BEFD819A-73C6-4C1F-8037-383D13F1BB79}.gcmodeller_desktop|x86.ActiveCfg = gcmodeller_desktop|Any CPU
		{BEFD819A-73C6-4C1F-8037-383D13F1BB79}.gcmodeller_desktop|x86.Build.0 = gcmodeller_desktop|Any CPU
		{BEFD819A-73C6-4C1F-8037-383D13F1BB79}.LipidSearch|Any CPU.ActiveCfg = LipidSearch|Any CPU
		{BEFD819A-73C6-4C1F-8037-383D13F1BB79}.LipidSearch|Any CPU.Build.0 = LipidSearch|Any CPU
		{BEFD819A-73C6-4C1F-8037-383D13F1BB79}.LipidSearch|x64.ActiveCfg = LipidSearch|x64
		{BEFD819A-73C6-4C1F-8037-383D13F1BB79}.LipidSearch|x64.Build.0 = LipidSearch|x64
		{BEFD819A-73C6-4C1F-8037-383D13F1BB79}.LipidSearch|x86.ActiveCfg = LipidSearch|Any CPU
		{BEFD819A-73C6-4C1F-8037-383D13F1BB79}.LipidSearch|x86.Build.0 = LipidSearch|Any CPU
		{BEFD819A-73C6-4C1F-8037-383D13F1BB79}.mzkit_win32|Any CPU.ActiveCfg = mzkit_win32|Any CPU
		{BEFD819A-73C6-4C1F-8037-383D13F1BB79}.mzkit_win32|Any CPU.Build.0 = mzkit_win32|Any CPU
		{BEFD819A-73C6-4C1F-8037-383D13F1BB79}.mzkit_win32|x64.ActiveCfg = mzkit_win32|x64
		{BEFD819A-73C6-4C1F-8037-383D13F1BB79}.mzkit_win32|x64.Build.0 = mzkit_win32|x64
		{BEFD819A-73C6-4C1F-8037-383D13F1BB79}.mzkit_win32|x86.ActiveCfg = mzkit_win32|Any CPU
		{BEFD819A-73C6-4C1F-8037-383D13F1BB79}.mzkit_win32|x86.Build.0 = mzkit_win32|Any CPU
		{BEFD819A-73C6-4C1F-8037-383D13F1BB79}.mzkit|Any CPU.ActiveCfg = mzkit|Any CPU
		{BEFD819A-73C6-4C1F-8037-383D13F1BB79}.mzkit|Any CPU.Build.0 = mzkit|Any CPU
		{BEFD819A-73C6-4C1F-8037-383D13F1BB79}.mzkit|x64.ActiveCfg = mzkit|x64
		{BEFD819A-73C6-4C1F-8037-383D13F1BB79}.mzkit|x64.Build.0 = mzkit|x64
		{BEFD819A-73C6-4C1F-8037-383D13F1BB79}.mzkit|x86.ActiveCfg = mzkit|Any CPU
		{BEFD819A-73C6-4C1F-8037-383D13F1BB79}.mzkit|x86.Build.0 = mzkit|Any CPU
		{BEFD819A-73C6-4C1F-8037-383D13F1BB79}.NPSearch|Any CPU.ActiveCfg = Debug|Any CPU
		{BEFD819A-73C6-4C1F-8037-383D13F1BB79}.NPSearch|Any CPU.Build.0 = Debug|Any CPU
		{BEFD819A-73C6-4C1F-8037-383D13F1BB79}.NPSearch|x64.ActiveCfg = Debug|x64
		{BEFD819A-73C6-4C1F-8037-383D13F1BB79}.NPSearch|x64.Build.0 = Debug|x64
		{BEFD819A-73C6-4C1F-8037-383D13F1BB79}.NPSearch|x86.ActiveCfg = Debug|Any CPU
		{BEFD819A-73C6-4C1F-8037-383D13F1BB79}.NPSearch|x86.Build.0 = Debug|Any CPU
		{BEFD819A-73C6-4C1F-8037-383D13F1BB79}.PlantMAT|Any CPU.ActiveCfg = Debug|Any CPU
		{BEFD819A-73C6-4C1F-8037-383D13F1BB79}.PlantMAT|Any CPU.Build.0 = Debug|Any CPU
		{BEFD819A-73C6-4C1F-8037-383D13F1BB79}.PlantMAT|x64.ActiveCfg = Debug|x64
		{BEFD819A-73C6-4C1F-8037-383D13F1BB79}.PlantMAT|x64.Build.0 = Debug|x64
		{BEFD819A-73C6-4C1F-8037-383D13F1BB79}.PlantMAT|x86.ActiveCfg = Debug|Any CPU
		{BEFD819A-73C6-4C1F-8037-383D13F1BB79}.PlantMAT|x86.Build.0 = Debug|Any CPU
		{BEFD819A-73C6-4C1F-8037-383D13F1BB79}.Release|Any CPU.ActiveCfg = Release|Any CPU
		{BEFD819A-73C6-4C1F-8037-383D13F1BB79}.Release|Any CPU.Build.0 = Release|Any CPU
		{BEFD819A-73C6-4C1F-8037-383D13F1BB79}.Release|x64.ActiveCfg = Release|x64
		{BEFD819A-73C6-4C1F-8037-383D13F1BB79}.Release|x64.Build.0 = Release|x64
		{BEFD819A-73C6-4C1F-8037-383D13F1BB79}.Release|x86.ActiveCfg = Release|Any CPU
		{BEFD819A-73C6-4C1F-8037-383D13F1BB79}.Release|x86.Build.0 = Release|Any CPU
		{BEFD819A-73C6-4C1F-8037-383D13F1BB79}.Rsharp_app_release|Any CPU.ActiveCfg = Rsharp_app_release|Any CPU
		{BEFD819A-73C6-4C1F-8037-383D13F1BB79}.Rsharp_app_release|Any CPU.Build.0 = Rsharp_app_release|Any CPU
		{BEFD819A-73C6-4C1F-8037-383D13F1BB79}.Rsharp_app_release|x64.ActiveCfg = Rsharp_app_release|x64
		{BEFD819A-73C6-4C1F-8037-383D13F1BB79}.Rsharp_app_release|x64.Build.0 = Rsharp_app_release|x64
		{BEFD819A-73C6-4C1F-8037-383D13F1BB79}.Rsharp_app_release|x86.ActiveCfg = Rsharp_app_release|Any CPU
		{BEFD819A-73C6-4C1F-8037-383D13F1BB79}.Rsharp_app_release|x86.Build.0 = Rsharp_app_release|Any CPU
		{F0492E9E-30BD-4A03-82AB-EDC5C72686B8}.Debug|Any CPU.ActiveCfg = Debug|Any CPU
		{F0492E9E-30BD-4A03-82AB-EDC5C72686B8}.Debug|Any CPU.Build.0 = Debug|Any CPU
		{F0492E9E-30BD-4A03-82AB-EDC5C72686B8}.Debug|x64.ActiveCfg = Debug|x64
		{F0492E9E-30BD-4A03-82AB-EDC5C72686B8}.Debug|x64.Build.0 = Debug|x64
		{F0492E9E-30BD-4A03-82AB-EDC5C72686B8}.Debug|x86.ActiveCfg = Debug|Any CPU
		{F0492E9E-30BD-4A03-82AB-EDC5C72686B8}.Debug|x86.Build.0 = Debug|Any CPU
		{F0492E9E-30BD-4A03-82AB-EDC5C72686B8}.gcmodeller_desktop|Any CPU.ActiveCfg = gcmodeller_desktop|Any CPU
		{F0492E9E-30BD-4A03-82AB-EDC5C72686B8}.gcmodeller_desktop|Any CPU.Build.0 = gcmodeller_desktop|Any CPU
		{F0492E9E-30BD-4A03-82AB-EDC5C72686B8}.gcmodeller_desktop|x64.ActiveCfg = gcmodeller_desktop|x64
		{F0492E9E-30BD-4A03-82AB-EDC5C72686B8}.gcmodeller_desktop|x64.Build.0 = gcmodeller_desktop|x64
		{F0492E9E-30BD-4A03-82AB-EDC5C72686B8}.gcmodeller_desktop|x86.ActiveCfg = gcmodeller_desktop|Any CPU
		{F0492E9E-30BD-4A03-82AB-EDC5C72686B8}.gcmodeller_desktop|x86.Build.0 = gcmodeller_desktop|Any CPU
		{F0492E9E-30BD-4A03-82AB-EDC5C72686B8}.LipidSearch|Any CPU.ActiveCfg = LipidSearch|Any CPU
		{F0492E9E-30BD-4A03-82AB-EDC5C72686B8}.LipidSearch|Any CPU.Build.0 = LipidSearch|Any CPU
		{F0492E9E-30BD-4A03-82AB-EDC5C72686B8}.LipidSearch|x64.ActiveCfg = LipidSearch|x64
		{F0492E9E-30BD-4A03-82AB-EDC5C72686B8}.LipidSearch|x64.Build.0 = LipidSearch|x64
		{F0492E9E-30BD-4A03-82AB-EDC5C72686B8}.LipidSearch|x86.ActiveCfg = LipidSearch|Any CPU
		{F0492E9E-30BD-4A03-82AB-EDC5C72686B8}.LipidSearch|x86.Build.0 = LipidSearch|Any CPU
		{F0492E9E-30BD-4A03-82AB-EDC5C72686B8}.mzkit_win32|Any CPU.ActiveCfg = mzkit_win32|Any CPU
		{F0492E9E-30BD-4A03-82AB-EDC5C72686B8}.mzkit_win32|Any CPU.Build.0 = mzkit_win32|Any CPU
		{F0492E9E-30BD-4A03-82AB-EDC5C72686B8}.mzkit_win32|x64.ActiveCfg = mzkit_win32|x64
		{F0492E9E-30BD-4A03-82AB-EDC5C72686B8}.mzkit_win32|x64.Build.0 = mzkit_win32|x64
		{F0492E9E-30BD-4A03-82AB-EDC5C72686B8}.mzkit_win32|x86.ActiveCfg = mzkit_win32|Any CPU
		{F0492E9E-30BD-4A03-82AB-EDC5C72686B8}.mzkit_win32|x86.Build.0 = mzkit_win32|Any CPU
		{F0492E9E-30BD-4A03-82AB-EDC5C72686B8}.mzkit|Any CPU.ActiveCfg = mzkit|Any CPU
		{F0492E9E-30BD-4A03-82AB-EDC5C72686B8}.mzkit|Any CPU.Build.0 = mzkit|Any CPU
		{F0492E9E-30BD-4A03-82AB-EDC5C72686B8}.mzkit|x64.ActiveCfg = mzkit|x64
		{F0492E9E-30BD-4A03-82AB-EDC5C72686B8}.mzkit|x64.Build.0 = mzkit|x64
		{F0492E9E-30BD-4A03-82AB-EDC5C72686B8}.mzkit|x86.ActiveCfg = mzkit|Any CPU
		{F0492E9E-30BD-4A03-82AB-EDC5C72686B8}.mzkit|x86.Build.0 = mzkit|Any CPU
		{F0492E9E-30BD-4A03-82AB-EDC5C72686B8}.NPSearch|Any CPU.ActiveCfg = Debug|Any CPU
		{F0492E9E-30BD-4A03-82AB-EDC5C72686B8}.NPSearch|Any CPU.Build.0 = Debug|Any CPU
		{F0492E9E-30BD-4A03-82AB-EDC5C72686B8}.NPSearch|x64.ActiveCfg = Debug|x64
		{F0492E9E-30BD-4A03-82AB-EDC5C72686B8}.NPSearch|x64.Build.0 = Debug|x64
		{F0492E9E-30BD-4A03-82AB-EDC5C72686B8}.NPSearch|x86.ActiveCfg = Debug|Any CPU
		{F0492E9E-30BD-4A03-82AB-EDC5C72686B8}.NPSearch|x86.Build.0 = Debug|Any CPU
		{F0492E9E-30BD-4A03-82AB-EDC5C72686B8}.PlantMAT|Any CPU.ActiveCfg = Debug|Any CPU
		{F0492E9E-30BD-4A03-82AB-EDC5C72686B8}.PlantMAT|Any CPU.Build.0 = Debug|Any CPU
		{F0492E9E-30BD-4A03-82AB-EDC5C72686B8}.PlantMAT|x64.ActiveCfg = Debug|x64
		{F0492E9E-30BD-4A03-82AB-EDC5C72686B8}.PlantMAT|x64.Build.0 = Debug|x64
		{F0492E9E-30BD-4A03-82AB-EDC5C72686B8}.PlantMAT|x86.ActiveCfg = Debug|Any CPU
		{F0492E9E-30BD-4A03-82AB-EDC5C72686B8}.PlantMAT|x86.Build.0 = Debug|Any CPU
		{F0492E9E-30BD-4A03-82AB-EDC5C72686B8}.Release|Any CPU.ActiveCfg = Release|Any CPU
		{F0492E9E-30BD-4A03-82AB-EDC5C72686B8}.Release|Any CPU.Build.0 = Release|Any CPU
		{F0492E9E-30BD-4A03-82AB-EDC5C72686B8}.Release|x64.ActiveCfg = Release|x64
		{F0492E9E-30BD-4A03-82AB-EDC5C72686B8}.Release|x64.Build.0 = Release|x64
		{F0492E9E-30BD-4A03-82AB-EDC5C72686B8}.Release|x86.ActiveCfg = Release|Any CPU
		{F0492E9E-30BD-4A03-82AB-EDC5C72686B8}.Release|x86.Build.0 = Release|Any CPU
		{F0492E9E-30BD-4A03-82AB-EDC5C72686B8}.Rsharp_app_release|Any CPU.ActiveCfg = Rsharp_app_release|Any CPU
		{F0492E9E-30BD-4A03-82AB-EDC5C72686B8}.Rsharp_app_release|Any CPU.Build.0 = Rsharp_app_release|Any CPU
		{F0492E9E-30BD-4A03-82AB-EDC5C72686B8}.Rsharp_app_release|x64.ActiveCfg = Rsharp_app_release|x64
		{F0492E9E-30BD-4A03-82AB-EDC5C72686B8}.Rsharp_app_release|x64.Build.0 = Rsharp_app_release|x64
		{F0492E9E-30BD-4A03-82AB-EDC5C72686B8}.Rsharp_app_release|x86.ActiveCfg = Rsharp_app_release|Any CPU
		{F0492E9E-30BD-4A03-82AB-EDC5C72686B8}.Rsharp_app_release|x86.Build.0 = Rsharp_app_release|Any CPU
		{19B80524-8B66-48E6-B528-EBCF10A21A44}.Debug|Any CPU.ActiveCfg = Debug|Any CPU
		{19B80524-8B66-48E6-B528-EBCF10A21A44}.Debug|Any CPU.Build.0 = Debug|Any CPU
		{19B80524-8B66-48E6-B528-EBCF10A21A44}.Debug|x64.ActiveCfg = Debug|x64
		{19B80524-8B66-48E6-B528-EBCF10A21A44}.Debug|x64.Build.0 = Debug|x64
		{19B80524-8B66-48E6-B528-EBCF10A21A44}.Debug|x86.ActiveCfg = Debug|Any CPU
		{19B80524-8B66-48E6-B528-EBCF10A21A44}.Debug|x86.Build.0 = Debug|Any CPU
		{19B80524-8B66-48E6-B528-EBCF10A21A44}.gcmodeller_desktop|Any CPU.ActiveCfg = gcmodeller_desktop|Any CPU
		{19B80524-8B66-48E6-B528-EBCF10A21A44}.gcmodeller_desktop|Any CPU.Build.0 = gcmodeller_desktop|Any CPU
		{19B80524-8B66-48E6-B528-EBCF10A21A44}.gcmodeller_desktop|x64.ActiveCfg = gcmodeller_desktop|x64
		{19B80524-8B66-48E6-B528-EBCF10A21A44}.gcmodeller_desktop|x64.Build.0 = gcmodeller_desktop|x64
		{19B80524-8B66-48E6-B528-EBCF10A21A44}.gcmodeller_desktop|x86.ActiveCfg = gcmodeller_desktop|Any CPU
		{19B80524-8B66-48E6-B528-EBCF10A21A44}.gcmodeller_desktop|x86.Build.0 = gcmodeller_desktop|Any CPU
		{19B80524-8B66-48E6-B528-EBCF10A21A44}.LipidSearch|Any CPU.ActiveCfg = LipidSearch|Any CPU
		{19B80524-8B66-48E6-B528-EBCF10A21A44}.LipidSearch|Any CPU.Build.0 = LipidSearch|Any CPU
		{19B80524-8B66-48E6-B528-EBCF10A21A44}.LipidSearch|x64.ActiveCfg = LipidSearch|x64
		{19B80524-8B66-48E6-B528-EBCF10A21A44}.LipidSearch|x64.Build.0 = LipidSearch|x64
		{19B80524-8B66-48E6-B528-EBCF10A21A44}.LipidSearch|x86.ActiveCfg = LipidSearch|Any CPU
		{19B80524-8B66-48E6-B528-EBCF10A21A44}.LipidSearch|x86.Build.0 = LipidSearch|Any CPU
		{19B80524-8B66-48E6-B528-EBCF10A21A44}.mzkit_win32|Any CPU.ActiveCfg = mzkit_win32|Any CPU
		{19B80524-8B66-48E6-B528-EBCF10A21A44}.mzkit_win32|Any CPU.Build.0 = mzkit_win32|Any CPU
		{19B80524-8B66-48E6-B528-EBCF10A21A44}.mzkit_win32|x64.ActiveCfg = mzkit_win32|x64
		{19B80524-8B66-48E6-B528-EBCF10A21A44}.mzkit_win32|x64.Build.0 = mzkit_win32|x64
		{19B80524-8B66-48E6-B528-EBCF10A21A44}.mzkit_win32|x86.ActiveCfg = mzkit_win32|Any CPU
		{19B80524-8B66-48E6-B528-EBCF10A21A44}.mzkit_win32|x86.Build.0 = mzkit_win32|Any CPU
		{19B80524-8B66-48E6-B528-EBCF10A21A44}.mzkit|Any CPU.ActiveCfg = mzkit|Any CPU
		{19B80524-8B66-48E6-B528-EBCF10A21A44}.mzkit|Any CPU.Build.0 = mzkit|Any CPU
		{19B80524-8B66-48E6-B528-EBCF10A21A44}.mzkit|x64.ActiveCfg = mzkit|x64
		{19B80524-8B66-48E6-B528-EBCF10A21A44}.mzkit|x64.Build.0 = mzkit|x64
		{19B80524-8B66-48E6-B528-EBCF10A21A44}.mzkit|x86.ActiveCfg = mzkit|Any CPU
		{19B80524-8B66-48E6-B528-EBCF10A21A44}.mzkit|x86.Build.0 = mzkit|Any CPU
		{19B80524-8B66-48E6-B528-EBCF10A21A44}.NPSearch|Any CPU.ActiveCfg = Debug|Any CPU
		{19B80524-8B66-48E6-B528-EBCF10A21A44}.NPSearch|Any CPU.Build.0 = Debug|Any CPU
		{19B80524-8B66-48E6-B528-EBCF10A21A44}.NPSearch|x64.ActiveCfg = Debug|x64
		{19B80524-8B66-48E6-B528-EBCF10A21A44}.NPSearch|x64.Build.0 = Debug|x64
		{19B80524-8B66-48E6-B528-EBCF10A21A44}.NPSearch|x86.ActiveCfg = Debug|Any CPU
		{19B80524-8B66-48E6-B528-EBCF10A21A44}.NPSearch|x86.Build.0 = Debug|Any CPU
		{19B80524-8B66-48E6-B528-EBCF10A21A44}.PlantMAT|Any CPU.ActiveCfg = Debug|Any CPU
		{19B80524-8B66-48E6-B528-EBCF10A21A44}.PlantMAT|Any CPU.Build.0 = Debug|Any CPU
		{19B80524-8B66-48E6-B528-EBCF10A21A44}.PlantMAT|x64.ActiveCfg = Debug|x64
		{19B80524-8B66-48E6-B528-EBCF10A21A44}.PlantMAT|x64.Build.0 = Debug|x64
		{19B80524-8B66-48E6-B528-EBCF10A21A44}.PlantMAT|x86.ActiveCfg = Debug|Any CPU
		{19B80524-8B66-48E6-B528-EBCF10A21A44}.PlantMAT|x86.Build.0 = Debug|Any CPU
		{19B80524-8B66-48E6-B528-EBCF10A21A44}.Release|Any CPU.ActiveCfg = Release|Any CPU
		{19B80524-8B66-48E6-B528-EBCF10A21A44}.Release|Any CPU.Build.0 = Release|Any CPU
		{19B80524-8B66-48E6-B528-EBCF10A21A44}.Release|x64.ActiveCfg = Release|x64
		{19B80524-8B66-48E6-B528-EBCF10A21A44}.Release|x64.Build.0 = Release|x64
		{19B80524-8B66-48E6-B528-EBCF10A21A44}.Release|x86.ActiveCfg = Release|Any CPU
		{19B80524-8B66-48E6-B528-EBCF10A21A44}.Release|x86.Build.0 = Release|Any CPU
		{19B80524-8B66-48E6-B528-EBCF10A21A44}.Rsharp_app_release|Any CPU.ActiveCfg = Rsharp_app_release|Any CPU
		{19B80524-8B66-48E6-B528-EBCF10A21A44}.Rsharp_app_release|Any CPU.Build.0 = Rsharp_app_release|Any CPU
		{19B80524-8B66-48E6-B528-EBCF10A21A44}.Rsharp_app_release|x64.ActiveCfg = Rsharp_app_release|x64
		{19B80524-8B66-48E6-B528-EBCF10A21A44}.Rsharp_app_release|x64.Build.0 = Rsharp_app_release|x64
		{19B80524-8B66-48E6-B528-EBCF10A21A44}.Rsharp_app_release|x86.ActiveCfg = Rsharp_app_release|Any CPU
		{19B80524-8B66-48E6-B528-EBCF10A21A44}.Rsharp_app_release|x86.Build.0 = Rsharp_app_release|Any CPU
		{0D32892E-726F-4953-B6B9-DA81BE5E4EDA}.Debug|Any CPU.ActiveCfg = Debug|Any CPU
		{0D32892E-726F-4953-B6B9-DA81BE5E4EDA}.Debug|Any CPU.Build.0 = Debug|Any CPU
		{0D32892E-726F-4953-B6B9-DA81BE5E4EDA}.Debug|x64.ActiveCfg = Debug|x64
		{0D32892E-726F-4953-B6B9-DA81BE5E4EDA}.Debug|x64.Build.0 = Debug|x64
		{0D32892E-726F-4953-B6B9-DA81BE5E4EDA}.Debug|x86.ActiveCfg = Debug|Any CPU
		{0D32892E-726F-4953-B6B9-DA81BE5E4EDA}.Debug|x86.Build.0 = Debug|Any CPU
		{0D32892E-726F-4953-B6B9-DA81BE5E4EDA}.gcmodeller_desktop|Any CPU.ActiveCfg = gcmodeller_desktop|Any CPU
		{0D32892E-726F-4953-B6B9-DA81BE5E4EDA}.gcmodeller_desktop|Any CPU.Build.0 = gcmodeller_desktop|Any CPU
		{0D32892E-726F-4953-B6B9-DA81BE5E4EDA}.gcmodeller_desktop|x64.ActiveCfg = gcmodeller_desktop|x64
		{0D32892E-726F-4953-B6B9-DA81BE5E4EDA}.gcmodeller_desktop|x64.Build.0 = gcmodeller_desktop|x64
		{0D32892E-726F-4953-B6B9-DA81BE5E4EDA}.gcmodeller_desktop|x86.ActiveCfg = gcmodeller_desktop|Any CPU
		{0D32892E-726F-4953-B6B9-DA81BE5E4EDA}.gcmodeller_desktop|x86.Build.0 = gcmodeller_desktop|Any CPU
		{0D32892E-726F-4953-B6B9-DA81BE5E4EDA}.LipidSearch|Any CPU.ActiveCfg = LipidSearch|Any CPU
		{0D32892E-726F-4953-B6B9-DA81BE5E4EDA}.LipidSearch|Any CPU.Build.0 = LipidSearch|Any CPU
		{0D32892E-726F-4953-B6B9-DA81BE5E4EDA}.LipidSearch|x64.ActiveCfg = LipidSearch|x64
		{0D32892E-726F-4953-B6B9-DA81BE5E4EDA}.LipidSearch|x64.Build.0 = LipidSearch|x64
		{0D32892E-726F-4953-B6B9-DA81BE5E4EDA}.LipidSearch|x86.ActiveCfg = LipidSearch|Any CPU
		{0D32892E-726F-4953-B6B9-DA81BE5E4EDA}.LipidSearch|x86.Build.0 = LipidSearch|Any CPU
		{0D32892E-726F-4953-B6B9-DA81BE5E4EDA}.mzkit_win32|Any CPU.ActiveCfg = mzkit|Any CPU
		{0D32892E-726F-4953-B6B9-DA81BE5E4EDA}.mzkit_win32|Any CPU.Build.0 = mzkit|Any CPU
		{0D32892E-726F-4953-B6B9-DA81BE5E4EDA}.mzkit_win32|x64.ActiveCfg = mzkit|x64
		{0D32892E-726F-4953-B6B9-DA81BE5E4EDA}.mzkit_win32|x64.Build.0 = mzkit|x64
		{0D32892E-726F-4953-B6B9-DA81BE5E4EDA}.mzkit_win32|x86.ActiveCfg = mzkit|Any CPU
		{0D32892E-726F-4953-B6B9-DA81BE5E4EDA}.mzkit_win32|x86.Build.0 = mzkit|Any CPU
		{0D32892E-726F-4953-B6B9-DA81BE5E4EDA}.mzkit|Any CPU.ActiveCfg = mzkit|Any CPU
		{0D32892E-726F-4953-B6B9-DA81BE5E4EDA}.mzkit|Any CPU.Build.0 = mzkit|Any CPU
		{0D32892E-726F-4953-B6B9-DA81BE5E4EDA}.mzkit|x64.ActiveCfg = mzkit|x64
		{0D32892E-726F-4953-B6B9-DA81BE5E4EDA}.mzkit|x64.Build.0 = mzkit|x64
		{0D32892E-726F-4953-B6B9-DA81BE5E4EDA}.mzkit|x86.ActiveCfg = mzkit|Any CPU
		{0D32892E-726F-4953-B6B9-DA81BE5E4EDA}.mzkit|x86.Build.0 = mzkit|Any CPU
		{0D32892E-726F-4953-B6B9-DA81BE5E4EDA}.NPSearch|Any CPU.ActiveCfg = NPSearch|Any CPU
		{0D32892E-726F-4953-B6B9-DA81BE5E4EDA}.NPSearch|Any CPU.Build.0 = NPSearch|Any CPU
		{0D32892E-726F-4953-B6B9-DA81BE5E4EDA}.NPSearch|x64.ActiveCfg = NPSearch|x64
		{0D32892E-726F-4953-B6B9-DA81BE5E4EDA}.NPSearch|x64.Build.0 = NPSearch|x64
		{0D32892E-726F-4953-B6B9-DA81BE5E4EDA}.NPSearch|x86.ActiveCfg = NPSearch|Any CPU
		{0D32892E-726F-4953-B6B9-DA81BE5E4EDA}.NPSearch|x86.Build.0 = NPSearch|Any CPU
		{0D32892E-726F-4953-B6B9-DA81BE5E4EDA}.PlantMAT|Any CPU.ActiveCfg = PlantMAT|Any CPU
		{0D32892E-726F-4953-B6B9-DA81BE5E4EDA}.PlantMAT|Any CPU.Build.0 = PlantMAT|Any CPU
		{0D32892E-726F-4953-B6B9-DA81BE5E4EDA}.PlantMAT|x64.ActiveCfg = PlantMAT|x64
		{0D32892E-726F-4953-B6B9-DA81BE5E4EDA}.PlantMAT|x64.Build.0 = PlantMAT|x64
		{0D32892E-726F-4953-B6B9-DA81BE5E4EDA}.PlantMAT|x86.ActiveCfg = PlantMAT|Any CPU
		{0D32892E-726F-4953-B6B9-DA81BE5E4EDA}.PlantMAT|x86.Build.0 = PlantMAT|Any CPU
		{0D32892E-726F-4953-B6B9-DA81BE5E4EDA}.Release|Any CPU.ActiveCfg = Release|Any CPU
		{0D32892E-726F-4953-B6B9-DA81BE5E4EDA}.Release|Any CPU.Build.0 = Release|Any CPU
		{0D32892E-726F-4953-B6B9-DA81BE5E4EDA}.Release|x64.ActiveCfg = Release|x64
		{0D32892E-726F-4953-B6B9-DA81BE5E4EDA}.Release|x64.Build.0 = Release|x64
		{0D32892E-726F-4953-B6B9-DA81BE5E4EDA}.Release|x86.ActiveCfg = Release|Any CPU
		{0D32892E-726F-4953-B6B9-DA81BE5E4EDA}.Release|x86.Build.0 = Release|Any CPU
		{0D32892E-726F-4953-B6B9-DA81BE5E4EDA}.Rsharp_app_release|Any CPU.ActiveCfg = Rsharp_app_release|Any CPU
		{0D32892E-726F-4953-B6B9-DA81BE5E4EDA}.Rsharp_app_release|Any CPU.Build.0 = Rsharp_app_release|Any CPU
		{0D32892E-726F-4953-B6B9-DA81BE5E4EDA}.Rsharp_app_release|x64.ActiveCfg = Rsharp_app_release|x64
		{0D32892E-726F-4953-B6B9-DA81BE5E4EDA}.Rsharp_app_release|x64.Build.0 = Rsharp_app_release|x64
		{0D32892E-726F-4953-B6B9-DA81BE5E4EDA}.Rsharp_app_release|x86.ActiveCfg = Rsharp_app_release|Any CPU
		{0D32892E-726F-4953-B6B9-DA81BE5E4EDA}.Rsharp_app_release|x86.Build.0 = Rsharp_app_release|Any CPU
	EndGlobalSection
	GlobalSection(SolutionProperties) = preSolution
		HideSolutionNode = FALSE
	EndGlobalSection
	GlobalSection(NestedProjects) = preSolution
		{341F6557-239E-47FE-9348-9F92469D1412} = {D6E0F6D2-EDDA-4593-B5FC-20C8D74F727E}
		{CC49298D-5506-43B7-A14A-49DD60612649} = {D6E0F6D2-EDDA-4593-B5FC-20C8D74F727E}
		{BEFD819A-73C6-4C1F-8037-383D13F1BB79} = {71825167-E383-48D5-9676-D949B933788B}
		{71825167-E383-48D5-9676-D949B933788B} = {D6E0F6D2-EDDA-4593-B5FC-20C8D74F727E}
		{F0492E9E-30BD-4A03-82AB-EDC5C72686B8} = {71825167-E383-48D5-9676-D949B933788B}
		{19B80524-8B66-48E6-B528-EBCF10A21A44} = {71825167-E383-48D5-9676-D949B933788B}
		{0D32892E-726F-4953-B6B9-DA81BE5E4EDA} = {E40DEA1D-E21B-4D94-8CE3-2D557EE5DAD7}
	EndGlobalSection
	GlobalSection(ExtensibilityGlobals) = postSolution
		SolutionGuid = {AF0FE9C8-037B-46E9-923A-67F1424F077A}
	EndGlobalSection
EndGlobal
