
Microsoft Visual Studio Solution File, Format Version 12.00
# Visual Studio Version 17
VisualStudioVersion = 17.4.33213.308
MinimumVisualStudioVersion = 10.0.40219.1
Project("{778DAE3C-4631-46EA-AA77-85C1314464D9}") = "enigma", "enigma\enigma.vbproj", "{3B09D35A-315F-4080-B262-2DCF32F9E8E8}"
EndProject
Project("{2150E333-8FDC-42A3-9474-1A3956D46DE8}") = "framework", "framework", "{B7AE7E02-1987-4099-9FBD-3B1D3D2F23AE}"
EndProject
Project("{2150E333-8FDC-42A3-9474-1A3956D46DE8}") = "math", "math", "{EF862CD2-BBD8-476C-9E40-214A5009115E}"
EndProject
Project("{2150E333-8FDC-42A3-9474-1A3956D46DE8}") = "machineLearning", "machineLearning", "{F1D12251-EFD7-45FE-9613-986411852492}"
EndProject
Project("{2150E333-8FDC-42A3-9474-1A3956D46DE8}") = "file", "file", "{69F897C7-B128-4AD5-A459-F7BE293D8A14}"
EndProject
Project("{778DAE3C-4631-46EA-AA77-85C1314464D9}") = "Core", "..\..\sciBASIC#\Microsoft.VisualBasic.Core\src\Core.vbproj", "{D1B452D5-DF70-4A65-B98A-FD125AE0E800}"
EndProject
Project("{778DAE3C-4631-46EA-AA77-85C1314464D9}") = "Math.NET5", "..\..\sciBASIC#\Data_science\Mathematica\Math\Math\Math.NET5.vbproj", "{DFFBF772-2AAB-4309-9550-32FCD0410808}"
EndProject
Project("{778DAE3C-4631-46EA-AA77-85C1314464D9}") = "stats-netcore5", "..\..\sciBASIC#\Data_science\Mathematica\Math\Math.Statistics\stats-netcore5.vbproj", "{09C86A3C-9AB7-46BB-83D9-F866D705A767}"
EndProject
Project("{778DAE3C-4631-46EA-AA77-85C1314464D9}") = "symbolic-netcore5", "..\..\sciBASIC#\Data_science\Mathematica\Math\MathLambda\symbolic-netcore5.vbproj", "{67995DE9-09C0-4CC9-89C4-5C5078468733}"
EndProject
Project("{778DAE3C-4631-46EA-AA77-85C1314464D9}") = "xml-netcore5", "..\..\sciBASIC#\mime\application%xml\xml-netcore5.vbproj", "{F46A7DDC-028B-40B4-8224-A2A8233A5E47}"
EndProject
Project("{2150E333-8FDC-42A3-9474-1A3956D46DE8}") = "renv", "renv", "{EA0F45EE-99E5-4842-A0B8-146031E76FD4}"
EndProject
Project("{778DAE3C-4631-46EA-AA77-85C1314464D9}") = "Rsharp-netcore5", "..\..\..\R-sharp\R#\Rsharp-netcore5.vbproj", "{7B5D3D1A-C8FF-4770-A4EB-53295398D457}"
EndProject
Project("{D954291E-2A0B-460D-934E-DC6B0785DB48}") = "machineLearning_common", "..\..\..\R-sharp\Library\shares\xgboostDataSet_helper\machineLearning_common.shproj", "{78C60F4E-50F9-4A84-8290-2886728A4B34}"
EndProject
Project("{D954291E-2A0B-460D-934E-DC6B0785DB48}") = "symbolic", "..\..\..\R-sharp\Library\shares\symbolic\symbolic.shproj", "{011B5BA6-B4B1-4858-B59A-9BA2E90DB990}"
EndProject
Project("{778DAE3C-4631-46EA-AA77-85C1314464D9}") = "R-cmd.NET5", "..\..\..\R-sharp\studio\R-terminal\R-cmd.NET5.vbproj", "{533A9317-64FD-4F72-8C0F-A77506AE5E8A}"
EndProject
Project("{778DAE3C-4631-46EA-AA77-85C1314464D9}") = "binarydata-netcore5", "..\..\sciBASIC#\Data\BinaryData\BinaryData\binarydata-netcore5.vbproj", "{EF250D4F-7CE8-4636-881F-5DAA03FC9120}"
EndProject
Project("{778DAE3C-4631-46EA-AA77-85C1314464D9}") = "HDSPack", "..\..\sciBASIC#\Data\BinaryData\HDSPack\HDSPack.vbproj", "{2A776AC7-4A0F-4EFA-B866-54EDC9814009}"
EndProject
Project("{778DAE3C-4631-46EA-AA77-85C1314464D9}") = "msgpack-netcore5", "..\..\sciBASIC#\Data\BinaryData\msgpack\msgpack-netcore5.vbproj", "{79ACFDD6-82E1-4E11-AD7F-6D99D5A46509}"
EndProject
Project("{778DAE3C-4631-46EA-AA77-85C1314464D9}") = "dataframework-netcore5", "..\..\sciBASIC#\Data\DataFrame\dataframework-netcore5.vbproj", "{F04C6588-7C26-4804-A9BB-638F03FB6768}"
EndProject
Project("{778DAE3C-4631-46EA-AA77-85C1314464D9}") = "DataMining.NET5", "..\..\sciBASIC#\Data_science\DataMining\DataMining\DataMining.NET5.vbproj", "{E3F7386E-8FEB-496E-A105-688D987E2032}"
EndProject
Project("{778DAE3C-4631-46EA-AA77-85C1314464D9}") = "machine_learning-netcore5", "..\..\sciBASIC#\Data_science\MachineLearning\MachineLearning\machine_learning-netcore5.vbproj", "{BA8970C4-D0A1-43D7-985F-79FFAE171CA9}"
EndProject
Project("{778DAE3C-4631-46EA-AA77-85C1314464D9}") = "xgboost", "..\..\sciBASIC#\Data_science\MachineLearning\xgboost\xgboost.vbproj", "{EA038EDE-0E0C-4F3B-AD90-E4C0934D14DB}"
EndProject
Project("{778DAE3C-4631-46EA-AA77-85C1314464D9}") = "XGBoostDataSet", "..\..\sciBASIC#\Data_science\MachineLearning\XGBoostDataSet\XGBoostDataSet.vbproj", "{9F9BE589-35DC-425E-B28C-65510E54A6E8}"
EndProject
Project("{778DAE3C-4631-46EA-AA77-85C1314464D9}") = "DeepLearning.NET6", "..\..\sciBASIC#\Data_science\MachineLearning\DeepLearning\DeepLearning.NET6.vbproj", "{FBF88352-0959-4FC9-960C-5C9E54559971}"
EndProject
Global
	GlobalSection(SolutionConfigurationPlatforms) = preSolution
		Debug|Any CPU = Debug|Any CPU
		Debug|x64 = Debug|x64
		Debug|x86 = Debug|x86
		gcmodeller_desktop|Any CPU = gcmodeller_desktop|Any CPU
		gcmodeller_desktop|x64 = gcmodeller_desktop|x64
		gcmodeller_desktop|x86 = gcmodeller_desktop|x86
		LipidSearch|Any CPU = LipidSearch|Any CPU
		LipidSearch|x64 = LipidSearch|x64
		LipidSearch|x86 = LipidSearch|x86
		mzkit_win32|Any CPU = mzkit_win32|Any CPU
		mzkit_win32|x64 = mzkit_win32|x64
		mzkit_win32|x86 = mzkit_win32|x86
		mzkit|Any CPU = mzkit|Any CPU
		mzkit|x64 = mzkit|x64
		mzkit|x86 = mzkit|x86
		NPSearch|Any CPU = NPSearch|Any CPU
		NPSearch|x64 = NPSearch|x64
		NPSearch|x86 = NPSearch|x86
		PlantMAT|Any CPU = PlantMAT|Any CPU
		PlantMAT|x64 = PlantMAT|x64
		PlantMAT|x86 = PlantMAT|x86
		Release|Any CPU = Release|Any CPU
		Release|x64 = Release|x64
		Release|x86 = Release|x86
		Rsharp_app_release|Any CPU = Rsharp_app_release|Any CPU
		Rsharp_app_release|x64 = Rsharp_app_release|x64
		Rsharp_app_release|x86 = Rsharp_app_release|x86
	EndGlobalSection
	GlobalSection(ProjectConfigurationPlatforms) = postSolution
		{3B09D35A-315F-4080-B262-2DCF32F9E8E8}.Debug|Any CPU.ActiveCfg = Debug|Any CPU
		{3B09D35A-315F-4080-B262-2DCF32F9E8E8}.Debug|Any CPU.Build.0 = Debug|Any CPU
		{3B09D35A-315F-4080-B262-2DCF32F9E8E8}.Debug|x64.ActiveCfg = Debug|x64
		{3B09D35A-315F-4080-B262-2DCF32F9E8E8}.Debug|x64.Build.0 = Debug|x64
		{3B09D35A-315F-4080-B262-2DCF32F9E8E8}.Debug|x86.ActiveCfg = Debug|Any CPU
		{3B09D35A-315F-4080-B262-2DCF32F9E8E8}.Debug|x86.Build.0 = Debug|Any CPU
		{3B09D35A-315F-4080-B262-2DCF32F9E8E8}.gcmodeller_desktop|Any CPU.ActiveCfg = Debug|Any CPU
		{3B09D35A-315F-4080-B262-2DCF32F9E8E8}.gcmodeller_desktop|Any CPU.Build.0 = Debug|Any CPU
		{3B09D35A-315F-4080-B262-2DCF32F9E8E8}.gcmodeller_desktop|x64.ActiveCfg = Debug|x64
		{3B09D35A-315F-4080-B262-2DCF32F9E8E8}.gcmodeller_desktop|x64.Build.0 = Debug|x64
		{3B09D35A-315F-4080-B262-2DCF32F9E8E8}.gcmodeller_desktop|x86.ActiveCfg = Debug|Any CPU
		{3B09D35A-315F-4080-B262-2DCF32F9E8E8}.gcmodeller_desktop|x86.Build.0 = Debug|Any CPU
		{3B09D35A-315F-4080-B262-2DCF32F9E8E8}.LipidSearch|Any CPU.ActiveCfg = Debug|Any CPU
		{3B09D35A-315F-4080-B262-2DCF32F9E8E8}.LipidSearch|Any CPU.Build.0 = Debug|Any CPU
		{3B09D35A-315F-4080-B262-2DCF32F9E8E8}.LipidSearch|x64.ActiveCfg = Debug|x64
		{3B09D35A-315F-4080-B262-2DCF32F9E8E8}.LipidSearch|x64.Build.0 = Debug|x64
		{3B09D35A-315F-4080-B262-2DCF32F9E8E8}.LipidSearch|x86.ActiveCfg = Debug|Any CPU
		{3B09D35A-315F-4080-B262-2DCF32F9E8E8}.LipidSearch|x86.Build.0 = Debug|Any CPU
		{3B09D35A-315F-4080-B262-2DCF32F9E8E8}.mzkit_win32|Any CPU.ActiveCfg = Debug|Any CPU
		{3B09D35A-315F-4080-B262-2DCF32F9E8E8}.mzkit_win32|Any CPU.Build.0 = Debug|Any CPU
		{3B09D35A-315F-4080-B262-2DCF32F9E8E8}.mzkit_win32|x64.ActiveCfg = Debug|x64
		{3B09D35A-315F-4080-B262-2DCF32F9E8E8}.mzkit_win32|x64.Build.0 = Debug|x64
		{3B09D35A-315F-4080-B262-2DCF32F9E8E8}.mzkit_win32|x86.ActiveCfg = Debug|Any CPU
		{3B09D35A-315F-4080-B262-2DCF32F9E8E8}.mzkit_win32|x86.Build.0 = Debug|Any CPU
		{3B09D35A-315F-4080-B262-2DCF32F9E8E8}.mzkit|Any CPU.ActiveCfg = Debug|Any CPU
		{3B09D35A-315F-4080-B262-2DCF32F9E8E8}.mzkit|Any CPU.Build.0 = Debug|Any CPU
		{3B09D35A-315F-4080-B262-2DCF32F9E8E8}.mzkit|x64.ActiveCfg = Debug|x64
		{3B09D35A-315F-4080-B262-2DCF32F9E8E8}.mzkit|x64.Build.0 = Debug|x64
		{3B09D35A-315F-4080-B262-2DCF32F9E8E8}.mzkit|x86.ActiveCfg = Debug|Any CPU
		{3B09D35A-315F-4080-B262-2DCF32F9E8E8}.mzkit|x86.Build.0 = Debug|Any CPU
		{3B09D35A-315F-4080-B262-2DCF32F9E8E8}.NPSearch|Any CPU.ActiveCfg = Debug|Any CPU
		{3B09D35A-315F-4080-B262-2DCF32F9E8E8}.NPSearch|Any CPU.Build.0 = Debug|Any CPU
		{3B09D35A-315F-4080-B262-2DCF32F9E8E8}.NPSearch|x64.ActiveCfg = Debug|x64
		{3B09D35A-315F-4080-B262-2DCF32F9E8E8}.NPSearch|x64.Build.0 = Debug|x64
		{3B09D35A-315F-4080-B262-2DCF32F9E8E8}.NPSearch|x86.ActiveCfg = Debug|Any CPU
		{3B09D35A-315F-4080-B262-2DCF32F9E8E8}.NPSearch|x86.Build.0 = Debug|Any CPU
		{3B09D35A-315F-4080-B262-2DCF32F9E8E8}.PlantMAT|Any CPU.ActiveCfg = Debug|Any CPU
		{3B09D35A-315F-4080-B262-2DCF32F9E8E8}.PlantMAT|Any CPU.Build.0 = Debug|Any CPU
		{3B09D35A-315F-4080-B262-2DCF32F9E8E8}.PlantMAT|x64.ActiveCfg = Debug|x64
		{3B09D35A-315F-4080-B262-2DCF32F9E8E8}.PlantMAT|x64.Build.0 = Debug|x64
		{3B09D35A-315F-4080-B262-2DCF32F9E8E8}.PlantMAT|x86.ActiveCfg = Debug|Any CPU
		{3B09D35A-315F-4080-B262-2DCF32F9E8E8}.PlantMAT|x86.Build.0 = Debug|Any CPU
		{3B09D35A-315F-4080-B262-2DCF32F9E8E8}.Release|Any CPU.ActiveCfg = Release|Any CPU
		{3B09D35A-315F-4080-B262-2DCF32F9E8E8}.Release|Any CPU.Build.0 = Release|Any CPU
		{3B09D35A-315F-4080-B262-2DCF32F9E8E8}.Release|x64.ActiveCfg = Release|x64
		{3B09D35A-315F-4080-B262-2DCF32F9E8E8}.Release|x64.Build.0 = Release|x64
		{3B09D35A-315F-4080-B262-2DCF32F9E8E8}.Release|x86.ActiveCfg = Release|Any CPU
		{3B09D35A-315F-4080-B262-2DCF32F9E8E8}.Release|x86.Build.0 = Release|Any CPU
		{3B09D35A-315F-4080-B262-2DCF32F9E8E8}.Rsharp_app_release|Any CPU.ActiveCfg = Rsharp_app_release|Any CPU
		{3B09D35A-315F-4080-B262-2DCF32F9E8E8}.Rsharp_app_release|Any CPU.Build.0 = Rsharp_app_release|Any CPU
		{3B09D35A-315F-4080-B262-2DCF32F9E8E8}.Rsharp_app_release|x64.ActiveCfg = Rsharp_app_release|x64
		{3B09D35A-315F-4080-B262-2DCF32F9E8E8}.Rsharp_app_release|x64.Build.0 = Rsharp_app_release|x64
		{3B09D35A-315F-4080-B262-2DCF32F9E8E8}.Rsharp_app_release|x86.ActiveCfg = Rsharp_app_release|Any CPU
		{3B09D35A-315F-4080-B262-2DCF32F9E8E8}.Rsharp_app_release|x86.Build.0 = Rsharp_app_release|Any CPU
		{D1B452D5-DF70-4A65-B98A-FD125AE0E800}.Debug|Any CPU.ActiveCfg = Debug|Any CPU
		{D1B452D5-DF70-4A65-B98A-FD125AE0E800}.Debug|Any CPU.Build.0 = Debug|Any CPU
		{D1B452D5-DF70-4A65-B98A-FD125AE0E800}.Debug|x64.ActiveCfg = Debug|x64
		{D1B452D5-DF70-4A65-B98A-FD125AE0E800}.Debug|x64.Build.0 = Debug|x64
		{D1B452D5-DF70-4A65-B98A-FD125AE0E800}.Debug|x86.ActiveCfg = Debug|x86
		{D1B452D5-DF70-4A65-B98A-FD125AE0E800}.Debug|x86.Build.0 = Debug|x86
		{D1B452D5-DF70-4A65-B98A-FD125AE0E800}.gcmodeller_desktop|Any CPU.ActiveCfg = gcmodeller_desktop|Any CPU
		{D1B452D5-DF70-4A65-B98A-FD125AE0E800}.gcmodeller_desktop|Any CPU.Build.0 = gcmodeller_desktop|Any CPU
		{D1B452D5-DF70-4A65-B98A-FD125AE0E800}.gcmodeller_desktop|x64.ActiveCfg = gcmodeller_desktop|x64
		{D1B452D5-DF70-4A65-B98A-FD125AE0E800}.gcmodeller_desktop|x64.Build.0 = gcmodeller_desktop|x64
		{D1B452D5-DF70-4A65-B98A-FD125AE0E800}.gcmodeller_desktop|x86.ActiveCfg = gcmodeller_desktop|x86
		{D1B452D5-DF70-4A65-B98A-FD125AE0E800}.gcmodeller_desktop|x86.Build.0 = gcmodeller_desktop|x86
		{D1B452D5-DF70-4A65-B98A-FD125AE0E800}.LipidSearch|Any CPU.ActiveCfg = LipidSearch|Any CPU
		{D1B452D5-DF70-4A65-B98A-FD125AE0E800}.LipidSearch|Any CPU.Build.0 = LipidSearch|Any CPU
		{D1B452D5-DF70-4A65-B98A-FD125AE0E800}.LipidSearch|x64.ActiveCfg = LipidSearch|x64
		{D1B452D5-DF70-4A65-B98A-FD125AE0E800}.LipidSearch|x64.Build.0 = LipidSearch|x64
		{D1B452D5-DF70-4A65-B98A-FD125AE0E800}.LipidSearch|x86.ActiveCfg = LipidSearch|x86
		{D1B452D5-DF70-4A65-B98A-FD125AE0E800}.LipidSearch|x86.Build.0 = LipidSearch|x86
		{D1B452D5-DF70-4A65-B98A-FD125AE0E800}.mzkit_win32|Any CPU.ActiveCfg = mzkit_win32|Any CPU
		{D1B452D5-DF70-4A65-B98A-FD125AE0E800}.mzkit_win32|Any CPU.Build.0 = mzkit_win32|Any CPU
		{D1B452D5-DF70-4A65-B98A-FD125AE0E800}.mzkit_win32|x64.ActiveCfg = mzkit_win32|x64
		{D1B452D5-DF70-4A65-B98A-FD125AE0E800}.mzkit_win32|x64.Build.0 = mzkit_win32|x64
		{D1B452D5-DF70-4A65-B98A-FD125AE0E800}.mzkit_win32|x86.ActiveCfg = mzkit_win32|x86
		{D1B452D5-DF70-4A65-B98A-FD125AE0E800}.mzkit_win32|x86.Build.0 = mzkit_win32|x86
		{D1B452D5-DF70-4A65-B98A-FD125AE0E800}.mzkit|Any CPU.ActiveCfg = mzkit|Any CPU
		{D1B452D5-DF70-4A65-B98A-FD125AE0E800}.mzkit|Any CPU.Build.0 = mzkit|Any CPU
		{D1B452D5-DF70-4A65-B98A-FD125AE0E800}.mzkit|x64.ActiveCfg = mzkit|x64
		{D1B452D5-DF70-4A65-B98A-FD125AE0E800}.mzkit|x64.Build.0 = mzkit|x64
		{D1B452D5-DF70-4A65-B98A-FD125AE0E800}.mzkit|x86.ActiveCfg = mzkit|x86
		{D1B452D5-DF70-4A65-B98A-FD125AE0E800}.mzkit|x86.Build.0 = mzkit|x86
		{D1B452D5-DF70-4A65-B98A-FD125AE0E800}.NPSearch|Any CPU.ActiveCfg = NPSearch|Any CPU
		{D1B452D5-DF70-4A65-B98A-FD125AE0E800}.NPSearch|Any CPU.Build.0 = NPSearch|Any CPU
		{D1B452D5-DF70-4A65-B98A-FD125AE0E800}.NPSearch|x64.ActiveCfg = NPSearch|x64
		{D1B452D5-DF70-4A65-B98A-FD125AE0E800}.NPSearch|x64.Build.0 = NPSearch|x64
		{D1B452D5-DF70-4A65-B98A-FD125AE0E800}.NPSearch|x86.ActiveCfg = NPSearch|x86
		{D1B452D5-DF70-4A65-B98A-FD125AE0E800}.NPSearch|x86.Build.0 = NPSearch|x86
		{D1B452D5-DF70-4A65-B98A-FD125AE0E800}.PlantMAT|Any CPU.ActiveCfg = PlantMAT|Any CPU
		{D1B452D5-DF70-4A65-B98A-FD125AE0E800}.PlantMAT|Any CPU.Build.0 = PlantMAT|Any CPU
		{D1B452D5-DF70-4A65-B98A-FD125AE0E800}.PlantMAT|x64.ActiveCfg = PlantMAT|x64
		{D1B452D5-DF70-4A65-B98A-FD125AE0E800}.PlantMAT|x64.Build.0 = PlantMAT|x64
		{D1B452D5-DF70-4A65-B98A-FD125AE0E800}.PlantMAT|x86.ActiveCfg = PlantMAT|x86
		{D1B452D5-DF70-4A65-B98A-FD125AE0E800}.PlantMAT|x86.Build.0 = PlantMAT|x86
		{D1B452D5-DF70-4A65-B98A-FD125AE0E800}.Release|Any CPU.ActiveCfg = Release|Any CPU
		{D1B452D5-DF70-4A65-B98A-FD125AE0E800}.Release|Any CPU.Build.0 = Release|Any CPU
		{D1B452D5-DF70-4A65-B98A-FD125AE0E800}.Release|x64.ActiveCfg = Release|x64
		{D1B452D5-DF70-4A65-B98A-FD125AE0E800}.Release|x64.Build.0 = Release|x64
		{D1B452D5-DF70-4A65-B98A-FD125AE0E800}.Release|x86.ActiveCfg = Release|x86
		{D1B452D5-DF70-4A65-B98A-FD125AE0E800}.Release|x86.Build.0 = Release|x86
		{D1B452D5-DF70-4A65-B98A-FD125AE0E800}.Rsharp_app_release|Any CPU.ActiveCfg = Rsharp_app_release|Any CPU
		{D1B452D5-DF70-4A65-B98A-FD125AE0E800}.Rsharp_app_release|Any CPU.Build.0 = Rsharp_app_release|Any CPU
		{D1B452D5-DF70-4A65-B98A-FD125AE0E800}.Rsharp_app_release|x64.ActiveCfg = Rsharp_app_release|x64
		{D1B452D5-DF70-4A65-B98A-FD125AE0E800}.Rsharp_app_release|x64.Build.0 = Rsharp_app_release|x64
		{D1B452D5-DF70-4A65-B98A-FD125AE0E800}.Rsharp_app_release|x86.ActiveCfg = Rsharp_app_release|x86
		{D1B452D5-DF70-4A65-B98A-FD125AE0E800}.Rsharp_app_release|x86.Build.0 = Rsharp_app_release|x86
		{DFFBF772-2AAB-4309-9550-32FCD0410808}.Debug|Any CPU.ActiveCfg = Debug|Any CPU
		{DFFBF772-2AAB-4309-9550-32FCD0410808}.Debug|Any CPU.Build.0 = Debug|Any CPU
		{DFFBF772-2AAB-4309-9550-32FCD0410808}.Debug|x64.ActiveCfg = Debug|x64
		{DFFBF772-2AAB-4309-9550-32FCD0410808}.Debug|x64.Build.0 = Debug|x64
		{DFFBF772-2AAB-4309-9550-32FCD0410808}.Debug|x86.ActiveCfg = Debug|Any CPU
		{DFFBF772-2AAB-4309-9550-32FCD0410808}.Debug|x86.Build.0 = Debug|Any CPU
		{DFFBF772-2AAB-4309-9550-32FCD0410808}.gcmodeller_desktop|Any CPU.ActiveCfg = gcmodeller_desktop|Any CPU
		{DFFBF772-2AAB-4309-9550-32FCD0410808}.gcmodeller_desktop|Any CPU.Build.0 = gcmodeller_desktop|Any CPU
		{DFFBF772-2AAB-4309-9550-32FCD0410808}.gcmodeller_desktop|x64.ActiveCfg = gcmodeller_desktop|x64
		{DFFBF772-2AAB-4309-9550-32FCD0410808}.gcmodeller_desktop|x64.Build.0 = gcmodeller_desktop|x64
		{DFFBF772-2AAB-4309-9550-32FCD0410808}.gcmodeller_desktop|x86.ActiveCfg = gcmodeller_desktop|Any CPU
		{DFFBF772-2AAB-4309-9550-32FCD0410808}.gcmodeller_desktop|x86.Build.0 = gcmodeller_desktop|Any CPU
		{DFFBF772-2AAB-4309-9550-32FCD0410808}.LipidSearch|Any CPU.ActiveCfg = LipidSearch|Any CPU
		{DFFBF772-2AAB-4309-9550-32FCD0410808}.LipidSearch|Any CPU.Build.0 = LipidSearch|Any CPU
		{DFFBF772-2AAB-4309-9550-32FCD0410808}.LipidSearch|x64.ActiveCfg = LipidSearch|x64
		{DFFBF772-2AAB-4309-9550-32FCD0410808}.LipidSearch|x64.Build.0 = LipidSearch|x64
		{DFFBF772-2AAB-4309-9550-32FCD0410808}.LipidSearch|x86.ActiveCfg = LipidSearch|Any CPU
		{DFFBF772-2AAB-4309-9550-32FCD0410808}.LipidSearch|x86.Build.0 = LipidSearch|Any CPU
		{DFFBF772-2AAB-4309-9550-32FCD0410808}.mzkit_win32|Any CPU.ActiveCfg = mzkit_win32|Any CPU
		{DFFBF772-2AAB-4309-9550-32FCD0410808}.mzkit_win32|Any CPU.Build.0 = mzkit_win32|Any CPU
		{DFFBF772-2AAB-4309-9550-32FCD0410808}.mzkit_win32|x64.ActiveCfg = mzkit_win32|x64
		{DFFBF772-2AAB-4309-9550-32FCD0410808}.mzkit_win32|x64.Build.0 = mzkit_win32|x64
		{DFFBF772-2AAB-4309-9550-32FCD0410808}.mzkit_win32|x86.ActiveCfg = mzkit_win32|Any CPU
		{DFFBF772-2AAB-4309-9550-32FCD0410808}.mzkit_win32|x86.Build.0 = mzkit_win32|Any CPU
		{DFFBF772-2AAB-4309-9550-32FCD0410808}.mzkit|Any CPU.ActiveCfg = mzkit|Any CPU
		{DFFBF772-2AAB-4309-9550-32FCD0410808}.mzkit|Any CPU.Build.0 = mzkit|Any CPU
		{DFFBF772-2AAB-4309-9550-32FCD0410808}.mzkit|x64.ActiveCfg = mzkit|x64
		{DFFBF772-2AAB-4309-9550-32FCD0410808}.mzkit|x64.Build.0 = mzkit|x64
		{DFFBF772-2AAB-4309-9550-32FCD0410808}.mzkit|x86.ActiveCfg = mzkit|Any CPU
		{DFFBF772-2AAB-4309-9550-32FCD0410808}.mzkit|x86.Build.0 = mzkit|Any CPU
		{DFFBF772-2AAB-4309-9550-32FCD0410808}.NPSearch|Any CPU.ActiveCfg = NPSearch|Any CPU
		{DFFBF772-2AAB-4309-9550-32FCD0410808}.NPSearch|Any CPU.Build.0 = NPSearch|Any CPU
		{DFFBF772-2AAB-4309-9550-32FCD0410808}.NPSearch|x64.ActiveCfg = NPSearch|x64
		{DFFBF772-2AAB-4309-9550-32FCD0410808}.NPSearch|x64.Build.0 = NPSearch|x64
		{DFFBF772-2AAB-4309-9550-32FCD0410808}.NPSearch|x86.ActiveCfg = NPSearch|Any CPU
		{DFFBF772-2AAB-4309-9550-32FCD0410808}.NPSearch|x86.Build.0 = NPSearch|Any CPU
		{DFFBF772-2AAB-4309-9550-32FCD0410808}.PlantMAT|Any CPU.ActiveCfg = PlantMAT|Any CPU
		{DFFBF772-2AAB-4309-9550-32FCD0410808}.PlantMAT|Any CPU.Build.0 = PlantMAT|Any CPU
		{DFFBF772-2AAB-4309-9550-32FCD0410808}.PlantMAT|x64.ActiveCfg = PlantMAT|x64
		{DFFBF772-2AAB-4309-9550-32FCD0410808}.PlantMAT|x64.Build.0 = PlantMAT|x64
		{DFFBF772-2AAB-4309-9550-32FCD0410808}.PlantMAT|x86.ActiveCfg = PlantMAT|Any CPU
		{DFFBF772-2AAB-4309-9550-32FCD0410808}.PlantMAT|x86.Build.0 = PlantMAT|Any CPU
		{DFFBF772-2AAB-4309-9550-32FCD0410808}.Release|Any CPU.ActiveCfg = Release|Any CPU
		{DFFBF772-2AAB-4309-9550-32FCD0410808}.Release|Any CPU.Build.0 = Release|Any CPU
		{DFFBF772-2AAB-4309-9550-32FCD0410808}.Release|x64.ActiveCfg = Release|x64
		{DFFBF772-2AAB-4309-9550-32FCD0410808}.Release|x64.Build.0 = Release|x64
		{DFFBF772-2AAB-4309-9550-32FCD0410808}.Release|x86.ActiveCfg = Release|Any CPU
		{DFFBF772-2AAB-4309-9550-32FCD0410808}.Release|x86.Build.0 = Release|Any CPU
		{DFFBF772-2AAB-4309-9550-32FCD0410808}.Rsharp_app_release|Any CPU.ActiveCfg = Rsharp_app_release|Any CPU
		{DFFBF772-2AAB-4309-9550-32FCD0410808}.Rsharp_app_release|Any CPU.Build.0 = Rsharp_app_release|Any CPU
		{DFFBF772-2AAB-4309-9550-32FCD0410808}.Rsharp_app_release|x64.ActiveCfg = Rsharp_app_release|x64
		{DFFBF772-2AAB-4309-9550-32FCD0410808}.Rsharp_app_release|x64.Build.0 = Rsharp_app_release|x64
		{DFFBF772-2AAB-4309-9550-32FCD0410808}.Rsharp_app_release|x86.ActiveCfg = Rsharp_app_release|Any CPU
		{DFFBF772-2AAB-4309-9550-32FCD0410808}.Rsharp_app_release|x86.Build.0 = Rsharp_app_release|Any CPU
		{09C86A3C-9AB7-46BB-83D9-F866D705A767}.Debug|Any CPU.ActiveCfg = Debug|Any CPU
		{09C86A3C-9AB7-46BB-83D9-F866D705A767}.Debug|Any CPU.Build.0 = Debug|Any CPU
		{09C86A3C-9AB7-46BB-83D9-F866D705A767}.Debug|x64.ActiveCfg = Debug|x64
		{09C86A3C-9AB7-46BB-83D9-F866D705A767}.Debug|x64.Build.0 = Debug|x64
		{09C86A3C-9AB7-46BB-83D9-F866D705A767}.Debug|x86.ActiveCfg = Debug|Any CPU
		{09C86A3C-9AB7-46BB-83D9-F866D705A767}.Debug|x86.Build.0 = Debug|Any CPU
		{09C86A3C-9AB7-46BB-83D9-F866D705A767}.gcmodeller_desktop|Any CPU.ActiveCfg = gcmodeller_desktop|Any CPU
		{09C86A3C-9AB7-46BB-83D9-F866D705A767}.gcmodeller_desktop|Any CPU.Build.0 = gcmodeller_desktop|Any CPU
		{09C86A3C-9AB7-46BB-83D9-F866D705A767}.gcmodeller_desktop|x64.ActiveCfg = gcmodeller_desktop|x64
		{09C86A3C-9AB7-46BB-83D9-F866D705A767}.gcmodeller_desktop|x64.Build.0 = gcmodeller_desktop|x64
		{09C86A3C-9AB7-46BB-83D9-F866D705A767}.gcmodeller_desktop|x86.ActiveCfg = gcmodeller_desktop|Any CPU
		{09C86A3C-9AB7-46BB-83D9-F866D705A767}.gcmodeller_desktop|x86.Build.0 = gcmodeller_desktop|Any CPU
		{09C86A3C-9AB7-46BB-83D9-F866D705A767}.LipidSearch|Any CPU.ActiveCfg = LipidSearch|Any CPU
		{09C86A3C-9AB7-46BB-83D9-F866D705A767}.LipidSearch|Any CPU.Build.0 = LipidSearch|Any CPU
		{09C86A3C-9AB7-46BB-83D9-F866D705A767}.LipidSearch|x64.ActiveCfg = LipidSearch|x64
		{09C86A3C-9AB7-46BB-83D9-F866D705A767}.LipidSearch|x64.Build.0 = LipidSearch|x64
		{09C86A3C-9AB7-46BB-83D9-F866D705A767}.LipidSearch|x86.ActiveCfg = LipidSearch|Any CPU
		{09C86A3C-9AB7-46BB-83D9-F866D705A767}.LipidSearch|x86.Build.0 = LipidSearch|Any CPU
		{09C86A3C-9AB7-46BB-83D9-F866D705A767}.mzkit_win32|Any CPU.ActiveCfg = mzkit|Any CPU
		{09C86A3C-9AB7-46BB-83D9-F866D705A767}.mzkit_win32|Any CPU.Build.0 = mzkit|Any CPU
		{09C86A3C-9AB7-46BB-83D9-F866D705A767}.mzkit_win32|x64.ActiveCfg = mzkit|x64
		{09C86A3C-9AB7-46BB-83D9-F866D705A767}.mzkit_win32|x64.Build.0 = mzkit|x64
		{09C86A3C-9AB7-46BB-83D9-F866D705A767}.mzkit_win32|x86.ActiveCfg = mzkit|Any CPU
		{09C86A3C-9AB7-46BB-83D9-F866D705A767}.mzkit_win32|x86.Build.0 = mzkit|Any CPU
		{09C86A3C-9AB7-46BB-83D9-F866D705A767}.mzkit|Any CPU.ActiveCfg = mzkit|Any CPU
		{09C86A3C-9AB7-46BB-83D9-F866D705A767}.mzkit|Any CPU.Build.0 = mzkit|Any CPU
		{09C86A3C-9AB7-46BB-83D9-F866D705A767}.mzkit|x64.ActiveCfg = mzkit|x64
		{09C86A3C-9AB7-46BB-83D9-F866D705A767}.mzkit|x64.Build.0 = mzkit|x64
		{09C86A3C-9AB7-46BB-83D9-F866D705A767}.mzkit|x86.ActiveCfg = mzkit|Any CPU
		{09C86A3C-9AB7-46BB-83D9-F866D705A767}.mzkit|x86.Build.0 = mzkit|Any CPU
		{09C86A3C-9AB7-46BB-83D9-F866D705A767}.NPSearch|Any CPU.ActiveCfg = Debug|Any CPU
		{09C86A3C-9AB7-46BB-83D9-F866D705A767}.NPSearch|Any CPU.Build.0 = Debug|Any CPU
		{09C86A3C-9AB7-46BB-83D9-F866D705A767}.NPSearch|x64.ActiveCfg = Debug|x64
		{09C86A3C-9AB7-46BB-83D9-F866D705A767}.NPSearch|x64.Build.0 = Debug|x64
		{09C86A3C-9AB7-46BB-83D9-F866D705A767}.NPSearch|x86.ActiveCfg = Debug|Any CPU
		{09C86A3C-9AB7-46BB-83D9-F866D705A767}.NPSearch|x86.Build.0 = Debug|Any CPU
		{09C86A3C-9AB7-46BB-83D9-F866D705A767}.PlantMAT|Any CPU.ActiveCfg = Debug|Any CPU
		{09C86A3C-9AB7-46BB-83D9-F866D705A767}.PlantMAT|Any CPU.Build.0 = Debug|Any CPU
		{09C86A3C-9AB7-46BB-83D9-F866D705A767}.PlantMAT|x64.ActiveCfg = Debug|x64
		{09C86A3C-9AB7-46BB-83D9-F866D705A767}.PlantMAT|x64.Build.0 = Debug|x64
		{09C86A3C-9AB7-46BB-83D9-F866D705A767}.PlantMAT|x86.ActiveCfg = Debug|Any CPU
		{09C86A3C-9AB7-46BB-83D9-F866D705A767}.PlantMAT|x86.Build.0 = Debug|Any CPU
		{09C86A3C-9AB7-46BB-83D9-F866D705A767}.Release|Any CPU.ActiveCfg = Release|Any CPU
		{09C86A3C-9AB7-46BB-83D9-F866D705A767}.Release|Any CPU.Build.0 = Release|Any CPU
		{09C86A3C-9AB7-46BB-83D9-F866D705A767}.Release|x64.ActiveCfg = Release|x64
		{09C86A3C-9AB7-46BB-83D9-F866D705A767}.Release|x64.Build.0 = Release|x64
		{09C86A3C-9AB7-46BB-83D9-F866D705A767}.Release|x86.ActiveCfg = Release|Any CPU
		{09C86A3C-9AB7-46BB-83D9-F866D705A767}.Release|x86.Build.0 = Release|Any CPU
		{09C86A3C-9AB7-46BB-83D9-F866D705A767}.Rsharp_app_release|Any CPU.ActiveCfg = Rsharp_app_release|Any CPU
		{09C86A3C-9AB7-46BB-83D9-F866D705A767}.Rsharp_app_release|Any CPU.Build.0 = Rsharp_app_release|Any CPU
		{09C86A3C-9AB7-46BB-83D9-F866D705A767}.Rsharp_app_release|x64.ActiveCfg = Rsharp_app_release|x64
		{09C86A3C-9AB7-46BB-83D9-F866D705A767}.Rsharp_app_release|x64.Build.0 = Rsharp_app_release|x64
		{09C86A3C-9AB7-46BB-83D9-F866D705A767}.Rsharp_app_release|x86.ActiveCfg = Rsharp_app_release|Any CPU
		{09C86A3C-9AB7-46BB-83D9-F866D705A767}.Rsharp_app_release|x86.Build.0 = Rsharp_app_release|Any CPU
		{67995DE9-09C0-4CC9-89C4-5C5078468733}.Debug|Any CPU.ActiveCfg = Debug|Any CPU
		{67995DE9-09C0-4CC9-89C4-5C5078468733}.Debug|Any CPU.Build.0 = Debug|Any CPU
		{67995DE9-09C0-4CC9-89C4-5C5078468733}.Debug|x64.ActiveCfg = Debug|x64
		{67995DE9-09C0-4CC9-89C4-5C5078468733}.Debug|x64.Build.0 = Debug|x64
		{67995DE9-09C0-4CC9-89C4-5C5078468733}.Debug|x86.ActiveCfg = Debug|Any CPU
		{67995DE9-09C0-4CC9-89C4-5C5078468733}.Debug|x86.Build.0 = Debug|Any CPU
		{67995DE9-09C0-4CC9-89C4-5C5078468733}.gcmodeller_desktop|Any CPU.ActiveCfg = gcmodeller_desktop|Any CPU
		{67995DE9-09C0-4CC9-89C4-5C5078468733}.gcmodeller_desktop|Any CPU.Build.0 = gcmodeller_desktop|Any CPU
		{67995DE9-09C0-4CC9-89C4-5C5078468733}.gcmodeller_desktop|x64.ActiveCfg = gcmodeller_desktop|x64
		{67995DE9-09C0-4CC9-89C4-5C5078468733}.gcmodeller_desktop|x64.Build.0 = gcmodeller_desktop|x64
		{67995DE9-09C0-4CC9-89C4-5C5078468733}.gcmodeller_desktop|x86.ActiveCfg = gcmodeller_desktop|Any CPU
		{67995DE9-09C0-4CC9-89C4-5C5078468733}.gcmodeller_desktop|x86.Build.0 = gcmodeller_desktop|Any CPU
		{67995DE9-09C0-4CC9-89C4-5C5078468733}.LipidSearch|Any CPU.ActiveCfg = LipidSearch|Any CPU
		{67995DE9-09C0-4CC9-89C4-5C5078468733}.LipidSearch|Any CPU.Build.0 = LipidSearch|Any CPU
		{67995DE9-09C0-4CC9-89C4-5C5078468733}.LipidSearch|x64.ActiveCfg = LipidSearch|x64
		{67995DE9-09C0-4CC9-89C4-5C5078468733}.LipidSearch|x64.Build.0 = LipidSearch|x64
		{67995DE9-09C0-4CC9-89C4-5C5078468733}.LipidSearch|x86.ActiveCfg = LipidSearch|Any CPU
		{67995DE9-09C0-4CC9-89C4-5C5078468733}.LipidSearch|x86.Build.0 = LipidSearch|Any CPU
		{67995DE9-09C0-4CC9-89C4-5C5078468733}.mzkit_win32|Any CPU.ActiveCfg = mzkit_win32|Any CPU
		{67995DE9-09C0-4CC9-89C4-5C5078468733}.mzkit_win32|Any CPU.Build.0 = mzkit_win32|Any CPU
		{67995DE9-09C0-4CC9-89C4-5C5078468733}.mzkit_win32|x64.ActiveCfg = mzkit_win32|x64
		{67995DE9-09C0-4CC9-89C4-5C5078468733}.mzkit_win32|x64.Build.0 = mzkit_win32|x64
		{67995DE9-09C0-4CC9-89C4-5C5078468733}.mzkit_win32|x86.ActiveCfg = mzkit_win32|Any CPU
		{67995DE9-09C0-4CC9-89C4-5C5078468733}.mzkit_win32|x86.Build.0 = mzkit_win32|Any CPU
		{67995DE9-09C0-4CC9-89C4-5C5078468733}.mzkit|Any CPU.ActiveCfg = mzkit_win32|Any CPU
		{67995DE9-09C0-4CC9-89C4-5C5078468733}.mzkit|Any CPU.Build.0 = mzkit_win32|Any CPU
		{67995DE9-09C0-4CC9-89C4-5C5078468733}.mzkit|x64.ActiveCfg = mzkit_win32|x64
		{67995DE9-09C0-4CC9-89C4-5C5078468733}.mzkit|x64.Build.0 = mzkit_win32|x64
		{67995DE9-09C0-4CC9-89C4-5C5078468733}.mzkit|x86.ActiveCfg = mzkit_win32|Any CPU
		{67995DE9-09C0-4CC9-89C4-5C5078468733}.mzkit|x86.Build.0 = mzkit_win32|Any CPU
		{67995DE9-09C0-4CC9-89C4-5C5078468733}.NPSearch|Any CPU.ActiveCfg = Debug|Any CPU
		{67995DE9-09C0-4CC9-89C4-5C5078468733}.NPSearch|Any CPU.Build.0 = Debug|Any CPU
		{67995DE9-09C0-4CC9-89C4-5C5078468733}.NPSearch|x64.ActiveCfg = Debug|x64
		{67995DE9-09C0-4CC9-89C4-5C5078468733}.NPSearch|x64.Build.0 = Debug|x64
		{67995DE9-09C0-4CC9-89C4-5C5078468733}.NPSearch|x86.ActiveCfg = Debug|Any CPU
		{67995DE9-09C0-4CC9-89C4-5C5078468733}.NPSearch|x86.Build.0 = Debug|Any CPU
		{67995DE9-09C0-4CC9-89C4-5C5078468733}.PlantMAT|Any CPU.ActiveCfg = Debug|Any CPU
		{67995DE9-09C0-4CC9-89C4-5C5078468733}.PlantMAT|Any CPU.Build.0 = Debug|Any CPU
		{67995DE9-09C0-4CC9-89C4-5C5078468733}.PlantMAT|x64.ActiveCfg = Debug|x64
		{67995DE9-09C0-4CC9-89C4-5C5078468733}.PlantMAT|x64.Build.0 = Debug|x64
		{67995DE9-09C0-4CC9-89C4-5C5078468733}.PlantMAT|x86.ActiveCfg = Debug|Any CPU
		{67995DE9-09C0-4CC9-89C4-5C5078468733}.PlantMAT|x86.Build.0 = Debug|Any CPU
		{67995DE9-09C0-4CC9-89C4-5C5078468733}.Release|Any CPU.ActiveCfg = Release|Any CPU
		{67995DE9-09C0-4CC9-89C4-5C5078468733}.Release|Any CPU.Build.0 = Release|Any CPU
		{67995DE9-09C0-4CC9-89C4-5C5078468733}.Release|x64.ActiveCfg = Release|x64
		{67995DE9-09C0-4CC9-89C4-5C5078468733}.Release|x64.Build.0 = Release|x64
		{67995DE9-09C0-4CC9-89C4-5C5078468733}.Release|x86.ActiveCfg = Release|Any CPU
		{67995DE9-09C0-4CC9-89C4-5C5078468733}.Release|x86.Build.0 = Release|Any CPU
		{67995DE9-09C0-4CC9-89C4-5C5078468733}.Rsharp_app_release|Any CPU.ActiveCfg = Rsharp_app_release|Any CPU
		{67995DE9-09C0-4CC9-89C4-5C5078468733}.Rsharp_app_release|Any CPU.Build.0 = Rsharp_app_release|Any CPU
		{67995DE9-09C0-4CC9-89C4-5C5078468733}.Rsharp_app_release|x64.ActiveCfg = Rsharp_app_release|x64
		{67995DE9-09C0-4CC9-89C4-5C5078468733}.Rsharp_app_release|x64.Build.0 = Rsharp_app_release|x64
		{67995DE9-09C0-4CC9-89C4-5C5078468733}.Rsharp_app_release|x86.ActiveCfg = Rsharp_app_release|Any CPU
		{67995DE9-09C0-4CC9-89C4-5C5078468733}.Rsharp_app_release|x86.Build.0 = Rsharp_app_release|Any CPU
		{F46A7DDC-028B-40B4-8224-A2A8233A5E47}.Debug|Any CPU.ActiveCfg = Debug|Any CPU
		{F46A7DDC-028B-40B4-8224-A2A8233A5E47}.Debug|Any CPU.Build.0 = Debug|Any CPU
		{F46A7DDC-028B-40B4-8224-A2A8233A5E47}.Debug|x64.ActiveCfg = Debug|x64
		{F46A7DDC-028B-40B4-8224-A2A8233A5E47}.Debug|x64.Build.0 = Debug|x64
		{F46A7DDC-028B-40B4-8224-A2A8233A5E47}.Debug|x86.ActiveCfg = Debug|Any CPU
		{F46A7DDC-028B-40B4-8224-A2A8233A5E47}.Debug|x86.Build.0 = Debug|Any CPU
		{F46A7DDC-028B-40B4-8224-A2A8233A5E47}.gcmodeller_desktop|Any CPU.ActiveCfg = gcmodeller_desktop|Any CPU
		{F46A7DDC-028B-40B4-8224-A2A8233A5E47}.gcmodeller_desktop|Any CPU.Build.0 = gcmodeller_desktop|Any CPU
		{F46A7DDC-028B-40B4-8224-A2A8233A5E47}.gcmodeller_desktop|x64.ActiveCfg = gcmodeller_desktop|x64
		{F46A7DDC-028B-40B4-8224-A2A8233A5E47}.gcmodeller_desktop|x64.Build.0 = gcmodeller_desktop|x64
		{F46A7DDC-028B-40B4-8224-A2A8233A5E47}.gcmodeller_desktop|x86.ActiveCfg = gcmodeller_desktop|Any CPU
		{F46A7DDC-028B-40B4-8224-A2A8233A5E47}.gcmodeller_desktop|x86.Build.0 = gcmodeller_desktop|Any CPU
		{F46A7DDC-028B-40B4-8224-A2A8233A5E47}.LipidSearch|Any CPU.ActiveCfg = LipidSearch|Any CPU
		{F46A7DDC-028B-40B4-8224-A2A8233A5E47}.LipidSearch|Any CPU.Build.0 = LipidSearch|Any CPU
		{F46A7DDC-028B-40B4-8224-A2A8233A5E47}.LipidSearch|x64.ActiveCfg = LipidSearch|x64
		{F46A7DDC-028B-40B4-8224-A2A8233A5E47}.LipidSearch|x64.Build.0 = LipidSearch|x64
		{F46A7DDC-028B-40B4-8224-A2A8233A5E47}.LipidSearch|x86.ActiveCfg = LipidSearch|Any CPU
		{F46A7DDC-028B-40B4-8224-A2A8233A5E47}.LipidSearch|x86.Build.0 = LipidSearch|Any CPU
		{F46A7DDC-028B-40B4-8224-A2A8233A5E47}.mzkit_win32|Any CPU.ActiveCfg = mzkit_win32|Any CPU
		{F46A7DDC-028B-40B4-8224-A2A8233A5E47}.mzkit_win32|Any CPU.Build.0 = mzkit_win32|Any CPU
		{F46A7DDC-028B-40B4-8224-A2A8233A5E47}.mzkit_win32|x64.ActiveCfg = mzkit_win32|x64
		{F46A7DDC-028B-40B4-8224-A2A8233A5E47}.mzkit_win32|x64.Build.0 = mzkit_win32|x64
		{F46A7DDC-028B-40B4-8224-A2A8233A5E47}.mzkit_win32|x86.ActiveCfg = mzkit_win32|Any CPU
		{F46A7DDC-028B-40B4-8224-A2A8233A5E47}.mzkit_win32|x86.Build.0 = mzkit_win32|Any CPU
		{F46A7DDC-028B-40B4-8224-A2A8233A5E47}.mzkit|Any CPU.ActiveCfg = mzkit_win32|Any CPU
		{F46A7DDC-028B-40B4-8224-A2A8233A5E47}.mzkit|Any CPU.Build.0 = mzkit_win32|Any CPU
		{F46A7DDC-028B-40B4-8224-A2A8233A5E47}.mzkit|x64.ActiveCfg = mzkit_win32|x64
		{F46A7DDC-028B-40B4-8224-A2A8233A5E47}.mzkit|x64.Build.0 = mzkit_win32|x64
		{F46A7DDC-028B-40B4-8224-A2A8233A5E47}.mzkit|x86.ActiveCfg = mzkit_win32|Any CPU
		{F46A7DDC-028B-40B4-8224-A2A8233A5E47}.mzkit|x86.Build.0 = mzkit_win32|Any CPU
		{F46A7DDC-028B-40B4-8224-A2A8233A5E47}.NPSearch|Any CPU.ActiveCfg = Debug|Any CPU
		{F46A7DDC-028B-40B4-8224-A2A8233A5E47}.NPSearch|Any CPU.Build.0 = Debug|Any CPU
		{F46A7DDC-028B-40B4-8224-A2A8233A5E47}.NPSearch|x64.ActiveCfg = Debug|x64
		{F46A7DDC-028B-40B4-8224-A2A8233A5E47}.NPSearch|x64.Build.0 = Debug|x64
		{F46A7DDC-028B-40B4-8224-A2A8233A5E47}.NPSearch|x86.ActiveCfg = Debug|Any CPU
		{F46A7DDC-028B-40B4-8224-A2A8233A5E47}.NPSearch|x86.Build.0 = Debug|Any CPU
		{F46A7DDC-028B-40B4-8224-A2A8233A5E47}.PlantMAT|Any CPU.ActiveCfg = Debug|Any CPU
		{F46A7DDC-028B-40B4-8224-A2A8233A5E47}.PlantMAT|Any CPU.Build.0 = Debug|Any CPU
		{F46A7DDC-028B-40B4-8224-A2A8233A5E47}.PlantMAT|x64.ActiveCfg = Debug|x64
		{F46A7DDC-028B-40B4-8224-A2A8233A5E47}.PlantMAT|x64.Build.0 = Debug|x64
		{F46A7DDC-028B-40B4-8224-A2A8233A5E47}.PlantMAT|x86.ActiveCfg = Debug|Any CPU
		{F46A7DDC-028B-40B4-8224-A2A8233A5E47}.PlantMAT|x86.Build.0 = Debug|Any CPU
		{F46A7DDC-028B-40B4-8224-A2A8233A5E47}.Release|Any CPU.ActiveCfg = Release|Any CPU
		{F46A7DDC-028B-40B4-8224-A2A8233A5E47}.Release|Any CPU.Build.0 = Release|Any CPU
		{F46A7DDC-028B-40B4-8224-A2A8233A5E47}.Release|x64.ActiveCfg = Release|x64
		{F46A7DDC-028B-40B4-8224-A2A8233A5E47}.Release|x64.Build.0 = Release|x64
		{F46A7DDC-028B-40B4-8224-A2A8233A5E47}.Release|x86.ActiveCfg = Release|Any CPU
		{F46A7DDC-028B-40B4-8224-A2A8233A5E47}.Release|x86.Build.0 = Release|Any CPU
		{F46A7DDC-028B-40B4-8224-A2A8233A5E47}.Rsharp_app_release|Any CPU.ActiveCfg = Rsharp_app_release|Any CPU
		{F46A7DDC-028B-40B4-8224-A2A8233A5E47}.Rsharp_app_release|Any CPU.Build.0 = Rsharp_app_release|Any CPU
		{F46A7DDC-028B-40B4-8224-A2A8233A5E47}.Rsharp_app_release|x64.ActiveCfg = Rsharp_app_release|x64
		{F46A7DDC-028B-40B4-8224-A2A8233A5E47}.Rsharp_app_release|x64.Build.0 = Rsharp_app_release|x64
		{F46A7DDC-028B-40B4-8224-A2A8233A5E47}.Rsharp_app_release|x86.ActiveCfg = Rsharp_app_release|Any CPU
		{F46A7DDC-028B-40B4-8224-A2A8233A5E47}.Rsharp_app_release|x86.Build.0 = Rsharp_app_release|Any CPU
		{7B5D3D1A-C8FF-4770-A4EB-53295398D457}.Debug|Any CPU.ActiveCfg = Debug|Any CPU
		{7B5D3D1A-C8FF-4770-A4EB-53295398D457}.Debug|Any CPU.Build.0 = Debug|Any CPU
		{7B5D3D1A-C8FF-4770-A4EB-53295398D457}.Debug|x64.ActiveCfg = Debug|x64
		{7B5D3D1A-C8FF-4770-A4EB-53295398D457}.Debug|x64.Build.0 = Debug|x64
		{7B5D3D1A-C8FF-4770-A4EB-53295398D457}.Debug|x86.ActiveCfg = Debug|Any CPU
		{7B5D3D1A-C8FF-4770-A4EB-53295398D457}.Debug|x86.Build.0 = Debug|Any CPU
		{7B5D3D1A-C8FF-4770-A4EB-53295398D457}.gcmodeller_desktop|Any CPU.ActiveCfg = gcmodeller_desktop|Any CPU
		{7B5D3D1A-C8FF-4770-A4EB-53295398D457}.gcmodeller_desktop|Any CPU.Build.0 = gcmodeller_desktop|Any CPU
		{7B5D3D1A-C8FF-4770-A4EB-53295398D457}.gcmodeller_desktop|x64.ActiveCfg = gcmodeller_desktop|x64
		{7B5D3D1A-C8FF-4770-A4EB-53295398D457}.gcmodeller_desktop|x64.Build.0 = gcmodeller_desktop|x64
		{7B5D3D1A-C8FF-4770-A4EB-53295398D457}.gcmodeller_desktop|x86.ActiveCfg = gcmodeller_desktop|Any CPU
		{7B5D3D1A-C8FF-4770-A4EB-53295398D457}.gcmodeller_desktop|x86.Build.0 = gcmodeller_desktop|Any CPU
		{7B5D3D1A-C8FF-4770-A4EB-53295398D457}.LipidSearch|Any CPU.ActiveCfg = LipidSearch|Any CPU
		{7B5D3D1A-C8FF-4770-A4EB-53295398D457}.LipidSearch|Any CPU.Build.0 = LipidSearch|Any CPU
		{7B5D3D1A-C8FF-4770-A4EB-53295398D457}.LipidSearch|x64.ActiveCfg = LipidSearch|x64
		{7B5D3D1A-C8FF-4770-A4EB-53295398D457}.LipidSearch|x64.Build.0 = LipidSearch|x64
		{7B5D3D1A-C8FF-4770-A4EB-53295398D457}.LipidSearch|x86.ActiveCfg = LipidSearch|Any CPU
		{7B5D3D1A-C8FF-4770-A4EB-53295398D457}.LipidSearch|x86.Build.0 = LipidSearch|Any CPU
		{7B5D3D1A-C8FF-4770-A4EB-53295398D457}.mzkit_win32|Any CPU.ActiveCfg = mzkit|Any CPU
		{7B5D3D1A-C8FF-4770-A4EB-53295398D457}.mzkit_win32|Any CPU.Build.0 = mzkit|Any CPU
		{7B5D3D1A-C8FF-4770-A4EB-53295398D457}.mzkit_win32|x64.ActiveCfg = mzkit|x64
		{7B5D3D1A-C8FF-4770-A4EB-53295398D457}.mzkit_win32|x64.Build.0 = mzkit|x64
		{7B5D3D1A-C8FF-4770-A4EB-53295398D457}.mzkit_win32|x86.ActiveCfg = mzkit|Any CPU
		{7B5D3D1A-C8FF-4770-A4EB-53295398D457}.mzkit_win32|x86.Build.0 = mzkit|Any CPU
		{7B5D3D1A-C8FF-4770-A4EB-53295398D457}.mzkit|Any CPU.ActiveCfg = mzkit|Any CPU
		{7B5D3D1A-C8FF-4770-A4EB-53295398D457}.mzkit|Any CPU.Build.0 = mzkit|Any CPU
		{7B5D3D1A-C8FF-4770-A4EB-53295398D457}.mzkit|x64.ActiveCfg = mzkit|x64
		{7B5D3D1A-C8FF-4770-A4EB-53295398D457}.mzkit|x64.Build.0 = mzkit|x64
		{7B5D3D1A-C8FF-4770-A4EB-53295398D457}.mzkit|x86.ActiveCfg = mzkit|Any CPU
		{7B5D3D1A-C8FF-4770-A4EB-53295398D457}.mzkit|x86.Build.0 = mzkit|Any CPU
		{7B5D3D1A-C8FF-4770-A4EB-53295398D457}.NPSearch|Any CPU.ActiveCfg = NPSearch|Any CPU
		{7B5D3D1A-C8FF-4770-A4EB-53295398D457}.NPSearch|Any CPU.Build.0 = NPSearch|Any CPU
		{7B5D3D1A-C8FF-4770-A4EB-53295398D457}.NPSearch|x64.ActiveCfg = NPSearch|x64
		{7B5D3D1A-C8FF-4770-A4EB-53295398D457}.NPSearch|x64.Build.0 = NPSearch|x64
		{7B5D3D1A-C8FF-4770-A4EB-53295398D457}.NPSearch|x86.ActiveCfg = NPSearch|Any CPU
		{7B5D3D1A-C8FF-4770-A4EB-53295398D457}.NPSearch|x86.Build.0 = NPSearch|Any CPU
		{7B5D3D1A-C8FF-4770-A4EB-53295398D457}.PlantMAT|Any CPU.ActiveCfg = PlantMAT|Any CPU
		{7B5D3D1A-C8FF-4770-A4EB-53295398D457}.PlantMAT|Any CPU.Build.0 = PlantMAT|Any CPU
		{7B5D3D1A-C8FF-4770-A4EB-53295398D457}.PlantMAT|x64.ActiveCfg = PlantMAT|x64
		{7B5D3D1A-C8FF-4770-A4EB-53295398D457}.PlantMAT|x64.Build.0 = PlantMAT|x64
		{7B5D3D1A-C8FF-4770-A4EB-53295398D457}.PlantMAT|x86.ActiveCfg = PlantMAT|Any CPU
		{7B5D3D1A-C8FF-4770-A4EB-53295398D457}.PlantMAT|x86.Build.0 = PlantMAT|Any CPU
		{7B5D3D1A-C8FF-4770-A4EB-53295398D457}.Release|Any CPU.ActiveCfg = Release|Any CPU
		{7B5D3D1A-C8FF-4770-A4EB-53295398D457}.Release|Any CPU.Build.0 = Release|Any CPU
		{7B5D3D1A-C8FF-4770-A4EB-53295398D457}.Release|x64.ActiveCfg = Release|x64
		{7B5D3D1A-C8FF-4770-A4EB-53295398D457}.Release|x64.Build.0 = Release|x64
		{7B5D3D1A-C8FF-4770-A4EB-53295398D457}.Release|x86.ActiveCfg = Release|Any CPU
		{7B5D3D1A-C8FF-4770-A4EB-53295398D457}.Release|x86.Build.0 = Release|Any CPU
		{7B5D3D1A-C8FF-4770-A4EB-53295398D457}.Rsharp_app_release|Any CPU.ActiveCfg = Rsharp_app_release|Any CPU
		{7B5D3D1A-C8FF-4770-A4EB-53295398D457}.Rsharp_app_release|Any CPU.Build.0 = Rsharp_app_release|Any CPU
		{7B5D3D1A-C8FF-4770-A4EB-53295398D457}.Rsharp_app_release|x64.ActiveCfg = Rsharp_app_release|x64
		{7B5D3D1A-C8FF-4770-A4EB-53295398D457}.Rsharp_app_release|x64.Build.0 = Rsharp_app_release|x64
		{7B5D3D1A-C8FF-4770-A4EB-53295398D457}.Rsharp_app_release|x86.ActiveCfg = Rsharp_app_release|Any CPU
		{7B5D3D1A-C8FF-4770-A4EB-53295398D457}.Rsharp_app_release|x86.Build.0 = Rsharp_app_release|Any CPU
		{533A9317-64FD-4F72-8C0F-A77506AE5E8A}.Debug|Any CPU.ActiveCfg = Debug|Any CPU
		{533A9317-64FD-4F72-8C0F-A77506AE5E8A}.Debug|Any CPU.Build.0 = Debug|Any CPU
		{533A9317-64FD-4F72-8C0F-A77506AE5E8A}.Debug|x64.ActiveCfg = Debug|x64
		{533A9317-64FD-4F72-8C0F-A77506AE5E8A}.Debug|x64.Build.0 = Debug|x64
		{533A9317-64FD-4F72-8C0F-A77506AE5E8A}.Debug|x86.ActiveCfg = Debug|Any CPU
		{533A9317-64FD-4F72-8C0F-A77506AE5E8A}.Debug|x86.Build.0 = Debug|Any CPU
		{533A9317-64FD-4F72-8C0F-A77506AE5E8A}.gcmodeller_desktop|Any CPU.ActiveCfg = gcmodeller_desktop|Any CPU
		{533A9317-64FD-4F72-8C0F-A77506AE5E8A}.gcmodeller_desktop|Any CPU.Build.0 = gcmodeller_desktop|Any CPU
		{533A9317-64FD-4F72-8C0F-A77506AE5E8A}.gcmodeller_desktop|x64.ActiveCfg = gcmodeller_desktop|x64
		{533A9317-64FD-4F72-8C0F-A77506AE5E8A}.gcmodeller_desktop|x64.Build.0 = gcmodeller_desktop|x64
		{533A9317-64FD-4F72-8C0F-A77506AE5E8A}.gcmodeller_desktop|x86.ActiveCfg = gcmodeller_desktop|Any CPU
		{533A9317-64FD-4F72-8C0F-A77506AE5E8A}.gcmodeller_desktop|x86.Build.0 = gcmodeller_desktop|Any CPU
		{533A9317-64FD-4F72-8C0F-A77506AE5E8A}.LipidSearch|Any CPU.ActiveCfg = Debug|Any CPU
		{533A9317-64FD-4F72-8C0F-A77506AE5E8A}.LipidSearch|Any CPU.Build.0 = Debug|Any CPU
		{533A9317-64FD-4F72-8C0F-A77506AE5E8A}.LipidSearch|x64.ActiveCfg = Debug|x64
		{533A9317-64FD-4F72-8C0F-A77506AE5E8A}.LipidSearch|x64.Build.0 = Debug|x64
		{533A9317-64FD-4F72-8C0F-A77506AE5E8A}.LipidSearch|x86.ActiveCfg = Debug|Any CPU
		{533A9317-64FD-4F72-8C0F-A77506AE5E8A}.LipidSearch|x86.Build.0 = Debug|Any CPU
		{533A9317-64FD-4F72-8C0F-A77506AE5E8A}.mzkit_win32|Any CPU.ActiveCfg = mzkit_win32|Any CPU
		{533A9317-64FD-4F72-8C0F-A77506AE5E8A}.mzkit_win32|Any CPU.Build.0 = mzkit_win32|Any CPU
		{533A9317-64FD-4F72-8C0F-A77506AE5E8A}.mzkit_win32|x64.ActiveCfg = mzkit_win32|x64
		{533A9317-64FD-4F72-8C0F-A77506AE5E8A}.mzkit_win32|x64.Build.0 = mzkit_win32|x64
		{533A9317-64FD-4F72-8C0F-A77506AE5E8A}.mzkit_win32|x86.ActiveCfg = mzkit_win32|Any CPU
		{533A9317-64FD-4F72-8C0F-A77506AE5E8A}.mzkit_win32|x86.Build.0 = mzkit_win32|Any CPU
		{533A9317-64FD-4F72-8C0F-A77506AE5E8A}.mzkit|Any CPU.ActiveCfg = mzkit|Any CPU
		{533A9317-64FD-4F72-8C0F-A77506AE5E8A}.mzkit|Any CPU.Build.0 = mzkit|Any CPU
		{533A9317-64FD-4F72-8C0F-A77506AE5E8A}.mzkit|x64.ActiveCfg = mzkit|x64
		{533A9317-64FD-4F72-8C0F-A77506AE5E8A}.mzkit|x64.Build.0 = mzkit|x64
		{533A9317-64FD-4F72-8C0F-A77506AE5E8A}.mzkit|x86.ActiveCfg = mzkit|Any CPU
		{533A9317-64FD-4F72-8C0F-A77506AE5E8A}.mzkit|x86.Build.0 = mzkit|Any CPU
		{533A9317-64FD-4F72-8C0F-A77506AE5E8A}.NPSearch|Any CPU.ActiveCfg = Debug|Any CPU
		{533A9317-64FD-4F72-8C0F-A77506AE5E8A}.NPSearch|Any CPU.Build.0 = Debug|Any CPU
		{533A9317-64FD-4F72-8C0F-A77506AE5E8A}.NPSearch|x64.ActiveCfg = Debug|x64
		{533A9317-64FD-4F72-8C0F-A77506AE5E8A}.NPSearch|x64.Build.0 = Debug|x64
		{533A9317-64FD-4F72-8C0F-A77506AE5E8A}.NPSearch|x86.ActiveCfg = Debug|Any CPU
		{533A9317-64FD-4F72-8C0F-A77506AE5E8A}.NPSearch|x86.Build.0 = Debug|Any CPU
		{533A9317-64FD-4F72-8C0F-A77506AE5E8A}.PlantMAT|Any CPU.ActiveCfg = Debug|Any CPU
		{533A9317-64FD-4F72-8C0F-A77506AE5E8A}.PlantMAT|Any CPU.Build.0 = Debug|Any CPU
		{533A9317-64FD-4F72-8C0F-A77506AE5E8A}.PlantMAT|x64.ActiveCfg = Debug|x64
		{533A9317-64FD-4F72-8C0F-A77506AE5E8A}.PlantMAT|x64.Build.0 = Debug|x64
		{533A9317-64FD-4F72-8C0F-A77506AE5E8A}.PlantMAT|x86.ActiveCfg = Debug|Any CPU
		{533A9317-64FD-4F72-8C0F-A77506AE5E8A}.PlantMAT|x86.Build.0 = Debug|Any CPU
		{533A9317-64FD-4F72-8C0F-A77506AE5E8A}.Release|Any CPU.ActiveCfg = Release|Any CPU
		{533A9317-64FD-4F72-8C0F-A77506AE5E8A}.Release|Any CPU.Build.0 = Release|Any CPU
		{533A9317-64FD-4F72-8C0F-A77506AE5E8A}.Release|x64.ActiveCfg = Release|x64
		{533A9317-64FD-4F72-8C0F-A77506AE5E8A}.Release|x64.Build.0 = Release|x64
		{533A9317-64FD-4F72-8C0F-A77506AE5E8A}.Release|x86.ActiveCfg = Release|Any CPU
		{533A9317-64FD-4F72-8C0F-A77506AE5E8A}.Release|x86.Build.0 = Release|Any CPU
		{533A9317-64FD-4F72-8C0F-A77506AE5E8A}.Rsharp_app_release|Any CPU.ActiveCfg = Rsharp_app_release|Any CPU
		{533A9317-64FD-4F72-8C0F-A77506AE5E8A}.Rsharp_app_release|Any CPU.Build.0 = Rsharp_app_release|Any CPU
		{533A9317-64FD-4F72-8C0F-A77506AE5E8A}.Rsharp_app_release|x64.ActiveCfg = Rsharp_app_release|x64
		{533A9317-64FD-4F72-8C0F-A77506AE5E8A}.Rsharp_app_release|x64.Build.0 = Rsharp_app_release|x64
		{533A9317-64FD-4F72-8C0F-A77506AE5E8A}.Rsharp_app_release|x86.ActiveCfg = Rsharp_app_release|Any CPU
		{533A9317-64FD-4F72-8C0F-A77506AE5E8A}.Rsharp_app_release|x86.Build.0 = Rsharp_app_release|Any CPU
		{EF250D4F-7CE8-4636-881F-5DAA03FC9120}.Debug|Any CPU.ActiveCfg = Debug|Any CPU
		{EF250D4F-7CE8-4636-881F-5DAA03FC9120}.Debug|Any CPU.Build.0 = Debug|Any CPU
		{EF250D4F-7CE8-4636-881F-5DAA03FC9120}.Debug|x64.ActiveCfg = Debug|x64
		{EF250D4F-7CE8-4636-881F-5DAA03FC9120}.Debug|x64.Build.0 = Debug|x64
		{EF250D4F-7CE8-4636-881F-5DAA03FC9120}.Debug|x86.ActiveCfg = Debug|Any CPU
		{EF250D4F-7CE8-4636-881F-5DAA03FC9120}.Debug|x86.Build.0 = Debug|Any CPU
		{EF250D4F-7CE8-4636-881F-5DAA03FC9120}.gcmodeller_desktop|Any CPU.ActiveCfg = gcmodeller_desktop|Any CPU
		{EF250D4F-7CE8-4636-881F-5DAA03FC9120}.gcmodeller_desktop|Any CPU.Build.0 = gcmodeller_desktop|Any CPU
		{EF250D4F-7CE8-4636-881F-5DAA03FC9120}.gcmodeller_desktop|x64.ActiveCfg = gcmodeller_desktop|x64
		{EF250D4F-7CE8-4636-881F-5DAA03FC9120}.gcmodeller_desktop|x64.Build.0 = gcmodeller_desktop|x64
		{EF250D4F-7CE8-4636-881F-5DAA03FC9120}.gcmodeller_desktop|x86.ActiveCfg = gcmodeller_desktop|Any CPU
		{EF250D4F-7CE8-4636-881F-5DAA03FC9120}.gcmodeller_desktop|x86.Build.0 = gcmodeller_desktop|Any CPU
		{EF250D4F-7CE8-4636-881F-5DAA03FC9120}.LipidSearch|Any CPU.ActiveCfg = LipidSearch|Any CPU
		{EF250D4F-7CE8-4636-881F-5DAA03FC9120}.LipidSearch|Any CPU.Build.0 = LipidSearch|Any CPU
		{EF250D4F-7CE8-4636-881F-5DAA03FC9120}.LipidSearch|x64.ActiveCfg = LipidSearch|x64
		{EF250D4F-7CE8-4636-881F-5DAA03FC9120}.LipidSearch|x64.Build.0 = LipidSearch|x64
		{EF250D4F-7CE8-4636-881F-5DAA03FC9120}.LipidSearch|x86.ActiveCfg = LipidSearch|Any CPU
		{EF250D4F-7CE8-4636-881F-5DAA03FC9120}.LipidSearch|x86.Build.0 = LipidSearch|Any CPU
		{EF250D4F-7CE8-4636-881F-5DAA03FC9120}.mzkit_win32|Any CPU.ActiveCfg = mzkit_win32|Any CPU
		{EF250D4F-7CE8-4636-881F-5DAA03FC9120}.mzkit_win32|Any CPU.Build.0 = mzkit_win32|Any CPU
		{EF250D4F-7CE8-4636-881F-5DAA03FC9120}.mzkit_win32|x64.ActiveCfg = mzkit_win32|x64
		{EF250D4F-7CE8-4636-881F-5DAA03FC9120}.mzkit_win32|x64.Build.0 = mzkit_win32|x64
		{EF250D4F-7CE8-4636-881F-5DAA03FC9120}.mzkit_win32|x86.ActiveCfg = mzkit_win32|Any CPU
		{EF250D4F-7CE8-4636-881F-5DAA03FC9120}.mzkit_win32|x86.Build.0 = mzkit_win32|Any CPU
		{EF250D4F-7CE8-4636-881F-5DAA03FC9120}.mzkit|Any CPU.ActiveCfg = mzkit|Any CPU
		{EF250D4F-7CE8-4636-881F-5DAA03FC9120}.mzkit|Any CPU.Build.0 = mzkit|Any CPU
		{EF250D4F-7CE8-4636-881F-5DAA03FC9120}.mzkit|x64.ActiveCfg = mzkit|x64
		{EF250D4F-7CE8-4636-881F-5DAA03FC9120}.mzkit|x64.Build.0 = mzkit|x64
		{EF250D4F-7CE8-4636-881F-5DAA03FC9120}.mzkit|x86.ActiveCfg = mzkit|Any CPU
		{EF250D4F-7CE8-4636-881F-5DAA03FC9120}.mzkit|x86.Build.0 = mzkit|Any CPU
		{EF250D4F-7CE8-4636-881F-5DAA03FC9120}.NPSearch|Any CPU.ActiveCfg = NPSearch|Any CPU
		{EF250D4F-7CE8-4636-881F-5DAA03FC9120}.NPSearch|Any CPU.Build.0 = NPSearch|Any CPU
		{EF250D4F-7CE8-4636-881F-5DAA03FC9120}.NPSearch|x64.ActiveCfg = NPSearch|x64
		{EF250D4F-7CE8-4636-881F-5DAA03FC9120}.NPSearch|x64.Build.0 = NPSearch|x64
		{EF250D4F-7CE8-4636-881F-5DAA03FC9120}.NPSearch|x86.ActiveCfg = NPSearch|Any CPU
		{EF250D4F-7CE8-4636-881F-5DAA03FC9120}.NPSearch|x86.Build.0 = NPSearch|Any CPU
		{EF250D4F-7CE8-4636-881F-5DAA03FC9120}.PlantMAT|Any CPU.ActiveCfg = PlantMAT|Any CPU
		{EF250D4F-7CE8-4636-881F-5DAA03FC9120}.PlantMAT|Any CPU.Build.0 = PlantMAT|Any CPU
		{EF250D4F-7CE8-4636-881F-5DAA03FC9120}.PlantMAT|x64.ActiveCfg = PlantMAT|x64
		{EF250D4F-7CE8-4636-881F-5DAA03FC9120}.PlantMAT|x64.Build.0 = PlantMAT|x64
		{EF250D4F-7CE8-4636-881F-5DAA03FC9120}.PlantMAT|x86.ActiveCfg = PlantMAT|Any CPU
		{EF250D4F-7CE8-4636-881F-5DAA03FC9120}.PlantMAT|x86.Build.0 = PlantMAT|Any CPU
		{EF250D4F-7CE8-4636-881F-5DAA03FC9120}.Release|Any CPU.ActiveCfg = Release|Any CPU
		{EF250D4F-7CE8-4636-881F-5DAA03FC9120}.Release|Any CPU.Build.0 = Release|Any CPU
		{EF250D4F-7CE8-4636-881F-5DAA03FC9120}.Release|x64.ActiveCfg = Release|x64
		{EF250D4F-7CE8-4636-881F-5DAA03FC9120}.Release|x64.Build.0 = Release|x64
		{EF250D4F-7CE8-4636-881F-5DAA03FC9120}.Release|x86.ActiveCfg = Release|Any CPU
		{EF250D4F-7CE8-4636-881F-5DAA03FC9120}.Release|x86.Build.0 = Release|Any CPU
		{EF250D4F-7CE8-4636-881F-5DAA03FC9120}.Rsharp_app_release|Any CPU.ActiveCfg = Rsharp_app_release|Any CPU
		{EF250D4F-7CE8-4636-881F-5DAA03FC9120}.Rsharp_app_release|Any CPU.Build.0 = Rsharp_app_release|Any CPU
		{EF250D4F-7CE8-4636-881F-5DAA03FC9120}.Rsharp_app_release|x64.ActiveCfg = Rsharp_app_release|x64
		{EF250D4F-7CE8-4636-881F-5DAA03FC9120}.Rsharp_app_release|x64.Build.0 = Rsharp_app_release|x64
		{EF250D4F-7CE8-4636-881F-5DAA03FC9120}.Rsharp_app_release|x86.ActiveCfg = Rsharp_app_release|Any CPU
		{EF250D4F-7CE8-4636-881F-5DAA03FC9120}.Rsharp_app_release|x86.Build.0 = Rsharp_app_release|Any CPU
		{2A776AC7-4A0F-4EFA-B866-54EDC9814009}.Debug|Any CPU.ActiveCfg = Debug|Any CPU
		{2A776AC7-4A0F-4EFA-B866-54EDC9814009}.Debug|Any CPU.Build.0 = Debug|Any CPU
		{2A776AC7-4A0F-4EFA-B866-54EDC9814009}.Debug|x64.ActiveCfg = Debug|x64
		{2A776AC7-4A0F-4EFA-B866-54EDC9814009}.Debug|x64.Build.0 = Debug|x64
		{2A776AC7-4A0F-4EFA-B866-54EDC9814009}.Debug|x86.ActiveCfg = Debug|Any CPU
		{2A776AC7-4A0F-4EFA-B866-54EDC9814009}.Debug|x86.Build.0 = Debug|Any CPU
		{2A776AC7-4A0F-4EFA-B866-54EDC9814009}.gcmodeller_desktop|Any CPU.ActiveCfg = gcmodeller_desktop|Any CPU
		{2A776AC7-4A0F-4EFA-B866-54EDC9814009}.gcmodeller_desktop|Any CPU.Build.0 = gcmodeller_desktop|Any CPU
		{2A776AC7-4A0F-4EFA-B866-54EDC9814009}.gcmodeller_desktop|x64.ActiveCfg = gcmodeller_desktop|x64
		{2A776AC7-4A0F-4EFA-B866-54EDC9814009}.gcmodeller_desktop|x64.Build.0 = gcmodeller_desktop|x64
		{2A776AC7-4A0F-4EFA-B866-54EDC9814009}.gcmodeller_desktop|x86.ActiveCfg = gcmodeller_desktop|Any CPU
		{2A776AC7-4A0F-4EFA-B866-54EDC9814009}.gcmodeller_desktop|x86.Build.0 = gcmodeller_desktop|Any CPU
		{2A776AC7-4A0F-4EFA-B866-54EDC9814009}.LipidSearch|Any CPU.ActiveCfg = LipidSearch|Any CPU
		{2A776AC7-4A0F-4EFA-B866-54EDC9814009}.LipidSearch|Any CPU.Build.0 = LipidSearch|Any CPU
		{2A776AC7-4A0F-4EFA-B866-54EDC9814009}.LipidSearch|x64.ActiveCfg = LipidSearch|x64
		{2A776AC7-4A0F-4EFA-B866-54EDC9814009}.LipidSearch|x64.Build.0 = LipidSearch|x64
		{2A776AC7-4A0F-4EFA-B866-54EDC9814009}.LipidSearch|x86.ActiveCfg = LipidSearch|Any CPU
		{2A776AC7-4A0F-4EFA-B866-54EDC9814009}.LipidSearch|x86.Build.0 = LipidSearch|Any CPU
		{2A776AC7-4A0F-4EFA-B866-54EDC9814009}.mzkit_win32|Any CPU.ActiveCfg = mzkit_win32|Any CPU
		{2A776AC7-4A0F-4EFA-B866-54EDC9814009}.mzkit_win32|Any CPU.Build.0 = mzkit_win32|Any CPU
		{2A776AC7-4A0F-4EFA-B866-54EDC9814009}.mzkit_win32|x64.ActiveCfg = mzkit_win32|x64
		{2A776AC7-4A0F-4EFA-B866-54EDC9814009}.mzkit_win32|x64.Build.0 = mzkit_win32|x64
		{2A776AC7-4A0F-4EFA-B866-54EDC9814009}.mzkit_win32|x86.ActiveCfg = mzkit_win32|Any CPU
		{2A776AC7-4A0F-4EFA-B866-54EDC9814009}.mzkit_win32|x86.Build.0 = mzkit_win32|Any CPU
		{2A776AC7-4A0F-4EFA-B866-54EDC9814009}.mzkit|Any CPU.ActiveCfg = mzkit|Any CPU
		{2A776AC7-4A0F-4EFA-B866-54EDC9814009}.mzkit|Any CPU.Build.0 = mzkit|Any CPU
		{2A776AC7-4A0F-4EFA-B866-54EDC9814009}.mzkit|x64.ActiveCfg = mzkit|x64
		{2A776AC7-4A0F-4EFA-B866-54EDC9814009}.mzkit|x64.Build.0 = mzkit|x64
		{2A776AC7-4A0F-4EFA-B866-54EDC9814009}.mzkit|x86.ActiveCfg = mzkit|Any CPU
		{2A776AC7-4A0F-4EFA-B866-54EDC9814009}.mzkit|x86.Build.0 = mzkit|Any CPU
		{2A776AC7-4A0F-4EFA-B866-54EDC9814009}.NPSearch|Any CPU.ActiveCfg = NPSearch|Any CPU
		{2A776AC7-4A0F-4EFA-B866-54EDC9814009}.NPSearch|Any CPU.Build.0 = NPSearch|Any CPU
		{2A776AC7-4A0F-4EFA-B866-54EDC9814009}.NPSearch|x64.ActiveCfg = NPSearch|x64
		{2A776AC7-4A0F-4EFA-B866-54EDC9814009}.NPSearch|x64.Build.0 = NPSearch|x64
		{2A776AC7-4A0F-4EFA-B866-54EDC9814009}.NPSearch|x86.ActiveCfg = NPSearch|Any CPU
		{2A776AC7-4A0F-4EFA-B866-54EDC9814009}.NPSearch|x86.Build.0 = NPSearch|Any CPU
		{2A776AC7-4A0F-4EFA-B866-54EDC9814009}.PlantMAT|Any CPU.ActiveCfg = PlantMAT|Any CPU
		{2A776AC7-4A0F-4EFA-B866-54EDC9814009}.PlantMAT|Any CPU.Build.0 = PlantMAT|Any CPU
		{2A776AC7-4A0F-4EFA-B866-54EDC9814009}.PlantMAT|x64.ActiveCfg = PlantMAT|x64
		{2A776AC7-4A0F-4EFA-B866-54EDC9814009}.PlantMAT|x64.Build.0 = PlantMAT|x64
		{2A776AC7-4A0F-4EFA-B866-54EDC9814009}.PlantMAT|x86.ActiveCfg = PlantMAT|Any CPU
		{2A776AC7-4A0F-4EFA-B866-54EDC9814009}.PlantMAT|x86.Build.0 = PlantMAT|Any CPU
		{2A776AC7-4A0F-4EFA-B866-54EDC9814009}.Release|Any CPU.ActiveCfg = Release|Any CPU
		{2A776AC7-4A0F-4EFA-B866-54EDC9814009}.Release|Any CPU.Build.0 = Release|Any CPU
		{2A776AC7-4A0F-4EFA-B866-54EDC9814009}.Release|x64.ActiveCfg = Release|x64
		{2A776AC7-4A0F-4EFA-B866-54EDC9814009}.Release|x64.Build.0 = Release|x64
		{2A776AC7-4A0F-4EFA-B866-54EDC9814009}.Release|x86.ActiveCfg = Release|Any CPU
		{2A776AC7-4A0F-4EFA-B866-54EDC9814009}.Release|x86.Build.0 = Release|Any CPU
		{2A776AC7-4A0F-4EFA-B866-54EDC9814009}.Rsharp_app_release|Any CPU.ActiveCfg = Rsharp_app_release|Any CPU
		{2A776AC7-4A0F-4EFA-B866-54EDC9814009}.Rsharp_app_release|Any CPU.Build.0 = Rsharp_app_release|Any CPU
		{2A776AC7-4A0F-4EFA-B866-54EDC9814009}.Rsharp_app_release|x64.ActiveCfg = Rsharp_app_release|x64
		{2A776AC7-4A0F-4EFA-B866-54EDC9814009}.Rsharp_app_release|x64.Build.0 = Rsharp_app_release|x64
		{2A776AC7-4A0F-4EFA-B866-54EDC9814009}.Rsharp_app_release|x86.ActiveCfg = Rsharp_app_release|Any CPU
		{2A776AC7-4A0F-4EFA-B866-54EDC9814009}.Rsharp_app_release|x86.Build.0 = Rsharp_app_release|Any CPU
		{79ACFDD6-82E1-4E11-AD7F-6D99D5A46509}.Debug|Any CPU.ActiveCfg = Debug|Any CPU
		{79ACFDD6-82E1-4E11-AD7F-6D99D5A46509}.Debug|Any CPU.Build.0 = Debug|Any CPU
		{79ACFDD6-82E1-4E11-AD7F-6D99D5A46509}.Debug|x64.ActiveCfg = Debug|x64
		{79ACFDD6-82E1-4E11-AD7F-6D99D5A46509}.Debug|x64.Build.0 = Debug|x64
		{79ACFDD6-82E1-4E11-AD7F-6D99D5A46509}.Debug|x86.ActiveCfg = Debug|Any CPU
		{79ACFDD6-82E1-4E11-AD7F-6D99D5A46509}.Debug|x86.Build.0 = Debug|Any CPU
		{79ACFDD6-82E1-4E11-AD7F-6D99D5A46509}.gcmodeller_desktop|Any CPU.ActiveCfg = gcmodeller_desktop|Any CPU
		{79ACFDD6-82E1-4E11-AD7F-6D99D5A46509}.gcmodeller_desktop|Any CPU.Build.0 = gcmodeller_desktop|Any CPU
		{79ACFDD6-82E1-4E11-AD7F-6D99D5A46509}.gcmodeller_desktop|x64.ActiveCfg = gcmodeller_desktop|x64
		{79ACFDD6-82E1-4E11-AD7F-6D99D5A46509}.gcmodeller_desktop|x64.Build.0 = gcmodeller_desktop|x64
		{79ACFDD6-82E1-4E11-AD7F-6D99D5A46509}.gcmodeller_desktop|x86.ActiveCfg = gcmodeller_desktop|Any CPU
		{79ACFDD6-82E1-4E11-AD7F-6D99D5A46509}.gcmodeller_desktop|x86.Build.0 = gcmodeller_desktop|Any CPU
		{79ACFDD6-82E1-4E11-AD7F-6D99D5A46509}.LipidSearch|Any CPU.ActiveCfg = LipidSearch|Any CPU
		{79ACFDD6-82E1-4E11-AD7F-6D99D5A46509}.LipidSearch|Any CPU.Build.0 = LipidSearch|Any CPU
		{79ACFDD6-82E1-4E11-AD7F-6D99D5A46509}.LipidSearch|x64.ActiveCfg = LipidSearch|x64
		{79ACFDD6-82E1-4E11-AD7F-6D99D5A46509}.LipidSearch|x64.Build.0 = LipidSearch|x64
		{79ACFDD6-82E1-4E11-AD7F-6D99D5A46509}.LipidSearch|x86.ActiveCfg = LipidSearch|Any CPU
		{79ACFDD6-82E1-4E11-AD7F-6D99D5A46509}.LipidSearch|x86.Build.0 = LipidSearch|Any CPU
		{79ACFDD6-82E1-4E11-AD7F-6D99D5A46509}.mzkit_win32|Any CPU.ActiveCfg = mzkit_win32|Any CPU
		{79ACFDD6-82E1-4E11-AD7F-6D99D5A46509}.mzkit_win32|Any CPU.Build.0 = mzkit_win32|Any CPU
		{79ACFDD6-82E1-4E11-AD7F-6D99D5A46509}.mzkit_win32|x64.ActiveCfg = mzkit_win32|x64
		{79ACFDD6-82E1-4E11-AD7F-6D99D5A46509}.mzkit_win32|x64.Build.0 = mzkit_win32|x64
		{79ACFDD6-82E1-4E11-AD7F-6D99D5A46509}.mzkit_win32|x86.ActiveCfg = mzkit_win32|Any CPU
		{79ACFDD6-82E1-4E11-AD7F-6D99D5A46509}.mzkit_win32|x86.Build.0 = mzkit_win32|Any CPU
		{79ACFDD6-82E1-4E11-AD7F-6D99D5A46509}.mzkit|Any CPU.ActiveCfg = mzkit|Any CPU
		{79ACFDD6-82E1-4E11-AD7F-6D99D5A46509}.mzkit|Any CPU.Build.0 = mzkit|Any CPU
		{79ACFDD6-82E1-4E11-AD7F-6D99D5A46509}.mzkit|x64.ActiveCfg = mzkit|x64
		{79ACFDD6-82E1-4E11-AD7F-6D99D5A46509}.mzkit|x64.Build.0 = mzkit|x64
		{79ACFDD6-82E1-4E11-AD7F-6D99D5A46509}.mzkit|x86.ActiveCfg = mzkit|Any CPU
		{79ACFDD6-82E1-4E11-AD7F-6D99D5A46509}.mzkit|x86.Build.0 = mzkit|Any CPU
		{79ACFDD6-82E1-4E11-AD7F-6D99D5A46509}.NPSearch|Any CPU.ActiveCfg = NPSearch|Any CPU
		{79ACFDD6-82E1-4E11-AD7F-6D99D5A46509}.NPSearch|Any CPU.Build.0 = NPSearch|Any CPU
		{79ACFDD6-82E1-4E11-AD7F-6D99D5A46509}.NPSearch|x64.ActiveCfg = NPSearch|x64
		{79ACFDD6-82E1-4E11-AD7F-6D99D5A46509}.NPSearch|x64.Build.0 = NPSearch|x64
		{79ACFDD6-82E1-4E11-AD7F-6D99D5A46509}.NPSearch|x86.ActiveCfg = NPSearch|Any CPU
		{79ACFDD6-82E1-4E11-AD7F-6D99D5A46509}.NPSearch|x86.Build.0 = NPSearch|Any CPU
		{79ACFDD6-82E1-4E11-AD7F-6D99D5A46509}.PlantMAT|Any CPU.ActiveCfg = PlantMAT|Any CPU
		{79ACFDD6-82E1-4E11-AD7F-6D99D5A46509}.PlantMAT|Any CPU.Build.0 = PlantMAT|Any CPU
		{79ACFDD6-82E1-4E11-AD7F-6D99D5A46509}.PlantMAT|x64.ActiveCfg = PlantMAT|x64
		{79ACFDD6-82E1-4E11-AD7F-6D99D5A46509}.PlantMAT|x64.Build.0 = PlantMAT|x64
		{79ACFDD6-82E1-4E11-AD7F-6D99D5A46509}.PlantMAT|x86.ActiveCfg = PlantMAT|Any CPU
		{79ACFDD6-82E1-4E11-AD7F-6D99D5A46509}.PlantMAT|x86.Build.0 = PlantMAT|Any CPU
		{79ACFDD6-82E1-4E11-AD7F-6D99D5A46509}.Release|Any CPU.ActiveCfg = Release|Any CPU
		{79ACFDD6-82E1-4E11-AD7F-6D99D5A46509}.Release|Any CPU.Build.0 = Release|Any CPU
		{79ACFDD6-82E1-4E11-AD7F-6D99D5A46509}.Release|x64.ActiveCfg = Release|x64
		{79ACFDD6-82E1-4E11-AD7F-6D99D5A46509}.Release|x64.Build.0 = Release|x64
		{79ACFDD6-82E1-4E11-AD7F-6D99D5A46509}.Release|x86.ActiveCfg = Release|Any CPU
		{79ACFDD6-82E1-4E11-AD7F-6D99D5A46509}.Release|x86.Build.0 = Release|Any CPU
		{79ACFDD6-82E1-4E11-AD7F-6D99D5A46509}.Rsharp_app_release|Any CPU.ActiveCfg = Rsharp_app_release|Any CPU
		{79ACFDD6-82E1-4E11-AD7F-6D99D5A46509}.Rsharp_app_release|Any CPU.Build.0 = Rsharp_app_release|Any CPU
		{79ACFDD6-82E1-4E11-AD7F-6D99D5A46509}.Rsharp_app_release|x64.ActiveCfg = Rsharp_app_release|x64
		{79ACFDD6-82E1-4E11-AD7F-6D99D5A46509}.Rsharp_app_release|x64.Build.0 = Rsharp_app_release|x64
		{79ACFDD6-82E1-4E11-AD7F-6D99D5A46509}.Rsharp_app_release|x86.ActiveCfg = Rsharp_app_release|Any CPU
		{79ACFDD6-82E1-4E11-AD7F-6D99D5A46509}.Rsharp_app_release|x86.Build.0 = Rsharp_app_release|Any CPU
		{F04C6588-7C26-4804-A9BB-638F03FB6768}.Debug|Any CPU.ActiveCfg = Debug|Any CPU
		{F04C6588-7C26-4804-A9BB-638F03FB6768}.Debug|Any CPU.Build.0 = Debug|Any CPU
		{F04C6588-7C26-4804-A9BB-638F03FB6768}.Debug|x64.ActiveCfg = Debug|x64
		{F04C6588-7C26-4804-A9BB-638F03FB6768}.Debug|x64.Build.0 = Debug|x64
		{F04C6588-7C26-4804-A9BB-638F03FB6768}.Debug|x86.ActiveCfg = Debug|Any CPU
		{F04C6588-7C26-4804-A9BB-638F03FB6768}.Debug|x86.Build.0 = Debug|Any CPU
		{F04C6588-7C26-4804-A9BB-638F03FB6768}.gcmodeller_desktop|Any CPU.ActiveCfg = gcmodeller_desktop|Any CPU
		{F04C6588-7C26-4804-A9BB-638F03FB6768}.gcmodeller_desktop|Any CPU.Build.0 = gcmodeller_desktop|Any CPU
		{F04C6588-7C26-4804-A9BB-638F03FB6768}.gcmodeller_desktop|x64.ActiveCfg = gcmodeller_desktop|x64
		{F04C6588-7C26-4804-A9BB-638F03FB6768}.gcmodeller_desktop|x64.Build.0 = gcmodeller_desktop|x64
		{F04C6588-7C26-4804-A9BB-638F03FB6768}.gcmodeller_desktop|x86.ActiveCfg = gcmodeller_desktop|Any CPU
		{F04C6588-7C26-4804-A9BB-638F03FB6768}.gcmodeller_desktop|x86.Build.0 = gcmodeller_desktop|Any CPU
		{F04C6588-7C26-4804-A9BB-638F03FB6768}.LipidSearch|Any CPU.ActiveCfg = LipidSearch|Any CPU
		{F04C6588-7C26-4804-A9BB-638F03FB6768}.LipidSearch|Any CPU.Build.0 = LipidSearch|Any CPU
		{F04C6588-7C26-4804-A9BB-638F03FB6768}.LipidSearch|x64.ActiveCfg = LipidSearch|x64
		{F04C6588-7C26-4804-A9BB-638F03FB6768}.LipidSearch|x64.Build.0 = LipidSearch|x64
		{F04C6588-7C26-4804-A9BB-638F03FB6768}.LipidSearch|x86.ActiveCfg = LipidSearch|Any CPU
		{F04C6588-7C26-4804-A9BB-638F03FB6768}.LipidSearch|x86.Build.0 = LipidSearch|Any CPU
		{F04C6588-7C26-4804-A9BB-638F03FB6768}.mzkit_win32|Any CPU.ActiveCfg = mzkit_win32|Any CPU
		{F04C6588-7C26-4804-A9BB-638F03FB6768}.mzkit_win32|Any CPU.Build.0 = mzkit_win32|Any CPU
		{F04C6588-7C26-4804-A9BB-638F03FB6768}.mzkit_win32|x64.ActiveCfg = mzkit_win32|x64
		{F04C6588-7C26-4804-A9BB-638F03FB6768}.mzkit_win32|x64.Build.0 = mzkit_win32|x64
		{F04C6588-7C26-4804-A9BB-638F03FB6768}.mzkit_win32|x86.ActiveCfg = mzkit_win32|Any CPU
		{F04C6588-7C26-4804-A9BB-638F03FB6768}.mzkit_win32|x86.Build.0 = mzkit_win32|Any CPU
		{F04C6588-7C26-4804-A9BB-638F03FB6768}.mzkit|Any CPU.ActiveCfg = mzkit|Any CPU
		{F04C6588-7C26-4804-A9BB-638F03FB6768}.mzkit|Any CPU.Build.0 = mzkit|Any CPU
		{F04C6588-7C26-4804-A9BB-638F03FB6768}.mzkit|x64.ActiveCfg = mzkit|x64
		{F04C6588-7C26-4804-A9BB-638F03FB6768}.mzkit|x64.Build.0 = mzkit|x64
		{F04C6588-7C26-4804-A9BB-638F03FB6768}.mzkit|x86.ActiveCfg = mzkit|Any CPU
		{F04C6588-7C26-4804-A9BB-638F03FB6768}.mzkit|x86.Build.0 = mzkit|Any CPU
		{F04C6588-7C26-4804-A9BB-638F03FB6768}.NPSearch|Any CPU.ActiveCfg = NPSearch|Any CPU
		{F04C6588-7C26-4804-A9BB-638F03FB6768}.NPSearch|Any CPU.Build.0 = NPSearch|Any CPU
		{F04C6588-7C26-4804-A9BB-638F03FB6768}.NPSearch|x64.ActiveCfg = NPSearch|x64
		{F04C6588-7C26-4804-A9BB-638F03FB6768}.NPSearch|x64.Build.0 = NPSearch|x64
		{F04C6588-7C26-4804-A9BB-638F03FB6768}.NPSearch|x86.ActiveCfg = NPSearch|Any CPU
		{F04C6588-7C26-4804-A9BB-638F03FB6768}.NPSearch|x86.Build.0 = NPSearch|Any CPU
		{F04C6588-7C26-4804-A9BB-638F03FB6768}.PlantMAT|Any CPU.ActiveCfg = PlantMAT|Any CPU
		{F04C6588-7C26-4804-A9BB-638F03FB6768}.PlantMAT|Any CPU.Build.0 = PlantMAT|Any CPU
		{F04C6588-7C26-4804-A9BB-638F03FB6768}.PlantMAT|x64.ActiveCfg = PlantMAT|x64
		{F04C6588-7C26-4804-A9BB-638F03FB6768}.PlantMAT|x64.Build.0 = PlantMAT|x64
		{F04C6588-7C26-4804-A9BB-638F03FB6768}.PlantMAT|x86.ActiveCfg = PlantMAT|Any CPU
		{F04C6588-7C26-4804-A9BB-638F03FB6768}.PlantMAT|x86.Build.0 = PlantMAT|Any CPU
		{F04C6588-7C26-4804-A9BB-638F03FB6768}.Release|Any CPU.ActiveCfg = Release|Any CPU
		{F04C6588-7C26-4804-A9BB-638F03FB6768}.Release|Any CPU.Build.0 = Release|Any CPU
		{F04C6588-7C26-4804-A9BB-638F03FB6768}.Release|x64.ActiveCfg = Release|x64
		{F04C6588-7C26-4804-A9BB-638F03FB6768}.Release|x64.Build.0 = Release|x64
		{F04C6588-7C26-4804-A9BB-638F03FB6768}.Release|x86.ActiveCfg = Release|Any CPU
		{F04C6588-7C26-4804-A9BB-638F03FB6768}.Release|x86.Build.0 = Release|Any CPU
		{F04C6588-7C26-4804-A9BB-638F03FB6768}.Rsharp_app_release|Any CPU.ActiveCfg = Rsharp_app_release|Any CPU
		{F04C6588-7C26-4804-A9BB-638F03FB6768}.Rsharp_app_release|Any CPU.Build.0 = Rsharp_app_release|Any CPU
		{F04C6588-7C26-4804-A9BB-638F03FB6768}.Rsharp_app_release|x64.ActiveCfg = Rsharp_app_release|x64
		{F04C6588-7C26-4804-A9BB-638F03FB6768}.Rsharp_app_release|x64.Build.0 = Rsharp_app_release|x64
		{F04C6588-7C26-4804-A9BB-638F03FB6768}.Rsharp_app_release|x86.ActiveCfg = Rsharp_app_release|Any CPU
		{F04C6588-7C26-4804-A9BB-638F03FB6768}.Rsharp_app_release|x86.Build.0 = Rsharp_app_release|Any CPU
		{E3F7386E-8FEB-496E-A105-688D987E2032}.Debug|Any CPU.ActiveCfg = Debug|Any CPU
		{E3F7386E-8FEB-496E-A105-688D987E2032}.Debug|Any CPU.Build.0 = Debug|Any CPU
		{E3F7386E-8FEB-496E-A105-688D987E2032}.Debug|x64.ActiveCfg = Debug|x64
		{E3F7386E-8FEB-496E-A105-688D987E2032}.Debug|x64.Build.0 = Debug|x64
		{E3F7386E-8FEB-496E-A105-688D987E2032}.Debug|x86.ActiveCfg = Debug|Any CPU
		{E3F7386E-8FEB-496E-A105-688D987E2032}.Debug|x86.Build.0 = Debug|Any CPU
		{E3F7386E-8FEB-496E-A105-688D987E2032}.gcmodeller_desktop|Any CPU.ActiveCfg = gcmodeller_desktop|Any CPU
		{E3F7386E-8FEB-496E-A105-688D987E2032}.gcmodeller_desktop|Any CPU.Build.0 = gcmodeller_desktop|Any CPU
		{E3F7386E-8FEB-496E-A105-688D987E2032}.gcmodeller_desktop|x64.ActiveCfg = gcmodeller_desktop|x64
		{E3F7386E-8FEB-496E-A105-688D987E2032}.gcmodeller_desktop|x64.Build.0 = gcmodeller_desktop|x64
		{E3F7386E-8FEB-496E-A105-688D987E2032}.gcmodeller_desktop|x86.ActiveCfg = gcmodeller_desktop|Any CPU
		{E3F7386E-8FEB-496E-A105-688D987E2032}.gcmodeller_desktop|x86.Build.0 = gcmodeller_desktop|Any CPU
		{E3F7386E-8FEB-496E-A105-688D987E2032}.LipidSearch|Any CPU.ActiveCfg = LipidSearch|Any CPU
		{E3F7386E-8FEB-496E-A105-688D987E2032}.LipidSearch|Any CPU.Build.0 = LipidSearch|Any CPU
		{E3F7386E-8FEB-496E-A105-688D987E2032}.LipidSearch|x64.ActiveCfg = LipidSearch|x64
		{E3F7386E-8FEB-496E-A105-688D987E2032}.LipidSearch|x64.Build.0 = LipidSearch|x64
		{E3F7386E-8FEB-496E-A105-688D987E2032}.LipidSearch|x86.ActiveCfg = LipidSearch|Any CPU
		{E3F7386E-8FEB-496E-A105-688D987E2032}.LipidSearch|x86.Build.0 = LipidSearch|Any CPU
		{E3F7386E-8FEB-496E-A105-688D987E2032}.mzkit_win32|Any CPU.ActiveCfg = mzkit_win32|Any CPU
		{E3F7386E-8FEB-496E-A105-688D987E2032}.mzkit_win32|Any CPU.Build.0 = mzkit_win32|Any CPU
		{E3F7386E-8FEB-496E-A105-688D987E2032}.mzkit_win32|x64.ActiveCfg = mzkit_win32|x64
		{E3F7386E-8FEB-496E-A105-688D987E2032}.mzkit_win32|x64.Build.0 = mzkit_win32|x64
		{E3F7386E-8FEB-496E-A105-688D987E2032}.mzkit_win32|x86.ActiveCfg = mzkit_win32|Any CPU
		{E3F7386E-8FEB-496E-A105-688D987E2032}.mzkit_win32|x86.Build.0 = mzkit_win32|Any CPU
		{E3F7386E-8FEB-496E-A105-688D987E2032}.mzkit|Any CPU.ActiveCfg = mzkit|Any CPU
		{E3F7386E-8FEB-496E-A105-688D987E2032}.mzkit|Any CPU.Build.0 = mzkit|Any CPU
		{E3F7386E-8FEB-496E-A105-688D987E2032}.mzkit|x64.ActiveCfg = mzkit|x64
		{E3F7386E-8FEB-496E-A105-688D987E2032}.mzkit|x64.Build.0 = mzkit|x64
		{E3F7386E-8FEB-496E-A105-688D987E2032}.mzkit|x86.ActiveCfg = mzkit|Any CPU
		{E3F7386E-8FEB-496E-A105-688D987E2032}.mzkit|x86.Build.0 = mzkit|Any CPU
		{E3F7386E-8FEB-496E-A105-688D987E2032}.NPSearch|Any CPU.ActiveCfg = Debug|Any CPU
		{E3F7386E-8FEB-496E-A105-688D987E2032}.NPSearch|Any CPU.Build.0 = Debug|Any CPU
		{E3F7386E-8FEB-496E-A105-688D987E2032}.NPSearch|x64.ActiveCfg = Debug|x64
		{E3F7386E-8FEB-496E-A105-688D987E2032}.NPSearch|x64.Build.0 = Debug|x64
		{E3F7386E-8FEB-496E-A105-688D987E2032}.NPSearch|x86.ActiveCfg = Debug|Any CPU
		{E3F7386E-8FEB-496E-A105-688D987E2032}.NPSearch|x86.Build.0 = Debug|Any CPU
		{E3F7386E-8FEB-496E-A105-688D987E2032}.PlantMAT|Any CPU.ActiveCfg = Debug|Any CPU
		{E3F7386E-8FEB-496E-A105-688D987E2032}.PlantMAT|Any CPU.Build.0 = Debug|Any CPU
		{E3F7386E-8FEB-496E-A105-688D987E2032}.PlantMAT|x64.ActiveCfg = Debug|x64
		{E3F7386E-8FEB-496E-A105-688D987E2032}.PlantMAT|x64.Build.0 = Debug|x64
		{E3F7386E-8FEB-496E-A105-688D987E2032}.PlantMAT|x86.ActiveCfg = Debug|Any CPU
		{E3F7386E-8FEB-496E-A105-688D987E2032}.PlantMAT|x86.Build.0 = Debug|Any CPU
		{E3F7386E-8FEB-496E-A105-688D987E2032}.Release|Any CPU.ActiveCfg = Release|Any CPU
		{E3F7386E-8FEB-496E-A105-688D987E2032}.Release|Any CPU.Build.0 = Release|Any CPU
		{E3F7386E-8FEB-496E-A105-688D987E2032}.Release|x64.ActiveCfg = Release|x64
		{E3F7386E-8FEB-496E-A105-688D987E2032}.Release|x64.Build.0 = Release|x64
		{E3F7386E-8FEB-496E-A105-688D987E2032}.Release|x86.ActiveCfg = Release|Any CPU
		{E3F7386E-8FEB-496E-A105-688D987E2032}.Release|x86.Build.0 = Release|Any CPU
		{E3F7386E-8FEB-496E-A105-688D987E2032}.Rsharp_app_release|Any CPU.ActiveCfg = Rsharp_app_release|Any CPU
		{E3F7386E-8FEB-496E-A105-688D987E2032}.Rsharp_app_release|Any CPU.Build.0 = Rsharp_app_release|Any CPU
		{E3F7386E-8FEB-496E-A105-688D987E2032}.Rsharp_app_release|x64.ActiveCfg = Rsharp_app_release|x64
		{E3F7386E-8FEB-496E-A105-688D987E2032}.Rsharp_app_release|x64.Build.0 = Rsharp_app_release|x64
		{E3F7386E-8FEB-496E-A105-688D987E2032}.Rsharp_app_release|x86.ActiveCfg = Rsharp_app_release|Any CPU
		{E3F7386E-8FEB-496E-A105-688D987E2032}.Rsharp_app_release|x86.Build.0 = Rsharp_app_release|Any CPU
		{BA8970C4-D0A1-43D7-985F-79FFAE171CA9}.Debug|Any CPU.ActiveCfg = Debug|Any CPU
		{BA8970C4-D0A1-43D7-985F-79FFAE171CA9}.Debug|Any CPU.Build.0 = Debug|Any CPU
		{BA8970C4-D0A1-43D7-985F-79FFAE171CA9}.Debug|x64.ActiveCfg = Debug|x64
		{BA8970C4-D0A1-43D7-985F-79FFAE171CA9}.Debug|x64.Build.0 = Debug|x64
		{BA8970C4-D0A1-43D7-985F-79FFAE171CA9}.Debug|x86.ActiveCfg = Debug|Any CPU
		{BA8970C4-D0A1-43D7-985F-79FFAE171CA9}.Debug|x86.Build.0 = Debug|Any CPU
		{BA8970C4-D0A1-43D7-985F-79FFAE171CA9}.gcmodeller_desktop|Any CPU.ActiveCfg = gcmodeller_desktop|Any CPU
		{BA8970C4-D0A1-43D7-985F-79FFAE171CA9}.gcmodeller_desktop|Any CPU.Build.0 = gcmodeller_desktop|Any CPU
		{BA8970C4-D0A1-43D7-985F-79FFAE171CA9}.gcmodeller_desktop|x64.ActiveCfg = gcmodeller_desktop|x64
		{BA8970C4-D0A1-43D7-985F-79FFAE171CA9}.gcmodeller_desktop|x64.Build.0 = gcmodeller_desktop|x64
		{BA8970C4-D0A1-43D7-985F-79FFAE171CA9}.gcmodeller_desktop|x86.ActiveCfg = gcmodeller_desktop|Any CPU
		{BA8970C4-D0A1-43D7-985F-79FFAE171CA9}.gcmodeller_desktop|x86.Build.0 = gcmodeller_desktop|Any CPU
		{BA8970C4-D0A1-43D7-985F-79FFAE171CA9}.LipidSearch|Any CPU.ActiveCfg = LipidSearch|Any CPU
		{BA8970C4-D0A1-43D7-985F-79FFAE171CA9}.LipidSearch|Any CPU.Build.0 = LipidSearch|Any CPU
		{BA8970C4-D0A1-43D7-985F-79FFAE171CA9}.LipidSearch|x64.ActiveCfg = LipidSearch|x64
		{BA8970C4-D0A1-43D7-985F-79FFAE171CA9}.LipidSearch|x64.Build.0 = LipidSearch|x64
		{BA8970C4-D0A1-43D7-985F-79FFAE171CA9}.LipidSearch|x86.ActiveCfg = LipidSearch|Any CPU
		{BA8970C4-D0A1-43D7-985F-79FFAE171CA9}.LipidSearch|x86.Build.0 = LipidSearch|Any CPU
		{BA8970C4-D0A1-43D7-985F-79FFAE171CA9}.mzkit_win32|Any CPU.ActiveCfg = mzkit_win32|Any CPU
		{BA8970C4-D0A1-43D7-985F-79FFAE171CA9}.mzkit_win32|Any CPU.Build.0 = mzkit_win32|Any CPU
		{BA8970C4-D0A1-43D7-985F-79FFAE171CA9}.mzkit_win32|x64.ActiveCfg = mzkit_win32|x64
		{BA8970C4-D0A1-43D7-985F-79FFAE171CA9}.mzkit_win32|x64.Build.0 = mzkit_win32|x64
		{BA8970C4-D0A1-43D7-985F-79FFAE171CA9}.mzkit_win32|x86.ActiveCfg = mzkit_win32|Any CPU
		{BA8970C4-D0A1-43D7-985F-79FFAE171CA9}.mzkit_win32|x86.Build.0 = mzkit_win32|Any CPU
		{BA8970C4-D0A1-43D7-985F-79FFAE171CA9}.mzkit|Any CPU.ActiveCfg = mzkit|Any CPU
		{BA8970C4-D0A1-43D7-985F-79FFAE171CA9}.mzkit|Any CPU.Build.0 = mzkit|Any CPU
		{BA8970C4-D0A1-43D7-985F-79FFAE171CA9}.mzkit|x64.ActiveCfg = mzkit|x64
		{BA8970C4-D0A1-43D7-985F-79FFAE171CA9}.mzkit|x64.Build.0 = mzkit|x64
		{BA8970C4-D0A1-43D7-985F-79FFAE171CA9}.mzkit|x86.ActiveCfg = mzkit|Any CPU
		{BA8970C4-D0A1-43D7-985F-79FFAE171CA9}.mzkit|x86.Build.0 = mzkit|Any CPU
		{BA8970C4-D0A1-43D7-985F-79FFAE171CA9}.NPSearch|Any CPU.ActiveCfg = Debug|Any CPU
		{BA8970C4-D0A1-43D7-985F-79FFAE171CA9}.NPSearch|Any CPU.Build.0 = Debug|Any CPU
		{BA8970C4-D0A1-43D7-985F-79FFAE171CA9}.NPSearch|x64.ActiveCfg = Debug|x64
		{BA8970C4-D0A1-43D7-985F-79FFAE171CA9}.NPSearch|x64.Build.0 = Debug|x64
		{BA8970C4-D0A1-43D7-985F-79FFAE171CA9}.NPSearch|x86.ActiveCfg = Debug|Any CPU
		{BA8970C4-D0A1-43D7-985F-79FFAE171CA9}.NPSearch|x86.Build.0 = Debug|Any CPU
		{BA8970C4-D0A1-43D7-985F-79FFAE171CA9}.PlantMAT|Any CPU.ActiveCfg = Debug|Any CPU
		{BA8970C4-D0A1-43D7-985F-79FFAE171CA9}.PlantMAT|Any CPU.Build.0 = Debug|Any CPU
		{BA8970C4-D0A1-43D7-985F-79FFAE171CA9}.PlantMAT|x64.ActiveCfg = Debug|x64
		{BA8970C4-D0A1-43D7-985F-79FFAE171CA9}.PlantMAT|x64.Build.0 = Debug|x64
		{BA8970C4-D0A1-43D7-985F-79FFAE171CA9}.PlantMAT|x86.ActiveCfg = Debug|Any CPU
		{BA8970C4-D0A1-43D7-985F-79FFAE171CA9}.PlantMAT|x86.Build.0 = Debug|Any CPU
		{BA8970C4-D0A1-43D7-985F-79FFAE171CA9}.Release|Any CPU.ActiveCfg = Release|Any CPU
		{BA8970C4-D0A1-43D7-985F-79FFAE171CA9}.Release|Any CPU.Build.0 = Release|Any CPU
		{BA8970C4-D0A1-43D7-985F-79FFAE171CA9}.Release|x64.ActiveCfg = Release|x64
		{BA8970C4-D0A1-43D7-985F-79FFAE171CA9}.Release|x64.Build.0 = Release|x64
		{BA8970C4-D0A1-43D7-985F-79FFAE171CA9}.Release|x86.ActiveCfg = Release|Any CPU
		{BA8970C4-D0A1-43D7-985F-79FFAE171CA9}.Release|x86.Build.0 = Release|Any CPU
		{BA8970C4-D0A1-43D7-985F-79FFAE171CA9}.Rsharp_app_release|Any CPU.ActiveCfg = Rsharp_app_release|Any CPU
		{BA8970C4-D0A1-43D7-985F-79FFAE171CA9}.Rsharp_app_release|Any CPU.Build.0 = Rsharp_app_release|Any CPU
		{BA8970C4-D0A1-43D7-985F-79FFAE171CA9}.Rsharp_app_release|x64.ActiveCfg = Rsharp_app_release|x64
		{BA8970C4-D0A1-43D7-985F-79FFAE171CA9}.Rsharp_app_release|x64.Build.0 = Rsharp_app_release|x64
		{BA8970C4-D0A1-43D7-985F-79FFAE171CA9}.Rsharp_app_release|x86.ActiveCfg = Rsharp_app_release|Any CPU
		{BA8970C4-D0A1-43D7-985F-79FFAE171CA9}.Rsharp_app_release|x86.Build.0 = Rsharp_app_release|Any CPU
		{EA038EDE-0E0C-4F3B-AD90-E4C0934D14DB}.Debug|Any CPU.ActiveCfg = Debug|Any CPU
		{EA038EDE-0E0C-4F3B-AD90-E4C0934D14DB}.Debug|Any CPU.Build.0 = Debug|Any CPU
		{EA038EDE-0E0C-4F3B-AD90-E4C0934D14DB}.Debug|x64.ActiveCfg = Debug|x64
		{EA038EDE-0E0C-4F3B-AD90-E4C0934D14DB}.Debug|x64.Build.0 = Debug|x64
		{EA038EDE-0E0C-4F3B-AD90-E4C0934D14DB}.Debug|x86.ActiveCfg = Debug|Any CPU
		{EA038EDE-0E0C-4F3B-AD90-E4C0934D14DB}.Debug|x86.Build.0 = Debug|Any CPU
		{EA038EDE-0E0C-4F3B-AD90-E4C0934D14DB}.gcmodeller_desktop|Any CPU.ActiveCfg = gcmodeller_desktop|Any CPU
		{EA038EDE-0E0C-4F3B-AD90-E4C0934D14DB}.gcmodeller_desktop|Any CPU.Build.0 = gcmodeller_desktop|Any CPU
		{EA038EDE-0E0C-4F3B-AD90-E4C0934D14DB}.gcmodeller_desktop|x64.ActiveCfg = gcmodeller_desktop|x64
		{EA038EDE-0E0C-4F3B-AD90-E4C0934D14DB}.gcmodeller_desktop|x64.Build.0 = gcmodeller_desktop|x64
		{EA038EDE-0E0C-4F3B-AD90-E4C0934D14DB}.gcmodeller_desktop|x86.ActiveCfg = gcmodeller_desktop|Any CPU
		{EA038EDE-0E0C-4F3B-AD90-E4C0934D14DB}.gcmodeller_desktop|x86.Build.0 = gcmodeller_desktop|Any CPU
		{EA038EDE-0E0C-4F3B-AD90-E4C0934D14DB}.LipidSearch|Any CPU.ActiveCfg = Debug|Any CPU
		{EA038EDE-0E0C-4F3B-AD90-E4C0934D14DB}.LipidSearch|Any CPU.Build.0 = Debug|Any CPU
		{EA038EDE-0E0C-4F3B-AD90-E4C0934D14DB}.LipidSearch|x64.ActiveCfg = Debug|x64
		{EA038EDE-0E0C-4F3B-AD90-E4C0934D14DB}.LipidSearch|x64.Build.0 = Debug|x64
		{EA038EDE-0E0C-4F3B-AD90-E4C0934D14DB}.LipidSearch|x86.ActiveCfg = Debug|Any CPU
		{EA038EDE-0E0C-4F3B-AD90-E4C0934D14DB}.LipidSearch|x86.Build.0 = Debug|Any CPU
		{EA038EDE-0E0C-4F3B-AD90-E4C0934D14DB}.mzkit_win32|Any CPU.ActiveCfg = mzkit_win32|Any CPU
		{EA038EDE-0E0C-4F3B-AD90-E4C0934D14DB}.mzkit_win32|Any CPU.Build.0 = mzkit_win32|Any CPU
		{EA038EDE-0E0C-4F3B-AD90-E4C0934D14DB}.mzkit_win32|x64.ActiveCfg = mzkit_win32|x64
		{EA038EDE-0E0C-4F3B-AD90-E4C0934D14DB}.mzkit_win32|x64.Build.0 = mzkit_win32|x64
		{EA038EDE-0E0C-4F3B-AD90-E4C0934D14DB}.mzkit_win32|x86.ActiveCfg = mzkit_win32|Any CPU
		{EA038EDE-0E0C-4F3B-AD90-E4C0934D14DB}.mzkit_win32|x86.Build.0 = mzkit_win32|Any CPU
		{EA038EDE-0E0C-4F3B-AD90-E4C0934D14DB}.mzkit|Any CPU.ActiveCfg = mzkit_win32|Any CPU
		{EA038EDE-0E0C-4F3B-AD90-E4C0934D14DB}.mzkit|Any CPU.Build.0 = mzkit_win32|Any CPU
		{EA038EDE-0E0C-4F3B-AD90-E4C0934D14DB}.mzkit|x64.ActiveCfg = mzkit_win32|x64
		{EA038EDE-0E0C-4F3B-AD90-E4C0934D14DB}.mzkit|x64.Build.0 = mzkit_win32|x64
		{EA038EDE-0E0C-4F3B-AD90-E4C0934D14DB}.mzkit|x86.ActiveCfg = mzkit_win32|Any CPU
		{EA038EDE-0E0C-4F3B-AD90-E4C0934D14DB}.mzkit|x86.Build.0 = mzkit_win32|Any CPU
		{EA038EDE-0E0C-4F3B-AD90-E4C0934D14DB}.NPSearch|Any CPU.ActiveCfg = Debug|Any CPU
		{EA038EDE-0E0C-4F3B-AD90-E4C0934D14DB}.NPSearch|Any CPU.Build.0 = Debug|Any CPU
		{EA038EDE-0E0C-4F3B-AD90-E4C0934D14DB}.NPSearch|x64.ActiveCfg = Debug|x64
		{EA038EDE-0E0C-4F3B-AD90-E4C0934D14DB}.NPSearch|x64.Build.0 = Debug|x64
		{EA038EDE-0E0C-4F3B-AD90-E4C0934D14DB}.NPSearch|x86.ActiveCfg = Debug|Any CPU
		{EA038EDE-0E0C-4F3B-AD90-E4C0934D14DB}.NPSearch|x86.Build.0 = Debug|Any CPU
		{EA038EDE-0E0C-4F3B-AD90-E4C0934D14DB}.PlantMAT|Any CPU.ActiveCfg = Debug|Any CPU
		{EA038EDE-0E0C-4F3B-AD90-E4C0934D14DB}.PlantMAT|Any CPU.Build.0 = Debug|Any CPU
		{EA038EDE-0E0C-4F3B-AD90-E4C0934D14DB}.PlantMAT|x64.ActiveCfg = Debug|x64
		{EA038EDE-0E0C-4F3B-AD90-E4C0934D14DB}.PlantMAT|x64.Build.0 = Debug|x64
		{EA038EDE-0E0C-4F3B-AD90-E4C0934D14DB}.PlantMAT|x86.ActiveCfg = Debug|Any CPU
		{EA038EDE-0E0C-4F3B-AD90-E4C0934D14DB}.PlantMAT|x86.Build.0 = Debug|Any CPU
		{EA038EDE-0E0C-4F3B-AD90-E4C0934D14DB}.Release|Any CPU.ActiveCfg = Release|Any CPU
		{EA038EDE-0E0C-4F3B-AD90-E4C0934D14DB}.Release|Any CPU.Build.0 = Release|Any CPU
		{EA038EDE-0E0C-4F3B-AD90-E4C0934D14DB}.Release|x64.ActiveCfg = Release|x64
		{EA038EDE-0E0C-4F3B-AD90-E4C0934D14DB}.Release|x64.Build.0 = Release|x64
		{EA038EDE-0E0C-4F3B-AD90-E4C0934D14DB}.Release|x86.ActiveCfg = Release|Any CPU
		{EA038EDE-0E0C-4F3B-AD90-E4C0934D14DB}.Release|x86.Build.0 = Release|Any CPU
		{EA038EDE-0E0C-4F3B-AD90-E4C0934D14DB}.Rsharp_app_release|Any CPU.ActiveCfg = Rsharp_app_release|Any CPU
		{EA038EDE-0E0C-4F3B-AD90-E4C0934D14DB}.Rsharp_app_release|Any CPU.Build.0 = Rsharp_app_release|Any CPU
		{EA038EDE-0E0C-4F3B-AD90-E4C0934D14DB}.Rsharp_app_release|x64.ActiveCfg = Rsharp_app_release|x64
		{EA038EDE-0E0C-4F3B-AD90-E4C0934D14DB}.Rsharp_app_release|x64.Build.0 = Rsharp_app_release|x64
		{EA038EDE-0E0C-4F3B-AD90-E4C0934D14DB}.Rsharp_app_release|x86.ActiveCfg = Rsharp_app_release|Any CPU
		{EA038EDE-0E0C-4F3B-AD90-E4C0934D14DB}.Rsharp_app_release|x86.Build.0 = Rsharp_app_release|Any CPU
		{9F9BE589-35DC-425E-B28C-65510E54A6E8}.Debug|Any CPU.ActiveCfg = Debug|Any CPU
		{9F9BE589-35DC-425E-B28C-65510E54A6E8}.Debug|Any CPU.Build.0 = Debug|Any CPU
		{9F9BE589-35DC-425E-B28C-65510E54A6E8}.Debug|x64.ActiveCfg = Debug|x64
		{9F9BE589-35DC-425E-B28C-65510E54A6E8}.Debug|x64.Build.0 = Debug|x64
		{9F9BE589-35DC-425E-B28C-65510E54A6E8}.Debug|x86.ActiveCfg = Debug|Any CPU
		{9F9BE589-35DC-425E-B28C-65510E54A6E8}.Debug|x86.Build.0 = Debug|Any CPU
		{9F9BE589-35DC-425E-B28C-65510E54A6E8}.gcmodeller_desktop|Any CPU.ActiveCfg = gcmodeller_desktop|Any CPU
		{9F9BE589-35DC-425E-B28C-65510E54A6E8}.gcmodeller_desktop|Any CPU.Build.0 = gcmodeller_desktop|Any CPU
		{9F9BE589-35DC-425E-B28C-65510E54A6E8}.gcmodeller_desktop|x64.ActiveCfg = gcmodeller_desktop|x64
		{9F9BE589-35DC-425E-B28C-65510E54A6E8}.gcmodeller_desktop|x64.Build.0 = gcmodeller_desktop|x64
		{9F9BE589-35DC-425E-B28C-65510E54A6E8}.gcmodeller_desktop|x86.ActiveCfg = gcmodeller_desktop|Any CPU
		{9F9BE589-35DC-425E-B28C-65510E54A6E8}.gcmodeller_desktop|x86.Build.0 = gcmodeller_desktop|Any CPU
		{9F9BE589-35DC-425E-B28C-65510E54A6E8}.LipidSearch|Any CPU.ActiveCfg = Debug|Any CPU
		{9F9BE589-35DC-425E-B28C-65510E54A6E8}.LipidSearch|Any CPU.Build.0 = Debug|Any CPU
		{9F9BE589-35DC-425E-B28C-65510E54A6E8}.LipidSearch|x64.ActiveCfg = Debug|x64
		{9F9BE589-35DC-425E-B28C-65510E54A6E8}.LipidSearch|x64.Build.0 = Debug|x64
		{9F9BE589-35DC-425E-B28C-65510E54A6E8}.LipidSearch|x86.ActiveCfg = Debug|Any CPU
		{9F9BE589-35DC-425E-B28C-65510E54A6E8}.LipidSearch|x86.Build.0 = Debug|Any CPU
		{9F9BE589-35DC-425E-B28C-65510E54A6E8}.mzkit_win32|Any CPU.ActiveCfg = mzkit_win32|Any CPU
		{9F9BE589-35DC-425E-B28C-65510E54A6E8}.mzkit_win32|Any CPU.Build.0 = mzkit_win32|Any CPU
		{9F9BE589-35DC-425E-B28C-65510E54A6E8}.mzkit_win32|x64.ActiveCfg = mzkit_win32|x64
		{9F9BE589-35DC-425E-B28C-65510E54A6E8}.mzkit_win32|x64.Build.0 = mzkit_win32|x64
		{9F9BE589-35DC-425E-B28C-65510E54A6E8}.mzkit_win32|x86.ActiveCfg = mzkit_win32|Any CPU
		{9F9BE589-35DC-425E-B28C-65510E54A6E8}.mzkit_win32|x86.Build.0 = mzkit_win32|Any CPU
		{9F9BE589-35DC-425E-B28C-65510E54A6E8}.mzkit|Any CPU.ActiveCfg = mzkit_win32|Any CPU
		{9F9BE589-35DC-425E-B28C-65510E54A6E8}.mzkit|Any CPU.Build.0 = mzkit_win32|Any CPU
		{9F9BE589-35DC-425E-B28C-65510E54A6E8}.mzkit|x64.ActiveCfg = mzkit_win32|x64
		{9F9BE589-35DC-425E-B28C-65510E54A6E8}.mzkit|x64.Build.0 = mzkit_win32|x64
		{9F9BE589-35DC-425E-B28C-65510E54A6E8}.mzkit|x86.ActiveCfg = mzkit_win32|Any CPU
		{9F9BE589-35DC-425E-B28C-65510E54A6E8}.mzkit|x86.Build.0 = mzkit_win32|Any CPU
		{9F9BE589-35DC-425E-B28C-65510E54A6E8}.NPSearch|Any CPU.ActiveCfg = Debug|Any CPU
		{9F9BE589-35DC-425E-B28C-65510E54A6E8}.NPSearch|Any CPU.Build.0 = Debug|Any CPU
		{9F9BE589-35DC-425E-B28C-65510E54A6E8}.NPSearch|x64.ActiveCfg = Debug|x64
		{9F9BE589-35DC-425E-B28C-65510E54A6E8}.NPSearch|x64.Build.0 = Debug|x64
		{9F9BE589-35DC-425E-B28C-65510E54A6E8}.NPSearch|x86.ActiveCfg = Debug|Any CPU
		{9F9BE589-35DC-425E-B28C-65510E54A6E8}.NPSearch|x86.Build.0 = Debug|Any CPU
		{9F9BE589-35DC-425E-B28C-65510E54A6E8}.PlantMAT|Any CPU.ActiveCfg = Debug|Any CPU
		{9F9BE589-35DC-425E-B28C-65510E54A6E8}.PlantMAT|Any CPU.Build.0 = Debug|Any CPU
		{9F9BE589-35DC-425E-B28C-65510E54A6E8}.PlantMAT|x64.ActiveCfg = Debug|x64
		{9F9BE589-35DC-425E-B28C-65510E54A6E8}.PlantMAT|x64.Build.0 = Debug|x64
		{9F9BE589-35DC-425E-B28C-65510E54A6E8}.PlantMAT|x86.ActiveCfg = Debug|Any CPU
		{9F9BE589-35DC-425E-B28C-65510E54A6E8}.PlantMAT|x86.Build.0 = Debug|Any CPU
		{9F9BE589-35DC-425E-B28C-65510E54A6E8}.Release|Any CPU.ActiveCfg = Release|Any CPU
		{9F9BE589-35DC-425E-B28C-65510E54A6E8}.Release|Any CPU.Build.0 = Release|Any CPU
		{9F9BE589-35DC-425E-B28C-65510E54A6E8}.Release|x64.ActiveCfg = Release|x64
		{9F9BE589-35DC-425E-B28C-65510E54A6E8}.Release|x64.Build.0 = Release|x64
		{9F9BE589-35DC-425E-B28C-65510E54A6E8}.Release|x86.ActiveCfg = Release|Any CPU
		{9F9BE589-35DC-425E-B28C-65510E54A6E8}.Release|x86.Build.0 = Release|Any CPU
		{9F9BE589-35DC-425E-B28C-65510E54A6E8}.Rsharp_app_release|Any CPU.ActiveCfg = Rsharp_app_release|Any CPU
		{9F9BE589-35DC-425E-B28C-65510E54A6E8}.Rsharp_app_release|Any CPU.Build.0 = Rsharp_app_release|Any CPU
		{9F9BE589-35DC-425E-B28C-65510E54A6E8}.Rsharp_app_release|x64.ActiveCfg = Rsharp_app_release|x64
		{9F9BE589-35DC-425E-B28C-65510E54A6E8}.Rsharp_app_release|x64.Build.0 = Rsharp_app_release|x64
		{9F9BE589-35DC-425E-B28C-65510E54A6E8}.Rsharp_app_release|x86.ActiveCfg = Rsharp_app_release|Any CPU
		{9F9BE589-35DC-425E-B28C-65510E54A6E8}.Rsharp_app_release|x86.Build.0 = Rsharp_app_release|Any CPU
		{FBF88352-0959-4FC9-960C-5C9E54559971}.Debug|Any CPU.ActiveCfg = Debug|Any CPU
		{FBF88352-0959-4FC9-960C-5C9E54559971}.Debug|Any CPU.Build.0 = Debug|Any CPU
		{FBF88352-0959-4FC9-960C-5C9E54559971}.Debug|x64.ActiveCfg = Debug|x64
		{FBF88352-0959-4FC9-960C-5C9E54559971}.Debug|x64.Build.0 = Debug|x64
		{FBF88352-0959-4FC9-960C-5C9E54559971}.Debug|x86.ActiveCfg = Debug|Any CPU
		{FBF88352-0959-4FC9-960C-5C9E54559971}.Debug|x86.Build.0 = Debug|Any CPU
		{FBF88352-0959-4FC9-960C-5C9E54559971}.gcmodeller_desktop|Any CPU.ActiveCfg = gcmodeller_desktop|Any CPU
		{FBF88352-0959-4FC9-960C-5C9E54559971}.gcmodeller_desktop|Any CPU.Build.0 = gcmodeller_desktop|Any CPU
		{FBF88352-0959-4FC9-960C-5C9E54559971}.gcmodeller_desktop|x64.ActiveCfg = gcmodeller_desktop|x64
		{FBF88352-0959-4FC9-960C-5C9E54559971}.gcmodeller_desktop|x64.Build.0 = gcmodeller_desktop|x64
		{FBF88352-0959-4FC9-960C-5C9E54559971}.gcmodeller_desktop|x86.ActiveCfg = gcmodeller_desktop|Any CPU
		{FBF88352-0959-4FC9-960C-5C9E54559971}.gcmodeller_desktop|x86.Build.0 = gcmodeller_desktop|Any CPU
		{FBF88352-0959-4FC9-960C-5C9E54559971}.LipidSearch|Any CPU.ActiveCfg = LipidSearch|Any CPU
		{FBF88352-0959-4FC9-960C-5C9E54559971}.LipidSearch|Any CPU.Build.0 = LipidSearch|Any CPU
		{FBF88352-0959-4FC9-960C-5C9E54559971}.LipidSearch|x64.ActiveCfg = LipidSearch|x64
		{FBF88352-0959-4FC9-960C-5C9E54559971}.LipidSearch|x64.Build.0 = LipidSearch|x64
		{FBF88352-0959-4FC9-960C-5C9E54559971}.LipidSearch|x86.ActiveCfg = LipidSearch|Any CPU
		{FBF88352-0959-4FC9-960C-5C9E54559971}.LipidSearch|x86.Build.0 = LipidSearch|Any CPU
		{FBF88352-0959-4FC9-960C-5C9E54559971}.mzkit_win32|Any CPU.ActiveCfg = mzkit_win32|Any CPU
		{FBF88352-0959-4FC9-960C-5C9E54559971}.mzkit_win32|Any CPU.Build.0 = mzkit_win32|Any CPU
		{FBF88352-0959-4FC9-960C-5C9E54559971}.mzkit_win32|x64.ActiveCfg = mzkit_win32|x64
		{FBF88352-0959-4FC9-960C-5C9E54559971}.mzkit_win32|x64.Build.0 = mzkit_win32|x64
		{FBF88352-0959-4FC9-960C-5C9E54559971}.mzkit_win32|x86.ActiveCfg = mzkit_win32|Any CPU
		{FBF88352-0959-4FC9-960C-5C9E54559971}.mzkit_win32|x86.Build.0 = mzkit_win32|Any CPU
		{FBF88352-0959-4FC9-960C-5C9E54559971}.mzkit|Any CPU.ActiveCfg = mzkit|Any CPU
		{FBF88352-0959-4FC9-960C-5C9E54559971}.mzkit|Any CPU.Build.0 = mzkit|Any CPU
		{FBF88352-0959-4FC9-960C-5C9E54559971}.mzkit|x64.ActiveCfg = mzkit|x64
		{FBF88352-0959-4FC9-960C-5C9E54559971}.mzkit|x64.Build.0 = mzkit|x64
		{FBF88352-0959-4FC9-960C-5C9E54559971}.mzkit|x86.ActiveCfg = mzkit|Any CPU
		{FBF88352-0959-4FC9-960C-5C9E54559971}.mzkit|x86.Build.0 = mzkit|Any CPU
		{FBF88352-0959-4FC9-960C-5C9E54559971}.NPSearch|Any CPU.ActiveCfg = Debug|Any CPU
		{FBF88352-0959-4FC9-960C-5C9E54559971}.NPSearch|Any CPU.Build.0 = Debug|Any CPU
		{FBF88352-0959-4FC9-960C-5C9E54559971}.NPSearch|x64.ActiveCfg = Debug|x64
		{FBF88352-0959-4FC9-960C-5C9E54559971}.NPSearch|x64.Build.0 = Debug|x64
		{FBF88352-0959-4FC9-960C-5C9E54559971}.NPSearch|x86.ActiveCfg = Debug|Any CPU
		{FBF88352-0959-4FC9-960C-5C9E54559971}.NPSearch|x86.Build.0 = Debug|Any CPU
		{FBF88352-0959-4FC9-960C-5C9E54559971}.PlantMAT|Any CPU.ActiveCfg = Debug|Any CPU
		{FBF88352-0959-4FC9-960C-5C9E54559971}.PlantMAT|Any CPU.Build.0 = Debug|Any CPU
		{FBF88352-0959-4FC9-960C-5C9E54559971}.PlantMAT|x64.ActiveCfg = Debug|x64
		{FBF88352-0959-4FC9-960C-5C9E54559971}.PlantMAT|x64.Build.0 = Debug|x64
		{FBF88352-0959-4FC9-960C-5C9E54559971}.PlantMAT|x86.ActiveCfg = Debug|Any CPU
		{FBF88352-0959-4FC9-960C-5C9E54559971}.PlantMAT|x86.Build.0 = Debug|Any CPU
		{FBF88352-0959-4FC9-960C-5C9E54559971}.Release|Any CPU.ActiveCfg = Release|Any CPU
		{FBF88352-0959-4FC9-960C-5C9E54559971}.Release|Any CPU.Build.0 = Release|Any CPU
		{FBF88352-0959-4FC9-960C-5C9E54559971}.Release|x64.ActiveCfg = Release|x64
		{FBF88352-0959-4FC9-960C-5C9E54559971}.Release|x64.Build.0 = Release|x64
		{FBF88352-0959-4FC9-960C-5C9E54559971}.Release|x86.ActiveCfg = Release|Any CPU
		{FBF88352-0959-4FC9-960C-5C9E54559971}.Release|x86.Build.0 = Release|Any CPU
		{FBF88352-0959-4FC9-960C-5C9E54559971}.Rsharp_app_release|Any CPU.ActiveCfg = Rsharp_app_release|Any CPU
		{FBF88352-0959-4FC9-960C-5C9E54559971}.Rsharp_app_release|Any CPU.Build.0 = Rsharp_app_release|Any CPU
		{FBF88352-0959-4FC9-960C-5C9E54559971}.Rsharp_app_release|x64.ActiveCfg = Rsharp_app_release|x64
		{FBF88352-0959-4FC9-960C-5C9E54559971}.Rsharp_app_release|x64.Build.0 = Rsharp_app_release|x64
		{FBF88352-0959-4FC9-960C-5C9E54559971}.Rsharp_app_release|x86.ActiveCfg = Rsharp_app_release|Any CPU
		{FBF88352-0959-4FC9-960C-5C9E54559971}.Rsharp_app_release|x86.Build.0 = Rsharp_app_release|Any CPU
	EndGlobalSection
	GlobalSection(SolutionProperties) = preSolution
		HideSolutionNode = FALSE
	EndGlobalSection
	GlobalSection(NestedProjects) = preSolution
		{EF862CD2-BBD8-476C-9E40-214A5009115E} = {B7AE7E02-1987-4099-9FBD-3B1D3D2F23AE}
		{F1D12251-EFD7-45FE-9613-986411852492} = {B7AE7E02-1987-4099-9FBD-3B1D3D2F23AE}
		{69F897C7-B128-4AD5-A459-F7BE293D8A14} = {B7AE7E02-1987-4099-9FBD-3B1D3D2F23AE}
		{D1B452D5-DF70-4A65-B98A-FD125AE0E800} = {B7AE7E02-1987-4099-9FBD-3B1D3D2F23AE}
		{DFFBF772-2AAB-4309-9550-32FCD0410808} = {EF862CD2-BBD8-476C-9E40-214A5009115E}
		{09C86A3C-9AB7-46BB-83D9-F866D705A767} = {EF862CD2-BBD8-476C-9E40-214A5009115E}
		{67995DE9-09C0-4CC9-89C4-5C5078468733} = {EF862CD2-BBD8-476C-9E40-214A5009115E}
		{F46A7DDC-028B-40B4-8224-A2A8233A5E47} = {B7AE7E02-1987-4099-9FBD-3B1D3D2F23AE}
		{7B5D3D1A-C8FF-4770-A4EB-53295398D457} = {EA0F45EE-99E5-4842-A0B8-146031E76FD4}
		{78C60F4E-50F9-4A84-8290-2886728A4B34} = {EA0F45EE-99E5-4842-A0B8-146031E76FD4}
		{011B5BA6-B4B1-4858-B59A-9BA2E90DB990} = {EA0F45EE-99E5-4842-A0B8-146031E76FD4}
		{533A9317-64FD-4F72-8C0F-A77506AE5E8A} = {EA0F45EE-99E5-4842-A0B8-146031E76FD4}
		{EF250D4F-7CE8-4636-881F-5DAA03FC9120} = {69F897C7-B128-4AD5-A459-F7BE293D8A14}
		{2A776AC7-4A0F-4EFA-B866-54EDC9814009} = {69F897C7-B128-4AD5-A459-F7BE293D8A14}
		{79ACFDD6-82E1-4E11-AD7F-6D99D5A46509} = {69F897C7-B128-4AD5-A459-F7BE293D8A14}
		{F04C6588-7C26-4804-A9BB-638F03FB6768} = {69F897C7-B128-4AD5-A459-F7BE293D8A14}
		{E3F7386E-8FEB-496E-A105-688D987E2032} = {F1D12251-EFD7-45FE-9613-986411852492}
		{BA8970C4-D0A1-43D7-985F-79FFAE171CA9} = {F1D12251-EFD7-45FE-9613-986411852492}
		{EA038EDE-0E0C-4F3B-AD90-E4C0934D14DB} = {F1D12251-EFD7-45FE-9613-986411852492}
		{9F9BE589-35DC-425E-B28C-65510E54A6E8} = {F1D12251-EFD7-45FE-9613-986411852492}
		{FBF88352-0959-4FC9-960C-5C9E54559971} = {F1D12251-EFD7-45FE-9613-986411852492}
	EndGlobalSection
	GlobalSection(ExtensibilityGlobals) = postSolution
		SolutionGuid = {C18A65ED-9DE2-4DF3-A679-A6D8D12F77B9}
	EndGlobalSection
	GlobalSection(SharedMSBuildProjectFiles) = preSolution
		..\..\..\R-sharp\Library\shares\symbolic\symbolic.projitems*{011b5ba6-b4b1-4858-b59a-9ba2e90db990}*SharedItemsImports = 13
		..\..\..\R-sharp\Library\shares\symbolic\symbolic.projitems*{3b09d35a-315f-4080-b262-2dcf32f9e8e8}*SharedItemsImports = 5
		..\..\..\R-sharp\Library\shares\xgboostDataSet_helper\xgboostDataSet_helper.projitems*{3b09d35a-315f-4080-b262-2dcf32f9e8e8}*SharedItemsImports = 5
		..\..\..\R-sharp\studio\Rstudio.common\Rstudio.common.projitems*{533a9317-64fd-4f72-8c0f-a77506ae5e8a}*SharedItemsImports = 5
		..\..\..\R-sharp\Library\shares\xgboostDataSet_helper\xgboostDataSet_helper.projitems*{78c60f4e-50f9-4a84-8290-2886728a4b34}*SharedItemsImports = 13
	EndGlobalSection
EndGlobal
