
Microsoft Visual Studio Solution File, Format Version 12.00
# Visual Studio Version 17
VisualStudioVersion = 17.5.33209.295
MinimumVisualStudioVersion = 10.0.40219.1
Project("{778DAE3C-4631-46EA-AA77-85C1314464D9}") = "enigma", "enigma\enigma.vbproj", "{2CF7B5B6-F051-41DE-80D2-179DF8129A90}"
EndProject
Project("{2150E333-8FDC-42A3-9474-1A3956D46DE8}") = "framework", "framework", "{D6E0F6D2-EDDA-4593-B5FC-20C8D74F727E}"
EndProject
Project("{2150E333-8FDC-42A3-9474-1A3956D46DE8}") = "renv", "renv", "{E40DEA1D-E21B-4D94-8CE3-2D557EE5DAD7}"
EndProject
Project("{778DAE3C-4631-46EA-AA77-85C1314464D9}") = "Core", "..\..\sciBASIC#\Microsoft.VisualBasic.Core\src\Core.vbproj", "{341F6557-239E-47FE-9348-9F92469D1412}"
EndProject
Project("{778DAE3C-4631-46EA-AA77-85C1314464D9}") = "Math.NET5", "..\..\sciBASIC#\Data_science\Mathematica\Math\Math\Math.NET5.vbproj", "{CC49298D-5506-43B7-A14A-49DD60612649}"
EndProject
Project("{778DAE3C-4631-46EA-AA77-85C1314464D9}") = "machine_learning-netcore5", "..\..\sciBASIC#\Data_science\MachineLearning\MachineLearning\machine_learning-netcore5.vbproj", "{BEFD819A-73C6-4C1F-8037-383D13F1BB79}"
EndProject
Project("{2150E333-8FDC-42A3-9474-1A3956D46DE8}") = "machineLearning", "machineLearning", "{71825167-E383-48D5-9676-D949B933788B}"
EndProject
Project("{778DAE3C-4631-46EA-AA77-85C1314464D9}") = "DataMining.NET5", "..\..\sciBASIC#\Data_science\DataMining\DataMining\DataMining.NET5.vbproj", "{F0492E9E-30BD-4A03-82AB-EDC5C72686B8}"
EndProject
Project("{778DAE3C-4631-46EA-AA77-85C1314464D9}") = "DeepLearning.NET6", "..\..\sciBASIC#\Data_science\MachineLearning\DeepLearning\DeepLearning.NET6.vbproj", "{19B80524-8B66-48E6-B528-EBCF10A21A44}"
EndProject
Project("{778DAE3C-4631-46EA-AA77-85C1314464D9}") = "Rsharp-netcore5", "..\..\..\R-sharp\R#\Rsharp-netcore5.vbproj", "{0D32892E-726F-4953-B6B9-DA81BE5E4EDA}"
EndProject
Project("{778DAE3C-4631-46EA-AA77-85C1314464D9}") = "xml-netcore5", "..\..\sciBASIC#\mime\application%xml\xml-netcore5.vbproj", "{10EAA6D9-BED9-4C28-A3E8-C73B304A813D}"
EndProject
Project("{778DAE3C-4631-46EA-AA77-85C1314464D9}") = "symbolic-netcore5", "..\..\sciBASIC#\Data_science\Mathematica\Math\MathLambda\symbolic-netcore5.vbproj", "{0DFD8D5D-169F-4F01-93C5-5FD29EDE7216}"
EndProject
Project("{778DAE3C-4631-46EA-AA77-85C1314464D9}") = "R-cmd.NET5", "..\..\..\R-sharp\studio\R-terminal\R-cmd.NET5.vbproj", "{DBD3F627-D6A7-4053-86FB-A0D6027F3626}"
EndProject
Project("{D954291E-2A0B-460D-934E-DC6B0785DB48}") = "symbolic", "..\..\..\R-sharp\Library\shares\symbolic\symbolic.shproj", "{011B5BA6-B4B1-4858-B59A-9BA2E90DB990}"
EndProject
Project("{2150E333-8FDC-42A3-9474-1A3956D46DE8}") = "file", "file", "{60B0A608-BCE8-4700-A0C8-DCB32D9420FE}"
EndProject
Project("{778DAE3C-4631-46EA-AA77-85C1314464D9}") = "binarydata-netcore5", "..\..\sciBASIC#\Data\BinaryData\BinaryData\binarydata-netcore5.vbproj", "{621C810F-D61B-4AC5-B8CE-9BBDF0BAE4FB}"
EndProject
Project("{778DAE3C-4631-46EA-AA77-85C1314464D9}") = "HDSPack", "..\..\sciBASIC#\Data\BinaryData\HDSPack\HDSPack.vbproj", "{1C500449-C36C-4552-860D-8A9A8E113E94}"
EndProject
Project("{778DAE3C-4631-46EA-AA77-85C1314464D9}") = "msgpack-netcore5", "..\..\sciBASIC#\Data\BinaryData\msgpack\msgpack-netcore5.vbproj", "{2A20FF1E-C6CE-4E44-9842-42259B185494}"
EndProject
Project("{778DAE3C-4631-46EA-AA77-85C1314464D9}") = "xgboost", "..\..\sciBASIC#\Data_science\MachineLearning\xgboost\xgboost.vbproj", "{B803B3E0-8F71-4A3C-965F-11F2A34C91E1}"
EndProject
Project("{D954291E-2A0B-460D-934E-DC6B0785DB48}") = "xgboostDataSet_helper", "..\..\..\R-sharp\Library\shares\xgboostDataSet_helper\xgboostDataSet_helper.shproj", "{78C60F4E-50F9-4A84-8290-2886728A4B34}"
EndProject
Global
	GlobalSection(SolutionConfigurationPlatforms) = preSolution
		Debug|Any CPU = Debug|Any CPU
		Debug|x64 = Debug|x64
		Debug|x86 = Debug|x86
		gcmodeller_desktop|Any CPU = gcmodeller_desktop|Any CPU
		gcmodeller_desktop|x64 = gcmodeller_desktop|x64
		gcmodeller_desktop|x86 = gcmodeller_desktop|x86
		LipidSearch|Any CPU = LipidSearch|Any CPU
		LipidSearch|x64 = LipidSearch|x64
		LipidSearch|x86 = LipidSearch|x86
		mzkit_win32|Any CPU = mzkit_win32|Any CPU
		mzkit_win32|x64 = mzkit_win32|x64
		mzkit_win32|x86 = mzkit_win32|x86
		mzkit|Any CPU = mzkit|Any CPU
		mzkit|x64 = mzkit|x64
		mzkit|x86 = mzkit|x86
		NPSearch|Any CPU = NPSearch|Any CPU
		NPSearch|x64 = NPSearch|x64
		NPSearch|x86 = NPSearch|x86
		PlantMAT|Any CPU = PlantMAT|Any CPU
		PlantMAT|x64 = PlantMAT|x64
		PlantMAT|x86 = PlantMAT|x86
		Release|Any CPU = Release|Any CPU
		Release|x64 = Release|x64
		Release|x86 = Release|x86
		Rsharp_app_release|Any CPU = Rsharp_app_release|Any CPU
		Rsharp_app_release|x64 = Rsharp_app_release|x64
		Rsharp_app_release|x86 = Rsharp_app_release|x86
	EndGlobalSection
	GlobalSection(ProjectConfigurationPlatforms) = postSolution
		{2CF7B5B6-F051-41DE-80D2-179DF8129A90}.Debug|Any CPU.ActiveCfg = Debug|Any CPU
		{2CF7B5B6-F051-41DE-80D2-179DF8129A90}.Debug|Any CPU.Build.0 = Debug|Any CPU
		{2CF7B5B6-F051-41DE-80D2-179DF8129A90}.Debug|x64.ActiveCfg = Debug|x64
		{2CF7B5B6-F051-41DE-80D2-179DF8129A90}.Debug|x64.Build.0 = Debug|x64
		{2CF7B5B6-F051-41DE-80D2-179DF8129A90}.Debug|x86.ActiveCfg = Debug|Any CPU
		{2CF7B5B6-F051-41DE-80D2-179DF8129A90}.Debug|x86.Build.0 = Debug|Any CPU
		{2CF7B5B6-F051-41DE-80D2-179DF8129A90}.gcmodeller_desktop|Any CPU.ActiveCfg = Debug|Any CPU
		{2CF7B5B6-F051-41DE-80D2-179DF8129A90}.gcmodeller_desktop|Any CPU.Build.0 = Debug|Any CPU
		{2CF7B5B6-F051-41DE-80D2-179DF8129A90}.gcmodeller_desktop|x64.ActiveCfg = Debug|Any CPU
		{2CF7B5B6-F051-41DE-80D2-179DF8129A90}.gcmodeller_desktop|x64.Build.0 = Debug|Any CPU
		{2CF7B5B6-F051-41DE-80D2-179DF8129A90}.gcmodeller_desktop|x86.ActiveCfg = Debug|Any CPU
		{2CF7B5B6-F051-41DE-80D2-179DF8129A90}.gcmodeller_desktop|x86.Build.0 = Debug|Any CPU
		{2CF7B5B6-F051-41DE-80D2-179DF8129A90}.LipidSearch|Any CPU.ActiveCfg = Debug|Any CPU
		{2CF7B5B6-F051-41DE-80D2-179DF8129A90}.LipidSearch|Any CPU.Build.0 = Debug|Any CPU
		{2CF7B5B6-F051-41DE-80D2-179DF8129A90}.LipidSearch|x64.ActiveCfg = Debug|Any CPU
		{2CF7B5B6-F051-41DE-80D2-179DF8129A90}.LipidSearch|x64.Build.0 = Debug|Any CPU
		{2CF7B5B6-F051-41DE-80D2-179DF8129A90}.LipidSearch|x86.ActiveCfg = Debug|Any CPU
		{2CF7B5B6-F051-41DE-80D2-179DF8129A90}.LipidSearch|x86.Build.0 = Debug|Any CPU
		{2CF7B5B6-F051-41DE-80D2-179DF8129A90}.mzkit_win32|Any CPU.ActiveCfg = Debug|Any CPU
		{2CF7B5B6-F051-41DE-80D2-179DF8129A90}.mzkit_win32|Any CPU.Build.0 = Debug|Any CPU
		{2CF7B5B6-F051-41DE-80D2-179DF8129A90}.mzkit_win32|x64.ActiveCfg = Debug|Any CPU
		{2CF7B5B6-F051-41DE-80D2-179DF8129A90}.mzkit_win32|x64.Build.0 = Debug|Any CPU
		{2CF7B5B6-F051-41DE-80D2-179DF8129A90}.mzkit_win32|x86.ActiveCfg = Debug|Any CPU
		{2CF7B5B6-F051-41DE-80D2-179DF8129A90}.mzkit_win32|x86.Build.0 = Debug|Any CPU
		{2CF7B5B6-F051-41DE-80D2-179DF8129A90}.mzkit|Any CPU.ActiveCfg = Debug|Any CPU
		{2CF7B5B6-F051-41DE-80D2-179DF8129A90}.mzkit|Any CPU.Build.0 = Debug|Any CPU
		{2CF7B5B6-F051-41DE-80D2-179DF8129A90}.mzkit|x64.ActiveCfg = Debug|Any CPU
		{2CF7B5B6-F051-41DE-80D2-179DF8129A90}.mzkit|x64.Build.0 = Debug|Any CPU
		{2CF7B5B6-F051-41DE-80D2-179DF8129A90}.mzkit|x86.ActiveCfg = Debug|Any CPU
		{2CF7B5B6-F051-41DE-80D2-179DF8129A90}.mzkit|x86.Build.0 = Debug|Any CPU
		{2CF7B5B6-F051-41DE-80D2-179DF8129A90}.NPSearch|Any CPU.ActiveCfg = Debug|Any CPU
		{2CF7B5B6-F051-41DE-80D2-179DF8129A90}.NPSearch|Any CPU.Build.0 = Debug|Any CPU
		{2CF7B5B6-F051-41DE-80D2-179DF8129A90}.NPSearch|x64.ActiveCfg = Debug|Any CPU
		{2CF7B5B6-F051-41DE-80D2-179DF8129A90}.NPSearch|x64.Build.0 = Debug|Any CPU
		{2CF7B5B6-F051-41DE-80D2-179DF8129A90}.NPSearch|x86.ActiveCfg = Debug|Any CPU
		{2CF7B5B6-F051-41DE-80D2-179DF8129A90}.NPSearch|x86.Build.0 = Debug|Any CPU
		{2CF7B5B6-F051-41DE-80D2-179DF8129A90}.PlantMAT|Any CPU.ActiveCfg = Debug|Any CPU
		{2CF7B5B6-F051-41DE-80D2-179DF8129A90}.PlantMAT|Any CPU.Build.0 = Debug|Any CPU
		{2CF7B5B6-F051-41DE-80D2-179DF8129A90}.PlantMAT|x64.ActiveCfg = Debug|Any CPU
		{2CF7B5B6-F051-41DE-80D2-179DF8129A90}.PlantMAT|x64.Build.0 = Debug|Any CPU
		{2CF7B5B6-F051-41DE-80D2-179DF8129A90}.PlantMAT|x86.ActiveCfg = Debug|Any CPU
		{2CF7B5B6-F051-41DE-80D2-179DF8129A90}.PlantMAT|x86.Build.0 = Debug|Any CPU
		{2CF7B5B6-F051-41DE-80D2-179DF8129A90}.Release|Any CPU.ActiveCfg = Release|Any CPU
		{2CF7B5B6-F051-41DE-80D2-179DF8129A90}.Release|Any CPU.Build.0 = Release|Any CPU
		{2CF7B5B6-F051-41DE-80D2-179DF8129A90}.Release|x64.ActiveCfg = Release|Any CPU
		{2CF7B5B6-F051-41DE-80D2-179DF8129A90}.Release|x64.Build.0 = Release|Any CPU
		{2CF7B5B6-F051-41DE-80D2-179DF8129A90}.Release|x86.ActiveCfg = Release|Any CPU
		{2CF7B5B6-F051-41DE-80D2-179DF8129A90}.Release|x86.Build.0 = Release|Any CPU
		{2CF7B5B6-F051-41DE-80D2-179DF8129A90}.Rsharp_app_release|Any CPU.ActiveCfg = Release|Any CPU
		{2CF7B5B6-F051-41DE-80D2-179DF8129A90}.Rsharp_app_release|Any CPU.Build.0 = Release|Any CPU
		{2CF7B5B6-F051-41DE-80D2-179DF8129A90}.Rsharp_app_release|x64.ActiveCfg = Rsharp_app_release|x64
		{2CF7B5B6-F051-41DE-80D2-179DF8129A90}.Rsharp_app_release|x64.Build.0 = Rsharp_app_release|x64
		{2CF7B5B6-F051-41DE-80D2-179DF8129A90}.Rsharp_app_release|x86.ActiveCfg = Release|Any CPU
		{2CF7B5B6-F051-41DE-80D2-179DF8129A90}.Rsharp_app_release|x86.Build.0 = Release|Any CPU
		{341F6557-239E-47FE-9348-9F92469D1412}.Debug|Any CPU.ActiveCfg = Debug|Any CPU
		{341F6557-239E-47FE-9348-9F92469D1412}.Debug|Any CPU.Build.0 = Debug|Any CPU
		{341F6557-239E-47FE-9348-9F92469D1412}.Debug|x64.ActiveCfg = Debug|x64
		{341F6557-239E-47FE-9348-9F92469D1412}.Debug|x64.Build.0 = Debug|x64
		{341F6557-239E-47FE-9348-9F92469D1412}.Debug|x86.ActiveCfg = Debug|x86
		{341F6557-239E-47FE-9348-9F92469D1412}.Debug|x86.Build.0 = Debug|x86
		{341F6557-239E-47FE-9348-9F92469D1412}.gcmodeller_desktop|Any CPU.ActiveCfg = gcmodeller_desktop|Any CPU
		{341F6557-239E-47FE-9348-9F92469D1412}.gcmodeller_desktop|Any CPU.Build.0 = gcmodeller_desktop|Any CPU
		{341F6557-239E-47FE-9348-9F92469D1412}.gcmodeller_desktop|x64.ActiveCfg = gcmodeller_desktop|x64
		{341F6557-239E-47FE-9348-9F92469D1412}.gcmodeller_desktop|x64.Build.0 = gcmodeller_desktop|x64
		{341F6557-239E-47FE-9348-9F92469D1412}.gcmodeller_desktop|x86.ActiveCfg = gcmodeller_desktop|x86
		{341F6557-239E-47FE-9348-9F92469D1412}.gcmodeller_desktop|x86.Build.0 = gcmodeller_desktop|x86
		{341F6557-239E-47FE-9348-9F92469D1412}.LipidSearch|Any CPU.ActiveCfg = LipidSearch|Any CPU
		{341F6557-239E-47FE-9348-9F92469D1412}.LipidSearch|Any CPU.Build.0 = LipidSearch|Any CPU
		{341F6557-239E-47FE-9348-9F92469D1412}.LipidSearch|x64.ActiveCfg = LipidSearch|x64
		{341F6557-239E-47FE-9348-9F92469D1412}.LipidSearch|x64.Build.0 = LipidSearch|x64
		{341F6557-239E-47FE-9348-9F92469D1412}.LipidSearch|x86.ActiveCfg = LipidSearch|x86
		{341F6557-239E-47FE-9348-9F92469D1412}.LipidSearch|x86.Build.0 = LipidSearch|x86
		{341F6557-239E-47FE-9348-9F92469D1412}.mzkit_win32|Any CPU.ActiveCfg = mzkit_win32|Any CPU
		{341F6557-239E-47FE-9348-9F92469D1412}.mzkit_win32|Any CPU.Build.0 = mzkit_win32|Any CPU
		{341F6557-239E-47FE-9348-9F92469D1412}.mzkit_win32|x64.ActiveCfg = mzkit_win32|x64
		{341F6557-239E-47FE-9348-9F92469D1412}.mzkit_win32|x64.Build.0 = mzkit_win32|x64
		{341F6557-239E-47FE-9348-9F92469D1412}.mzkit_win32|x86.ActiveCfg = mzkit_win32|x86
		{341F6557-239E-47FE-9348-9F92469D1412}.mzkit_win32|x86.Build.0 = mzkit_win32|x86
		{341F6557-239E-47FE-9348-9F92469D1412}.mzkit|Any CPU.ActiveCfg = mzkit|Any CPU
		{341F6557-239E-47FE-9348-9F92469D1412}.mzkit|Any CPU.Build.0 = mzkit|Any CPU
		{341F6557-239E-47FE-9348-9F92469D1412}.mzkit|x64.ActiveCfg = mzkit|x64
		{341F6557-239E-47FE-9348-9F92469D1412}.mzkit|x64.Build.0 = mzkit|x64
		{341F6557-239E-47FE-9348-9F92469D1412}.mzkit|x86.ActiveCfg = mzkit|x86
		{341F6557-239E-47FE-9348-9F92469D1412}.mzkit|x86.Build.0 = mzkit|x86
		{341F6557-239E-47FE-9348-9F92469D1412}.NPSearch|Any CPU.ActiveCfg = NPSearch|Any CPU
		{341F6557-239E-47FE-9348-9F92469D1412}.NPSearch|Any CPU.Build.0 = NPSearch|Any CPU
		{341F6557-239E-47FE-9348-9F92469D1412}.NPSearch|x64.ActiveCfg = NPSearch|x64
		{341F6557-239E-47FE-9348-9F92469D1412}.NPSearch|x64.Build.0 = NPSearch|x64
		{341F6557-239E-47FE-9348-9F92469D1412}.NPSearch|x86.ActiveCfg = NPSearch|x86
		{341F6557-239E-47FE-9348-9F92469D1412}.NPSearch|x86.Build.0 = NPSearch|x86
		{341F6557-239E-47FE-9348-9F92469D1412}.PlantMAT|Any CPU.ActiveCfg = PlantMAT|Any CPU
		{341F6557-239E-47FE-9348-9F92469D1412}.PlantMAT|Any CPU.Build.0 = PlantMAT|Any CPU
		{341F6557-239E-47FE-9348-9F92469D1412}.PlantMAT|x64.ActiveCfg = PlantMAT|x64
		{341F6557-239E-47FE-9348-9F92469D1412}.PlantMAT|x64.Build.0 = PlantMAT|x64
		{341F6557-239E-47FE-9348-9F92469D1412}.PlantMAT|x86.ActiveCfg = PlantMAT|x86
		{341F6557-239E-47FE-9348-9F92469D1412}.PlantMAT|x86.Build.0 = PlantMAT|x86
		{341F6557-239E-47FE-9348-9F92469D1412}.Release|Any CPU.ActiveCfg = Release|Any CPU
		{341F6557-239E-47FE-9348-9F92469D1412}.Release|Any CPU.Build.0 = Release|Any CPU
		{341F6557-239E-47FE-9348-9F92469D1412}.Release|x64.ActiveCfg = Release|x64
		{341F6557-239E-47FE-9348-9F92469D1412}.Release|x64.Build.0 = Release|x64
		{341F6557-239E-47FE-9348-9F92469D1412}.Release|x86.ActiveCfg = Release|x86
		{341F6557-239E-47FE-9348-9F92469D1412}.Release|x86.Build.0 = Release|x86
		{341F6557-239E-47FE-9348-9F92469D1412}.Rsharp_app_release|Any CPU.ActiveCfg = Rsharp_app_release|Any CPU
		{341F6557-239E-47FE-9348-9F92469D1412}.Rsharp_app_release|Any CPU.Build.0 = Rsharp_app_release|Any CPU
		{341F6557-239E-47FE-9348-9F92469D1412}.Rsharp_app_release|x64.ActiveCfg = Rsharp_app_release|x64
		{341F6557-239E-47FE-9348-9F92469D1412}.Rsharp_app_release|x64.Build.0 = Rsharp_app_release|x64
		{341F6557-239E-47FE-9348-9F92469D1412}.Rsharp_app_release|x86.ActiveCfg = Rsharp_app_release|x86
		{341F6557-239E-47FE-9348-9F92469D1412}.Rsharp_app_release|x86.Build.0 = Rsharp_app_release|x86
		{CC49298D-5506-43B7-A14A-49DD60612649}.Debug|Any CPU.ActiveCfg = Debug|Any CPU
		{CC49298D-5506-43B7-A14A-49DD60612649}.Debug|Any CPU.Build.0 = Debug|Any CPU
		{CC49298D-5506-43B7-A14A-49DD60612649}.Debug|x64.ActiveCfg = Debug|x64
		{CC49298D-5506-43B7-A14A-49DD60612649}.Debug|x64.Build.0 = Debug|x64
		{CC49298D-5506-43B7-A14A-49DD60612649}.Debug|x86.ActiveCfg = Debug|Any CPU
		{CC49298D-5506-43B7-A14A-49DD60612649}.Debug|x86.Build.0 = Debug|Any CPU
		{CC49298D-5506-43B7-A14A-49DD60612649}.gcmodeller_desktop|Any CPU.ActiveCfg = gcmodeller_desktop|Any CPU
		{CC49298D-5506-43B7-A14A-49DD60612649}.gcmodeller_desktop|Any CPU.Build.0 = gcmodeller_desktop|Any CPU
		{CC49298D-5506-43B7-A14A-49DD60612649}.gcmodeller_desktop|x64.ActiveCfg = gcmodeller_desktop|x64
		{CC49298D-5506-43B7-A14A-49DD60612649}.gcmodeller_desktop|x64.Build.0 = gcmodeller_desktop|x64
		{CC49298D-5506-43B7-A14A-49DD60612649}.gcmodeller_desktop|x86.ActiveCfg = gcmodeller_desktop|Any CPU
		{CC49298D-5506-43B7-A14A-49DD60612649}.gcmodeller_desktop|x86.Build.0 = gcmodeller_desktop|Any CPU
		{CC49298D-5506-43B7-A14A-49DD60612649}.LipidSearch|Any CPU.ActiveCfg = LipidSearch|Any CPU
		{CC49298D-5506-43B7-A14A-49DD60612649}.LipidSearch|Any CPU.Build.0 = LipidSearch|Any CPU
		{CC49298D-5506-43B7-A14A-49DD60612649}.LipidSearch|x64.ActiveCfg = LipidSearch|x64
		{CC49298D-5506-43B7-A14A-49DD60612649}.LipidSearch|x64.Build.0 = LipidSearch|x64
		{CC49298D-5506-43B7-A14A-49DD60612649}.LipidSearch|x86.ActiveCfg = LipidSearch|Any CPU
		{CC49298D-5506-43B7-A14A-49DD60612649}.LipidSearch|x86.Build.0 = LipidSearch|Any CPU
		{CC49298D-5506-43B7-A14A-49DD60612649}.mzkit_win32|Any CPU.ActiveCfg = mzkit_win32|Any CPU
		{CC49298D-5506-43B7-A14A-49DD60612649}.mzkit_win32|Any CPU.Build.0 = mzkit_win32|Any CPU
		{CC49298D-5506-43B7-A14A-49DD60612649}.mzkit_win32|x64.ActiveCfg = mzkit_win32|x64
		{CC49298D-5506-43B7-A14A-49DD60612649}.mzkit_win32|x64.Build.0 = mzkit_win32|x64
		{CC49298D-5506-43B7-A14A-49DD60612649}.mzkit_win32|x86.ActiveCfg = mzkit_win32|Any CPU
		{CC49298D-5506-43B7-A14A-49DD60612649}.mzkit_win32|x86.Build.0 = mzkit_win32|Any CPU
		{CC49298D-5506-43B7-A14A-49DD60612649}.mzkit|Any CPU.ActiveCfg = mzkit|Any CPU
		{CC49298D-5506-43B7-A14A-49DD60612649}.mzkit|Any CPU.Build.0 = mzkit|Any CPU
		{CC49298D-5506-43B7-A14A-49DD60612649}.mzkit|x64.ActiveCfg = mzkit|x64
		{CC49298D-5506-43B7-A14A-49DD60612649}.mzkit|x64.Build.0 = mzkit|x64
		{CC49298D-5506-43B7-A14A-49DD60612649}.mzkit|x86.ActiveCfg = mzkit|Any CPU
		{CC49298D-5506-43B7-A14A-49DD60612649}.mzkit|x86.Build.0 = mzkit|Any CPU
		{CC49298D-5506-43B7-A14A-49DD60612649}.NPSearch|Any CPU.ActiveCfg = NPSearch|Any CPU
		{CC49298D-5506-43B7-A14A-49DD60612649}.NPSearch|Any CPU.Build.0 = NPSearch|Any CPU
		{CC49298D-5506-43B7-A14A-49DD60612649}.NPSearch|x64.ActiveCfg = NPSearch|x64
		{CC49298D-5506-43B7-A14A-49DD60612649}.NPSearch|x64.Build.0 = NPSearch|x64
		{CC49298D-5506-43B7-A14A-49DD60612649}.NPSearch|x86.ActiveCfg = NPSearch|Any CPU
		{CC49298D-5506-43B7-A14A-49DD60612649}.NPSearch|x86.Build.0 = NPSearch|Any CPU
		{CC49298D-5506-43B7-A14A-49DD60612649}.PlantMAT|Any CPU.ActiveCfg = PlantMAT|Any CPU
		{CC49298D-5506-43B7-A14A-49DD60612649}.PlantMAT|Any CPU.Build.0 = PlantMAT|Any CPU
		{CC49298D-5506-43B7-A14A-49DD60612649}.PlantMAT|x64.ActiveCfg = PlantMAT|x64
		{CC49298D-5506-43B7-A14A-49DD60612649}.PlantMAT|x64.Build.0 = PlantMAT|x64
		{CC49298D-5506-43B7-A14A-49DD60612649}.PlantMAT|x86.ActiveCfg = PlantMAT|Any CPU
		{CC49298D-5506-43B7-A14A-49DD60612649}.PlantMAT|x86.Build.0 = PlantMAT|Any CPU
		{CC49298D-5506-43B7-A14A-49DD60612649}.Release|Any CPU.ActiveCfg = Release|Any CPU
		{CC49298D-5506-43B7-A14A-49DD60612649}.Release|Any CPU.Build.0 = Release|Any CPU
		{CC49298D-5506-43B7-A14A-49DD60612649}.Release|x64.ActiveCfg = Release|x64
		{CC49298D-5506-43B7-A14A-49DD60612649}.Release|x64.Build.0 = Release|x64
		{CC49298D-5506-43B7-A14A-49DD60612649}.Release|x86.ActiveCfg = Release|Any CPU
		{CC49298D-5506-43B7-A14A-49DD60612649}.Release|x86.Build.0 = Release|Any CPU
		{CC49298D-5506-43B7-A14A-49DD60612649}.Rsharp_app_release|Any CPU.ActiveCfg = Rsharp_app_release|Any CPU
		{CC49298D-5506-43B7-A14A-49DD60612649}.Rsharp_app_release|Any CPU.Build.0 = Rsharp_app_release|Any CPU
		{CC49298D-5506-43B7-A14A-49DD60612649}.Rsharp_app_release|x64.ActiveCfg = Rsharp_app_release|x64
		{CC49298D-5506-43B7-A14A-49DD60612649}.Rsharp_app_release|x64.Build.0 = Rsharp_app_release|x64
		{CC49298D-5506-43B7-A14A-49DD60612649}.Rsharp_app_release|x86.ActiveCfg = Rsharp_app_release|Any CPU
		{CC49298D-5506-43B7-A14A-49DD60612649}.Rsharp_app_release|x86.Build.0 = Rsharp_app_release|Any CPU
		{BEFD819A-73C6-4C1F-8037-383D13F1BB79}.Debug|Any CPU.ActiveCfg = Debug|Any CPU
		{BEFD819A-73C6-4C1F-8037-383D13F1BB79}.Debug|Any CPU.Build.0 = Debug|Any CPU
		{BEFD819A-73C6-4C1F-8037-383D13F1BB79}.Debug|x64.ActiveCfg = Debug|x64
		{BEFD819A-73C6-4C1F-8037-383D13F1BB79}.Debug|x64.Build.0 = Debug|x64
		{BEFD819A-73C6-4C1F-8037-383D13F1BB79}.Debug|x86.ActiveCfg = Debug|Any CPU
		{BEFD819A-73C6-4C1F-8037-383D13F1BB79}.Debug|x86.Build.0 = Debug|Any CPU
		{BEFD819A-73C6-4C1F-8037-383D13F1BB79}.gcmodeller_desktop|Any CPU.ActiveCfg = gcmodeller_desktop|Any CPU
		{BEFD819A-73C6-4C1F-8037-383D13F1BB79}.gcmodeller_desktop|Any CPU.Build.0 = gcmodeller_desktop|Any CPU
		{BEFD819A-73C6-4C1F-8037-383D13F1BB79}.gcmodeller_desktop|x64.ActiveCfg = gcmodeller_desktop|x64
		{BEFD819A-73C6-4C1F-8037-383D13F1BB79}.gcmodeller_desktop|x64.Build.0 = gcmodeller_desktop|x64
		{BEFD819A-73C6-4C1F-8037-383D13F1BB79}.gcmodeller_desktop|x86.ActiveCfg = gcmodeller_desktop|Any CPU
		{BEFD819A-73C6-4C1F-8037-383D13F1BB79}.gcmodeller_desktop|x86.Build.0 = gcmodeller_desktop|Any CPU
		{BEFD819A-73C6-4C1F-8037-383D13F1BB79}.LipidSearch|Any CPU.ActiveCfg = LipidSearch|Any CPU
		{BEFD819A-73C6-4C1F-8037-383D13F1BB79}.LipidSearch|Any CPU.Build.0 = LipidSearch|Any CPU
		{BEFD819A-73C6-4C1F-8037-383D13F1BB79}.LipidSearch|x64.ActiveCfg = LipidSearch|x64
		{BEFD819A-73C6-4C1F-8037-383D13F1BB79}.LipidSearch|x64.Build.0 = LipidSearch|x64
		{BEFD819A-73C6-4C1F-8037-383D13F1BB79}.LipidSearch|x86.ActiveCfg = LipidSearch|Any CPU
		{BEFD819A-73C6-4C1F-8037-383D13F1BB79}.LipidSearch|x86.Build.0 = LipidSearch|Any CPU
		{BEFD819A-73C6-4C1F-8037-383D13F1BB79}.mzkit_win32|Any CPU.ActiveCfg = mzkit_win32|Any CPU
		{BEFD819A-73C6-4C1F-8037-383D13F1BB79}.mzkit_win32|Any CPU.Build.0 = mzkit_win32|Any CPU
		{BEFD819A-73C6-4C1F-8037-383D13F1BB79}.mzkit_win32|x64.ActiveCfg = mzkit_win32|x64
		{BEFD819A-73C6-4C1F-8037-383D13F1BB79}.mzkit_win32|x64.Build.0 = mzkit_win32|x64
		{BEFD819A-73C6-4C1F-8037-383D13F1BB79}.mzkit_win32|x86.ActiveCfg = mzkit_win32|Any CPU
		{BEFD819A-73C6-4C1F-8037-383D13F1BB79}.mzkit_win32|x86.Build.0 = mzkit_win32|Any CPU
		{BEFD819A-73C6-4C1F-8037-383D13F1BB79}.mzkit|Any CPU.ActiveCfg = mzkit|Any CPU
		{BEFD819A-73C6-4C1F-8037-383D13F1BB79}.mzkit|Any CPU.Build.0 = mzkit|Any CPU
		{BEFD819A-73C6-4C1F-8037-383D13F1BB79}.mzkit|x64.ActiveCfg = mzkit|x64
		{BEFD819A-73C6-4C1F-8037-383D13F1BB79}.mzkit|x64.Build.0 = mzkit|x64
		{BEFD819A-73C6-4C1F-8037-383D13F1BB79}.mzkit|x86.ActiveCfg = mzkit|Any CPU
		{BEFD819A-73C6-4C1F-8037-383D13F1BB79}.mzkit|x86.Build.0 = mzkit|Any CPU
		{BEFD819A-73C6-4C1F-8037-383D13F1BB79}.NPSearch|Any CPU.ActiveCfg = Debug|Any CPU
		{BEFD819A-73C6-4C1F-8037-383D13F1BB79}.NPSearch|Any CPU.Build.0 = Debug|Any CPU
		{BEFD819A-73C6-4C1F-8037-383D13F1BB79}.NPSearch|x64.ActiveCfg = Debug|x64
		{BEFD819A-73C6-4C1F-8037-383D13F1BB79}.NPSearch|x64.Build.0 = Debug|x64
		{BEFD819A-73C6-4C1F-8037-383D13F1BB79}.NPSearch|x86.ActiveCfg = Debug|Any CPU
		{BEFD819A-73C6-4C1F-8037-383D13F1BB79}.NPSearch|x86.Build.0 = Debug|Any CPU
		{BEFD819A-73C6-4C1F-8037-383D13F1BB79}.PlantMAT|Any CPU.ActiveCfg = Debug|Any CPU
		{BEFD819A-73C6-4C1F-8037-383D13F1BB79}.PlantMAT|Any CPU.Build.0 = Debug|Any CPU
		{BEFD819A-73C6-4C1F-8037-383D13F1BB79}.PlantMAT|x64.ActiveCfg = Debug|x64
		{BEFD819A-73C6-4C1F-8037-383D13F1BB79}.PlantMAT|x64.Build.0 = Debug|x64
		{BEFD819A-73C6-4C1F-8037-383D13F1BB79}.PlantMAT|x86.ActiveCfg = Debug|Any CPU
		{BEFD819A-73C6-4C1F-8037-383D13F1BB79}.PlantMAT|x86.Build.0 = Debug|Any CPU
		{BEFD819A-73C6-4C1F-8037-383D13F1BB79}.Release|Any CPU.ActiveCfg = Release|Any CPU
		{BEFD819A-73C6-4C1F-8037-383D13F1BB79}.Release|Any CPU.Build.0 = Release|Any CPU
		{BEFD819A-73C6-4C1F-8037-383D13F1BB79}.Release|x64.ActiveCfg = Release|x64
		{BEFD819A-73C6-4C1F-8037-383D13F1BB79}.Release|x64.Build.0 = Release|x64
		{BEFD819A-73C6-4C1F-8037-383D13F1BB79}.Release|x86.ActiveCfg = Release|Any CPU
		{BEFD819A-73C6-4C1F-8037-383D13F1BB79}.Release|x86.Build.0 = Release|Any CPU
		{BEFD819A-73C6-4C1F-8037-383D13F1BB79}.Rsharp_app_release|Any CPU.ActiveCfg = Rsharp_app_release|Any CPU
		{BEFD819A-73C6-4C1F-8037-383D13F1BB79}.Rsharp_app_release|Any CPU.Build.0 = Rsharp_app_release|Any CPU
		{BEFD819A-73C6-4C1F-8037-383D13F1BB79}.Rsharp_app_release|x64.ActiveCfg = Rsharp_app_release|x64
		{BEFD819A-73C6-4C1F-8037-383D13F1BB79}.Rsharp_app_release|x64.Build.0 = Rsharp_app_release|x64
		{BEFD819A-73C6-4C1F-8037-383D13F1BB79}.Rsharp_app_release|x86.ActiveCfg = Rsharp_app_release|Any CPU
		{BEFD819A-73C6-4C1F-8037-383D13F1BB79}.Rsharp_app_release|x86.Build.0 = Rsharp_app_release|Any CPU
		{F0492E9E-30BD-4A03-82AB-EDC5C72686B8}.Debug|Any CPU.ActiveCfg = Debug|Any CPU
		{F0492E9E-30BD-4A03-82AB-EDC5C72686B8}.Debug|Any CPU.Build.0 = Debug|Any CPU
		{F0492E9E-30BD-4A03-82AB-EDC5C72686B8}.Debug|x64.ActiveCfg = Debug|x64
		{F0492E9E-30BD-4A03-82AB-EDC5C72686B8}.Debug|x64.Build.0 = Debug|x64
		{F0492E9E-30BD-4A03-82AB-EDC5C72686B8}.Debug|x86.ActiveCfg = Debug|Any CPU
		{F0492E9E-30BD-4A03-82AB-EDC5C72686B8}.Debug|x86.Build.0 = Debug|Any CPU
		{F0492E9E-30BD-4A03-82AB-EDC5C72686B8}.gcmodeller_desktop|Any CPU.ActiveCfg = gcmodeller_desktop|Any CPU
		{F0492E9E-30BD-4A03-82AB-EDC5C72686B8}.gcmodeller_desktop|Any CPU.Build.0 = gcmodeller_desktop|Any CPU
		{F0492E9E-30BD-4A03-82AB-EDC5C72686B8}.gcmodeller_desktop|x64.ActiveCfg = gcmodeller_desktop|x64
		{F0492E9E-30BD-4A03-82AB-EDC5C72686B8}.gcmodeller_desktop|x64.Build.0 = gcmodeller_desktop|x64
		{F0492E9E-30BD-4A03-82AB-EDC5C72686B8}.gcmodeller_desktop|x86.ActiveCfg = gcmodeller_desktop|Any CPU
		{F0492E9E-30BD-4A03-82AB-EDC5C72686B8}.gcmodeller_desktop|x86.Build.0 = gcmodeller_desktop|Any CPU
		{F0492E9E-30BD-4A03-82AB-EDC5C72686B8}.LipidSearch|Any CPU.ActiveCfg = LipidSearch|Any CPU
		{F0492E9E-30BD-4A03-82AB-EDC5C72686B8}.LipidSearch|Any CPU.Build.0 = LipidSearch|Any CPU
		{F0492E9E-30BD-4A03-82AB-EDC5C72686B8}.LipidSearch|x64.ActiveCfg = LipidSearch|x64
		{F0492E9E-30BD-4A03-82AB-EDC5C72686B8}.LipidSearch|x64.Build.0 = LipidSearch|x64
		{F0492E9E-30BD-4A03-82AB-EDC5C72686B8}.LipidSearch|x86.ActiveCfg = LipidSearch|Any CPU
		{F0492E9E-30BD-4A03-82AB-EDC5C72686B8}.LipidSearch|x86.Build.0 = LipidSearch|Any CPU
		{F0492E9E-30BD-4A03-82AB-EDC5C72686B8}.mzkit_win32|Any CPU.ActiveCfg = mzkit_win32|Any CPU
		{F0492E9E-30BD-4A03-82AB-EDC5C72686B8}.mzkit_win32|Any CPU.Build.0 = mzkit_win32|Any CPU
		{F0492E9E-30BD-4A03-82AB-EDC5C72686B8}.mzkit_win32|x64.ActiveCfg = mzkit_win32|x64
		{F0492E9E-30BD-4A03-82AB-EDC5C72686B8}.mzkit_win32|x64.Build.0 = mzkit_win32|x64
		{F0492E9E-30BD-4A03-82AB-EDC5C72686B8}.mzkit_win32|x86.ActiveCfg = mzkit_win32|Any CPU
		{F0492E9E-30BD-4A03-82AB-EDC5C72686B8}.mzkit_win32|x86.Build.0 = mzkit_win32|Any CPU
		{F0492E9E-30BD-4A03-82AB-EDC5C72686B8}.mzkit|Any CPU.ActiveCfg = mzkit|Any CPU
		{F0492E9E-30BD-4A03-82AB-EDC5C72686B8}.mzkit|Any CPU.Build.0 = mzkit|Any CPU
		{F0492E9E-30BD-4A03-82AB-EDC5C72686B8}.mzkit|x64.ActiveCfg = mzkit|x64
		{F0492E9E-30BD-4A03-82AB-EDC5C72686B8}.mzkit|x64.Build.0 = mzkit|x64
		{F0492E9E-30BD-4A03-82AB-EDC5C72686B8}.mzkit|x86.ActiveCfg = mzkit|Any CPU
		{F0492E9E-30BD-4A03-82AB-EDC5C72686B8}.mzkit|x86.Build.0 = mzkit|Any CPU
		{F0492E9E-30BD-4A03-82AB-EDC5C72686B8}.NPSearch|Any CPU.ActiveCfg = Debug|Any CPU
		{F0492E9E-30BD-4A03-82AB-EDC5C72686B8}.NPSearch|Any CPU.Build.0 = Debug|Any CPU
		{F0492E9E-30BD-4A03-82AB-EDC5C72686B8}.NPSearch|x64.ActiveCfg = Debug|x64
		{F0492E9E-30BD-4A03-82AB-EDC5C72686B8}.NPSearch|x64.Build.0 = Debug|x64
		{F0492E9E-30BD-4A03-82AB-EDC5C72686B8}.NPSearch|x86.ActiveCfg = Debug|Any CPU
		{F0492E9E-30BD-4A03-82AB-EDC5C72686B8}.NPSearch|x86.Build.0 = Debug|Any CPU
		{F0492E9E-30BD-4A03-82AB-EDC5C72686B8}.PlantMAT|Any CPU.ActiveCfg = Debug|Any CPU
		{F0492E9E-30BD-4A03-82AB-EDC5C72686B8}.PlantMAT|Any CPU.Build.0 = Debug|Any CPU
		{F0492E9E-30BD-4A03-82AB-EDC5C72686B8}.PlantMAT|x64.ActiveCfg = Debug|x64
		{F0492E9E-30BD-4A03-82AB-EDC5C72686B8}.PlantMAT|x64.Build.0 = Debug|x64
		{F0492E9E-30BD-4A03-82AB-EDC5C72686B8}.PlantMAT|x86.ActiveCfg = Debug|Any CPU
		{F0492E9E-30BD-4A03-82AB-EDC5C72686B8}.PlantMAT|x86.Build.0 = Debug|Any CPU
		{F0492E9E-30BD-4A03-82AB-EDC5C72686B8}.Release|Any CPU.ActiveCfg = Release|Any CPU
		{F0492E9E-30BD-4A03-82AB-EDC5C72686B8}.Release|Any CPU.Build.0 = Release|Any CPU
		{F0492E9E-30BD-4A03-82AB-EDC5C72686B8}.Release|x64.ActiveCfg = Release|x64
		{F0492E9E-30BD-4A03-82AB-EDC5C72686B8}.Release|x64.Build.0 = Release|x64
		{F0492E9E-30BD-4A03-82AB-EDC5C72686B8}.Release|x86.ActiveCfg = Release|Any CPU
		{F0492E9E-30BD-4A03-82AB-EDC5C72686B8}.Release|x86.Build.0 = Release|Any CPU
		{F0492E9E-30BD-4A03-82AB-EDC5C72686B8}.Rsharp_app_release|Any CPU.ActiveCfg = Rsharp_app_release|Any CPU
		{F0492E9E-30BD-4A03-82AB-EDC5C72686B8}.Rsharp_app_release|Any CPU.Build.0 = Rsharp_app_release|Any CPU
		{F0492E9E-30BD-4A03-82AB-EDC5C72686B8}.Rsharp_app_release|x64.ActiveCfg = Rsharp_app_release|x64
		{F0492E9E-30BD-4A03-82AB-EDC5C72686B8}.Rsharp_app_release|x64.Build.0 = Rsharp_app_release|x64
		{F0492E9E-30BD-4A03-82AB-EDC5C72686B8}.Rsharp_app_release|x86.ActiveCfg = Rsharp_app_release|Any CPU
		{F0492E9E-30BD-4A03-82AB-EDC5C72686B8}.Rsharp_app_release|x86.Build.0 = Rsharp_app_release|Any CPU
		{19B80524-8B66-48E6-B528-EBCF10A21A44}.Debug|Any CPU.ActiveCfg = Debug|Any CPU
		{19B80524-8B66-48E6-B528-EBCF10A21A44}.Debug|Any CPU.Build.0 = Debug|Any CPU
		{19B80524-8B66-48E6-B528-EBCF10A21A44}.Debug|x64.ActiveCfg = Debug|x64
		{19B80524-8B66-48E6-B528-EBCF10A21A44}.Debug|x64.Build.0 = Debug|x64
		{19B80524-8B66-48E6-B528-EBCF10A21A44}.Debug|x86.ActiveCfg = Debug|Any CPU
		{19B80524-8B66-48E6-B528-EBCF10A21A44}.Debug|x86.Build.0 = Debug|Any CPU
		{19B80524-8B66-48E6-B528-EBCF10A21A44}.gcmodeller_desktop|Any CPU.ActiveCfg = gcmodeller_desktop|Any CPU
		{19B80524-8B66-48E6-B528-EBCF10A21A44}.gcmodeller_desktop|Any CPU.Build.0 = gcmodeller_desktop|Any CPU
		{19B80524-8B66-48E6-B528-EBCF10A21A44}.gcmodeller_desktop|x64.ActiveCfg = gcmodeller_desktop|x64
		{19B80524-8B66-48E6-B528-EBCF10A21A44}.gcmodeller_desktop|x64.Build.0 = gcmodeller_desktop|x64
		{19B80524-8B66-48E6-B528-EBCF10A21A44}.gcmodeller_desktop|x86.ActiveCfg = gcmodeller_desktop|Any CPU
		{19B80524-8B66-48E6-B528-EBCF10A21A44}.gcmodeller_desktop|x86.Build.0 = gcmodeller_desktop|Any CPU
		{19B80524-8B66-48E6-B528-EBCF10A21A44}.LipidSearch|Any CPU.ActiveCfg = LipidSearch|Any CPU
		{19B80524-8B66-48E6-B528-EBCF10A21A44}.LipidSearch|Any CPU.Build.0 = LipidSearch|Any CPU
		{19B80524-8B66-48E6-B528-EBCF10A21A44}.LipidSearch|x64.ActiveCfg = LipidSearch|x64
		{19B80524-8B66-48E6-B528-EBCF10A21A44}.LipidSearch|x64.Build.0 = LipidSearch|x64
		{19B80524-8B66-48E6-B528-EBCF10A21A44}.LipidSearch|x86.ActiveCfg = LipidSearch|Any CPU
		{19B80524-8B66-48E6-B528-EBCF10A21A44}.LipidSearch|x86.Build.0 = LipidSearch|Any CPU
		{19B80524-8B66-48E6-B528-EBCF10A21A44}.mzkit_win32|Any CPU.ActiveCfg = mzkit_win32|Any CPU
		{19B80524-8B66-48E6-B528-EBCF10A21A44}.mzkit_win32|Any CPU.Build.0 = mzkit_win32|Any CPU
		{19B80524-8B66-48E6-B528-EBCF10A21A44}.mzkit_win32|x64.ActiveCfg = mzkit_win32|x64
		{19B80524-8B66-48E6-B528-EBCF10A21A44}.mzkit_win32|x64.Build.0 = mzkit_win32|x64
		{19B80524-8B66-48E6-B528-EBCF10A21A44}.mzkit_win32|x86.ActiveCfg = mzkit_win32|Any CPU
		{19B80524-8B66-48E6-B528-EBCF10A21A44}.mzkit_win32|x86.Build.0 = mzkit_win32|Any CPU
		{19B80524-8B66-48E6-B528-EBCF10A21A44}.mzkit|Any CPU.ActiveCfg = mzkit|Any CPU
		{19B80524-8B66-48E6-B528-EBCF10A21A44}.mzkit|Any CPU.Build.0 = mzkit|Any CPU
		{19B80524-8B66-48E6-B528-EBCF10A21A44}.mzkit|x64.ActiveCfg = mzkit|x64
		{19B80524-8B66-48E6-B528-EBCF10A21A44}.mzkit|x64.Build.0 = mzkit|x64
		{19B80524-8B66-48E6-B528-EBCF10A21A44}.mzkit|x86.ActiveCfg = mzkit|Any CPU
		{19B80524-8B66-48E6-B528-EBCF10A21A44}.mzkit|x86.Build.0 = mzkit|Any CPU
		{19B80524-8B66-48E6-B528-EBCF10A21A44}.NPSearch|Any CPU.ActiveCfg = Debug|Any CPU
		{19B80524-8B66-48E6-B528-EBCF10A21A44}.NPSearch|Any CPU.Build.0 = Debug|Any CPU
		{19B80524-8B66-48E6-B528-EBCF10A21A44}.NPSearch|x64.ActiveCfg = Debug|x64
		{19B80524-8B66-48E6-B528-EBCF10A21A44}.NPSearch|x64.Build.0 = Debug|x64
		{19B80524-8B66-48E6-B528-EBCF10A21A44}.NPSearch|x86.ActiveCfg = Debug|Any CPU
		{19B80524-8B66-48E6-B528-EBCF10A21A44}.NPSearch|x86.Build.0 = Debug|Any CPU
		{19B80524-8B66-48E6-B528-EBCF10A21A44}.PlantMAT|Any CPU.ActiveCfg = Debug|Any CPU
		{19B80524-8B66-48E6-B528-EBCF10A21A44}.PlantMAT|Any CPU.Build.0 = Debug|Any CPU
		{19B80524-8B66-48E6-B528-EBCF10A21A44}.PlantMAT|x64.ActiveCfg = Debug|x64
		{19B80524-8B66-48E6-B528-EBCF10A21A44}.PlantMAT|x64.Build.0 = Debug|x64
		{19B80524-8B66-48E6-B528-EBCF10A21A44}.PlantMAT|x86.ActiveCfg = Debug|Any CPU
		{19B80524-8B66-48E6-B528-EBCF10A21A44}.PlantMAT|x86.Build.0 = Debug|Any CPU
		{19B80524-8B66-48E6-B528-EBCF10A21A44}.Release|Any CPU.ActiveCfg = Release|Any CPU
		{19B80524-8B66-48E6-B528-EBCF10A21A44}.Release|Any CPU.Build.0 = Release|Any CPU
		{19B80524-8B66-48E6-B528-EBCF10A21A44}.Release|x64.ActiveCfg = Release|x64
		{19B80524-8B66-48E6-B528-EBCF10A21A44}.Release|x64.Build.0 = Release|x64
		{19B80524-8B66-48E6-B528-EBCF10A21A44}.Release|x86.ActiveCfg = Release|Any CPU
		{19B80524-8B66-48E6-B528-EBCF10A21A44}.Release|x86.Build.0 = Release|Any CPU
		{19B80524-8B66-48E6-B528-EBCF10A21A44}.Rsharp_app_release|Any CPU.ActiveCfg = Rsharp_app_release|Any CPU
		{19B80524-8B66-48E6-B528-EBCF10A21A44}.Rsharp_app_release|Any CPU.Build.0 = Rsharp_app_release|Any CPU
		{19B80524-8B66-48E6-B528-EBCF10A21A44}.Rsharp_app_release|x64.ActiveCfg = Rsharp_app_release|x64
		{19B80524-8B66-48E6-B528-EBCF10A21A44}.Rsharp_app_release|x64.Build.0 = Rsharp_app_release|x64
		{19B80524-8B66-48E6-B528-EBCF10A21A44}.Rsharp_app_release|x86.ActiveCfg = Rsharp_app_release|Any CPU
		{19B80524-8B66-48E6-B528-EBCF10A21A44}.Rsharp_app_release|x86.Build.0 = Rsharp_app_release|Any CPU
		{0D32892E-726F-4953-B6B9-DA81BE5E4EDA}.Debug|Any CPU.ActiveCfg = Debug|Any CPU
		{0D32892E-726F-4953-B6B9-DA81BE5E4EDA}.Debug|Any CPU.Build.0 = Debug|Any CPU
		{0D32892E-726F-4953-B6B9-DA81BE5E4EDA}.Debug|x64.ActiveCfg = Debug|x64
		{0D32892E-726F-4953-B6B9-DA81BE5E4EDA}.Debug|x64.Build.0 = Debug|x64
		{0D32892E-726F-4953-B6B9-DA81BE5E4EDA}.Debug|x86.ActiveCfg = Debug|Any CPU
		{0D32892E-726F-4953-B6B9-DA81BE5E4EDA}.Debug|x86.Build.0 = Debug|Any CPU
		{0D32892E-726F-4953-B6B9-DA81BE5E4EDA}.gcmodeller_desktop|Any CPU.ActiveCfg = gcmodeller_desktop|Any CPU
		{0D32892E-726F-4953-B6B9-DA81BE5E4EDA}.gcmodeller_desktop|Any CPU.Build.0 = gcmodeller_desktop|Any CPU
		{0D32892E-726F-4953-B6B9-DA81BE5E4EDA}.gcmodeller_desktop|x64.ActiveCfg = gcmodeller_desktop|x64
		{0D32892E-726F-4953-B6B9-DA81BE5E4EDA}.gcmodeller_desktop|x64.Build.0 = gcmodeller_desktop|x64
		{0D32892E-726F-4953-B6B9-DA81BE5E4EDA}.gcmodeller_desktop|x86.ActiveCfg = gcmodeller_desktop|Any CPU
		{0D32892E-726F-4953-B6B9-DA81BE5E4EDA}.gcmodeller_desktop|x86.Build.0 = gcmodeller_desktop|Any CPU
		{0D32892E-726F-4953-B6B9-DA81BE5E4EDA}.LipidSearch|Any CPU.ActiveCfg = LipidSearch|Any CPU
		{0D32892E-726F-4953-B6B9-DA81BE5E4EDA}.LipidSearch|Any CPU.Build.0 = LipidSearch|Any CPU
		{0D32892E-726F-4953-B6B9-DA81BE5E4EDA}.LipidSearch|x64.ActiveCfg = LipidSearch|x64
		{0D32892E-726F-4953-B6B9-DA81BE5E4EDA}.LipidSearch|x64.Build.0 = LipidSearch|x64
		{0D32892E-726F-4953-B6B9-DA81BE5E4EDA}.LipidSearch|x86.ActiveCfg = LipidSearch|Any CPU
		{0D32892E-726F-4953-B6B9-DA81BE5E4EDA}.LipidSearch|x86.Build.0 = LipidSearch|Any CPU
		{0D32892E-726F-4953-B6B9-DA81BE5E4EDA}.mzkit_win32|Any CPU.ActiveCfg = mzkit|Any CPU
		{0D32892E-726F-4953-B6B9-DA81BE5E4EDA}.mzkit_win32|Any CPU.Build.0 = mzkit|Any CPU
		{0D32892E-726F-4953-B6B9-DA81BE5E4EDA}.mzkit_win32|x64.ActiveCfg = mzkit|x64
		{0D32892E-726F-4953-B6B9-DA81BE5E4EDA}.mzkit_win32|x64.Build.0 = mzkit|x64
		{0D32892E-726F-4953-B6B9-DA81BE5E4EDA}.mzkit_win32|x86.ActiveCfg = mzkit|Any CPU
		{0D32892E-726F-4953-B6B9-DA81BE5E4EDA}.mzkit_win32|x86.Build.0 = mzkit|Any CPU
		{0D32892E-726F-4953-B6B9-DA81BE5E4EDA}.mzkit|Any CPU.ActiveCfg = mzkit|Any CPU
		{0D32892E-726F-4953-B6B9-DA81BE5E4EDA}.mzkit|Any CPU.Build.0 = mzkit|Any CPU
		{0D32892E-726F-4953-B6B9-DA81BE5E4EDA}.mzkit|x64.ActiveCfg = mzkit|x64
		{0D32892E-726F-4953-B6B9-DA81BE5E4EDA}.mzkit|x64.Build.0 = mzkit|x64
		{0D32892E-726F-4953-B6B9-DA81BE5E4EDA}.mzkit|x86.ActiveCfg = mzkit|Any CPU
		{0D32892E-726F-4953-B6B9-DA81BE5E4EDA}.mzkit|x86.Build.0 = mzkit|Any CPU
		{0D32892E-726F-4953-B6B9-DA81BE5E4EDA}.NPSearch|Any CPU.ActiveCfg = NPSearch|Any CPU
		{0D32892E-726F-4953-B6B9-DA81BE5E4EDA}.NPSearch|Any CPU.Build.0 = NPSearch|Any CPU
		{0D32892E-726F-4953-B6B9-DA81BE5E4EDA}.NPSearch|x64.ActiveCfg = NPSearch|x64
		{0D32892E-726F-4953-B6B9-DA81BE5E4EDA}.NPSearch|x64.Build.0 = NPSearch|x64
		{0D32892E-726F-4953-B6B9-DA81BE5E4EDA}.NPSearch|x86.ActiveCfg = NPSearch|Any CPU
		{0D32892E-726F-4953-B6B9-DA81BE5E4EDA}.NPSearch|x86.Build.0 = NPSearch|Any CPU
		{0D32892E-726F-4953-B6B9-DA81BE5E4EDA}.PlantMAT|Any CPU.ActiveCfg = PlantMAT|Any CPU
		{0D32892E-726F-4953-B6B9-DA81BE5E4EDA}.PlantMAT|Any CPU.Build.0 = PlantMAT|Any CPU
		{0D32892E-726F-4953-B6B9-DA81BE5E4EDA}.PlantMAT|x64.ActiveCfg = PlantMAT|x64
		{0D32892E-726F-4953-B6B9-DA81BE5E4EDA}.PlantMAT|x64.Build.0 = PlantMAT|x64
		{0D32892E-726F-4953-B6B9-DA81BE5E4EDA}.PlantMAT|x86.ActiveCfg = PlantMAT|Any CPU
		{0D32892E-726F-4953-B6B9-DA81BE5E4EDA}.PlantMAT|x86.Build.0 = PlantMAT|Any CPU
		{0D32892E-726F-4953-B6B9-DA81BE5E4EDA}.Release|Any CPU.ActiveCfg = Release|Any CPU
		{0D32892E-726F-4953-B6B9-DA81BE5E4EDA}.Release|Any CPU.Build.0 = Release|Any CPU
		{0D32892E-726F-4953-B6B9-DA81BE5E4EDA}.Release|x64.ActiveCfg = Release|x64
		{0D32892E-726F-4953-B6B9-DA81BE5E4EDA}.Release|x64.Build.0 = Release|x64
		{0D32892E-726F-4953-B6B9-DA81BE5E4EDA}.Release|x86.ActiveCfg = Release|Any CPU
		{0D32892E-726F-4953-B6B9-DA81BE5E4EDA}.Release|x86.Build.0 = Release|Any CPU
		{0D32892E-726F-4953-B6B9-DA81BE5E4EDA}.Rsharp_app_release|Any CPU.ActiveCfg = Rsharp_app_release|Any CPU
		{0D32892E-726F-4953-B6B9-DA81BE5E4EDA}.Rsharp_app_release|Any CPU.Build.0 = Rsharp_app_release|Any CPU
		{0D32892E-726F-4953-B6B9-DA81BE5E4EDA}.Rsharp_app_release|x64.ActiveCfg = Rsharp_app_release|x64
		{0D32892E-726F-4953-B6B9-DA81BE5E4EDA}.Rsharp_app_release|x64.Build.0 = Rsharp_app_release|x64
		{0D32892E-726F-4953-B6B9-DA81BE5E4EDA}.Rsharp_app_release|x86.ActiveCfg = Rsharp_app_release|Any CPU
		{0D32892E-726F-4953-B6B9-DA81BE5E4EDA}.Rsharp_app_release|x86.Build.0 = Rsharp_app_release|Any CPU
		{10EAA6D9-BED9-4C28-A3E8-C73B304A813D}.Debug|Any CPU.ActiveCfg = Debug|Any CPU
		{10EAA6D9-BED9-4C28-A3E8-C73B304A813D}.Debug|Any CPU.Build.0 = Debug|Any CPU
		{10EAA6D9-BED9-4C28-A3E8-C73B304A813D}.Debug|x64.ActiveCfg = Debug|x64
		{10EAA6D9-BED9-4C28-A3E8-C73B304A813D}.Debug|x64.Build.0 = Debug|x64
		{10EAA6D9-BED9-4C28-A3E8-C73B304A813D}.Debug|x86.ActiveCfg = Debug|Any CPU
		{10EAA6D9-BED9-4C28-A3E8-C73B304A813D}.Debug|x86.Build.0 = Debug|Any CPU
		{10EAA6D9-BED9-4C28-A3E8-C73B304A813D}.gcmodeller_desktop|Any CPU.ActiveCfg = gcmodeller_desktop|Any CPU
		{10EAA6D9-BED9-4C28-A3E8-C73B304A813D}.gcmodeller_desktop|Any CPU.Build.0 = gcmodeller_desktop|Any CPU
		{10EAA6D9-BED9-4C28-A3E8-C73B304A813D}.gcmodeller_desktop|x64.ActiveCfg = gcmodeller_desktop|x64
		{10EAA6D9-BED9-4C28-A3E8-C73B304A813D}.gcmodeller_desktop|x64.Build.0 = gcmodeller_desktop|x64
		{10EAA6D9-BED9-4C28-A3E8-C73B304A813D}.gcmodeller_desktop|x86.ActiveCfg = gcmodeller_desktop|Any CPU
		{10EAA6D9-BED9-4C28-A3E8-C73B304A813D}.gcmodeller_desktop|x86.Build.0 = gcmodeller_desktop|Any CPU
		{10EAA6D9-BED9-4C28-A3E8-C73B304A813D}.LipidSearch|Any CPU.ActiveCfg = LipidSearch|Any CPU
		{10EAA6D9-BED9-4C28-A3E8-C73B304A813D}.LipidSearch|Any CPU.Build.0 = LipidSearch|Any CPU
		{10EAA6D9-BED9-4C28-A3E8-C73B304A813D}.LipidSearch|x64.ActiveCfg = LipidSearch|x64
		{10EAA6D9-BED9-4C28-A3E8-C73B304A813D}.LipidSearch|x64.Build.0 = LipidSearch|x64
		{10EAA6D9-BED9-4C28-A3E8-C73B304A813D}.LipidSearch|x86.ActiveCfg = LipidSearch|Any CPU
		{10EAA6D9-BED9-4C28-A3E8-C73B304A813D}.LipidSearch|x86.Build.0 = LipidSearch|Any CPU
		{10EAA6D9-BED9-4C28-A3E8-C73B304A813D}.mzkit_win32|Any CPU.ActiveCfg = mzkit_win32|Any CPU
		{10EAA6D9-BED9-4C28-A3E8-C73B304A813D}.mzkit_win32|Any CPU.Build.0 = mzkit_win32|Any CPU
		{10EAA6D9-BED9-4C28-A3E8-C73B304A813D}.mzkit_win32|x64.ActiveCfg = mzkit_win32|x64
		{10EAA6D9-BED9-4C28-A3E8-C73B304A813D}.mzkit_win32|x64.Build.0 = mzkit_win32|x64
		{10EAA6D9-BED9-4C28-A3E8-C73B304A813D}.mzkit_win32|x86.ActiveCfg = mzkit_win32|Any CPU
		{10EAA6D9-BED9-4C28-A3E8-C73B304A813D}.mzkit_win32|x86.Build.0 = mzkit_win32|Any CPU
		{10EAA6D9-BED9-4C28-A3E8-C73B304A813D}.mzkit|Any CPU.ActiveCfg = mzkit_win32|Any CPU
		{10EAA6D9-BED9-4C28-A3E8-C73B304A813D}.mzkit|Any CPU.Build.0 = mzkit_win32|Any CPU
		{10EAA6D9-BED9-4C28-A3E8-C73B304A813D}.mzkit|x64.ActiveCfg = mzkit_win32|x64
		{10EAA6D9-BED9-4C28-A3E8-C73B304A813D}.mzkit|x64.Build.0 = mzkit_win32|x64
		{10EAA6D9-BED9-4C28-A3E8-C73B304A813D}.mzkit|x86.ActiveCfg = mzkit_win32|Any CPU
		{10EAA6D9-BED9-4C28-A3E8-C73B304A813D}.mzkit|x86.Build.0 = mzkit_win32|Any CPU
		{10EAA6D9-BED9-4C28-A3E8-C73B304A813D}.NPSearch|Any CPU.ActiveCfg = Debug|Any CPU
		{10EAA6D9-BED9-4C28-A3E8-C73B304A813D}.NPSearch|Any CPU.Build.0 = Debug|Any CPU
		{10EAA6D9-BED9-4C28-A3E8-C73B304A813D}.NPSearch|x64.ActiveCfg = Debug|x64
		{10EAA6D9-BED9-4C28-A3E8-C73B304A813D}.NPSearch|x64.Build.0 = Debug|x64
		{10EAA6D9-BED9-4C28-A3E8-C73B304A813D}.NPSearch|x86.ActiveCfg = Debug|Any CPU
		{10EAA6D9-BED9-4C28-A3E8-C73B304A813D}.NPSearch|x86.Build.0 = Debug|Any CPU
		{10EAA6D9-BED9-4C28-A3E8-C73B304A813D}.PlantMAT|Any CPU.ActiveCfg = Debug|Any CPU
		{10EAA6D9-BED9-4C28-A3E8-C73B304A813D}.PlantMAT|Any CPU.Build.0 = Debug|Any CPU
		{10EAA6D9-BED9-4C28-A3E8-C73B304A813D}.PlantMAT|x64.ActiveCfg = Debug|x64
		{10EAA6D9-BED9-4C28-A3E8-C73B304A813D}.PlantMAT|x64.Build.0 = Debug|x64
		{10EAA6D9-BED9-4C28-A3E8-C73B304A813D}.PlantMAT|x86.ActiveCfg = Debug|Any CPU
		{10EAA6D9-BED9-4C28-A3E8-C73B304A813D}.PlantMAT|x86.Build.0 = Debug|Any CPU
		{10EAA6D9-BED9-4C28-A3E8-C73B304A813D}.Release|Any CPU.ActiveCfg = Release|Any CPU
		{10EAA6D9-BED9-4C28-A3E8-C73B304A813D}.Release|Any CPU.Build.0 = Release|Any CPU
		{10EAA6D9-BED9-4C28-A3E8-C73B304A813D}.Release|x64.ActiveCfg = Release|x64
		{10EAA6D9-BED9-4C28-A3E8-C73B304A813D}.Release|x64.Build.0 = Release|x64
		{10EAA6D9-BED9-4C28-A3E8-C73B304A813D}.Release|x86.ActiveCfg = Release|Any CPU
		{10EAA6D9-BED9-4C28-A3E8-C73B304A813D}.Release|x86.Build.0 = Release|Any CPU
		{10EAA6D9-BED9-4C28-A3E8-C73B304A813D}.Rsharp_app_release|Any CPU.ActiveCfg = Rsharp_app_release|Any CPU
		{10EAA6D9-BED9-4C28-A3E8-C73B304A813D}.Rsharp_app_release|Any CPU.Build.0 = Rsharp_app_release|Any CPU
		{10EAA6D9-BED9-4C28-A3E8-C73B304A813D}.Rsharp_app_release|x64.ActiveCfg = Rsharp_app_release|x64
		{10EAA6D9-BED9-4C28-A3E8-C73B304A813D}.Rsharp_app_release|x64.Build.0 = Rsharp_app_release|x64
		{10EAA6D9-BED9-4C28-A3E8-C73B304A813D}.Rsharp_app_release|x86.ActiveCfg = Rsharp_app_release|Any CPU
		{10EAA6D9-BED9-4C28-A3E8-C73B304A813D}.Rsharp_app_release|x86.Build.0 = Rsharp_app_release|Any CPU
		{0DFD8D5D-169F-4F01-93C5-5FD29EDE7216}.Debug|Any CPU.ActiveCfg = Debug|Any CPU
		{0DFD8D5D-169F-4F01-93C5-5FD29EDE7216}.Debug|Any CPU.Build.0 = Debug|Any CPU
		{0DFD8D5D-169F-4F01-93C5-5FD29EDE7216}.Debug|x64.ActiveCfg = Debug|x64
		{0DFD8D5D-169F-4F01-93C5-5FD29EDE7216}.Debug|x64.Build.0 = Debug|x64
		{0DFD8D5D-169F-4F01-93C5-5FD29EDE7216}.Debug|x86.ActiveCfg = Debug|Any CPU
		{0DFD8D5D-169F-4F01-93C5-5FD29EDE7216}.Debug|x86.Build.0 = Debug|Any CPU
		{0DFD8D5D-169F-4F01-93C5-5FD29EDE7216}.gcmodeller_desktop|Any CPU.ActiveCfg = gcmodeller_desktop|Any CPU
		{0DFD8D5D-169F-4F01-93C5-5FD29EDE7216}.gcmodeller_desktop|Any CPU.Build.0 = gcmodeller_desktop|Any CPU
		{0DFD8D5D-169F-4F01-93C5-5FD29EDE7216}.gcmodeller_desktop|x64.ActiveCfg = gcmodeller_desktop|x64
		{0DFD8D5D-169F-4F01-93C5-5FD29EDE7216}.gcmodeller_desktop|x64.Build.0 = gcmodeller_desktop|x64
		{0DFD8D5D-169F-4F01-93C5-5FD29EDE7216}.gcmodeller_desktop|x86.ActiveCfg = gcmodeller_desktop|Any CPU
		{0DFD8D5D-169F-4F01-93C5-5FD29EDE7216}.gcmodeller_desktop|x86.Build.0 = gcmodeller_desktop|Any CPU
		{0DFD8D5D-169F-4F01-93C5-5FD29EDE7216}.LipidSearch|Any CPU.ActiveCfg = LipidSearch|Any CPU
		{0DFD8D5D-169F-4F01-93C5-5FD29EDE7216}.LipidSearch|Any CPU.Build.0 = LipidSearch|Any CPU
		{0DFD8D5D-169F-4F01-93C5-5FD29EDE7216}.LipidSearch|x64.ActiveCfg = LipidSearch|x64
		{0DFD8D5D-169F-4F01-93C5-5FD29EDE7216}.LipidSearch|x64.Build.0 = LipidSearch|x64
		{0DFD8D5D-169F-4F01-93C5-5FD29EDE7216}.LipidSearch|x86.ActiveCfg = LipidSearch|Any CPU
		{0DFD8D5D-169F-4F01-93C5-5FD29EDE7216}.LipidSearch|x86.Build.0 = LipidSearch|Any CPU
		{0DFD8D5D-169F-4F01-93C5-5FD29EDE7216}.mzkit_win32|Any CPU.ActiveCfg = mzkit_win32|Any CPU
		{0DFD8D5D-169F-4F01-93C5-5FD29EDE7216}.mzkit_win32|Any CPU.Build.0 = mzkit_win32|Any CPU
		{0DFD8D5D-169F-4F01-93C5-5FD29EDE7216}.mzkit_win32|x64.ActiveCfg = mzkit_win32|x64
		{0DFD8D5D-169F-4F01-93C5-5FD29EDE7216}.mzkit_win32|x64.Build.0 = mzkit_win32|x64
		{0DFD8D5D-169F-4F01-93C5-5FD29EDE7216}.mzkit_win32|x86.ActiveCfg = mzkit_win32|Any CPU
		{0DFD8D5D-169F-4F01-93C5-5FD29EDE7216}.mzkit_win32|x86.Build.0 = mzkit_win32|Any CPU
		{0DFD8D5D-169F-4F01-93C5-5FD29EDE7216}.mzkit|Any CPU.ActiveCfg = mzkit_win32|Any CPU
		{0DFD8D5D-169F-4F01-93C5-5FD29EDE7216}.mzkit|Any CPU.Build.0 = mzkit_win32|Any CPU
		{0DFD8D5D-169F-4F01-93C5-5FD29EDE7216}.mzkit|x64.ActiveCfg = mzkit_win32|x64
		{0DFD8D5D-169F-4F01-93C5-5FD29EDE7216}.mzkit|x64.Build.0 = mzkit_win32|x64
		{0DFD8D5D-169F-4F01-93C5-5FD29EDE7216}.mzkit|x86.ActiveCfg = mzkit_win32|Any CPU
		{0DFD8D5D-169F-4F01-93C5-5FD29EDE7216}.mzkit|x86.Build.0 = mzkit_win32|Any CPU
		{0DFD8D5D-169F-4F01-93C5-5FD29EDE7216}.NPSearch|Any CPU.ActiveCfg = Debug|Any CPU
		{0DFD8D5D-169F-4F01-93C5-5FD29EDE7216}.NPSearch|Any CPU.Build.0 = Debug|Any CPU
		{0DFD8D5D-169F-4F01-93C5-5FD29EDE7216}.NPSearch|x64.ActiveCfg = Debug|x64
		{0DFD8D5D-169F-4F01-93C5-5FD29EDE7216}.NPSearch|x64.Build.0 = Debug|x64
		{0DFD8D5D-169F-4F01-93C5-5FD29EDE7216}.NPSearch|x86.ActiveCfg = Debug|Any CPU
		{0DFD8D5D-169F-4F01-93C5-5FD29EDE7216}.NPSearch|x86.Build.0 = Debug|Any CPU
		{0DFD8D5D-169F-4F01-93C5-5FD29EDE7216}.PlantMAT|Any CPU.ActiveCfg = Debug|Any CPU
		{0DFD8D5D-169F-4F01-93C5-5FD29EDE7216}.PlantMAT|Any CPU.Build.0 = Debug|Any CPU
		{0DFD8D5D-169F-4F01-93C5-5FD29EDE7216}.PlantMAT|x64.ActiveCfg = Debug|x64
		{0DFD8D5D-169F-4F01-93C5-5FD29EDE7216}.PlantMAT|x64.Build.0 = Debug|x64
		{0DFD8D5D-169F-4F01-93C5-5FD29EDE7216}.PlantMAT|x86.ActiveCfg = Debug|Any CPU
		{0DFD8D5D-169F-4F01-93C5-5FD29EDE7216}.PlantMAT|x86.Build.0 = Debug|Any CPU
		{0DFD8D5D-169F-4F01-93C5-5FD29EDE7216}.Release|Any CPU.ActiveCfg = Release|Any CPU
		{0DFD8D5D-169F-4F01-93C5-5FD29EDE7216}.Release|Any CPU.Build.0 = Release|Any CPU
		{0DFD8D5D-169F-4F01-93C5-5FD29EDE7216}.Release|x64.ActiveCfg = Release|x64
		{0DFD8D5D-169F-4F01-93C5-5FD29EDE7216}.Release|x64.Build.0 = Release|x64
		{0DFD8D5D-169F-4F01-93C5-5FD29EDE7216}.Release|x86.ActiveCfg = Release|Any CPU
		{0DFD8D5D-169F-4F01-93C5-5FD29EDE7216}.Release|x86.Build.0 = Release|Any CPU
		{0DFD8D5D-169F-4F01-93C5-5FD29EDE7216}.Rsharp_app_release|Any CPU.ActiveCfg = Rsharp_app_release|Any CPU
		{0DFD8D5D-169F-4F01-93C5-5FD29EDE7216}.Rsharp_app_release|Any CPU.Build.0 = Rsharp_app_release|Any CPU
		{0DFD8D5D-169F-4F01-93C5-5FD29EDE7216}.Rsharp_app_release|x64.ActiveCfg = Rsharp_app_release|x64
		{0DFD8D5D-169F-4F01-93C5-5FD29EDE7216}.Rsharp_app_release|x64.Build.0 = Rsharp_app_release|x64
		{0DFD8D5D-169F-4F01-93C5-5FD29EDE7216}.Rsharp_app_release|x86.ActiveCfg = Rsharp_app_release|Any CPU
		{0DFD8D5D-169F-4F01-93C5-5FD29EDE7216}.Rsharp_app_release|x86.Build.0 = Rsharp_app_release|Any CPU
		{DBD3F627-D6A7-4053-86FB-A0D6027F3626}.Debug|Any CPU.ActiveCfg = Debug|Any CPU
		{DBD3F627-D6A7-4053-86FB-A0D6027F3626}.Debug|Any CPU.Build.0 = Debug|Any CPU
		{DBD3F627-D6A7-4053-86FB-A0D6027F3626}.Debug|x64.ActiveCfg = Debug|x64
		{DBD3F627-D6A7-4053-86FB-A0D6027F3626}.Debug|x64.Build.0 = Debug|x64
		{DBD3F627-D6A7-4053-86FB-A0D6027F3626}.Debug|x86.ActiveCfg = Debug|Any CPU
		{DBD3F627-D6A7-4053-86FB-A0D6027F3626}.Debug|x86.Build.0 = Debug|Any CPU
		{DBD3F627-D6A7-4053-86FB-A0D6027F3626}.gcmodeller_desktop|Any CPU.ActiveCfg = gcmodeller_desktop|Any CPU
		{DBD3F627-D6A7-4053-86FB-A0D6027F3626}.gcmodeller_desktop|Any CPU.Build.0 = gcmodeller_desktop|Any CPU
		{DBD3F627-D6A7-4053-86FB-A0D6027F3626}.gcmodeller_desktop|x64.ActiveCfg = gcmodeller_desktop|x64
		{DBD3F627-D6A7-4053-86FB-A0D6027F3626}.gcmodeller_desktop|x64.Build.0 = gcmodeller_desktop|x64
		{DBD3F627-D6A7-4053-86FB-A0D6027F3626}.gcmodeller_desktop|x86.ActiveCfg = gcmodeller_desktop|Any CPU
		{DBD3F627-D6A7-4053-86FB-A0D6027F3626}.gcmodeller_desktop|x86.Build.0 = gcmodeller_desktop|Any CPU
		{DBD3F627-D6A7-4053-86FB-A0D6027F3626}.LipidSearch|Any CPU.ActiveCfg = Debug|Any CPU
		{DBD3F627-D6A7-4053-86FB-A0D6027F3626}.LipidSearch|Any CPU.Build.0 = Debug|Any CPU
		{DBD3F627-D6A7-4053-86FB-A0D6027F3626}.LipidSearch|x64.ActiveCfg = Debug|x64
		{DBD3F627-D6A7-4053-86FB-A0D6027F3626}.LipidSearch|x64.Build.0 = Debug|x64
		{DBD3F627-D6A7-4053-86FB-A0D6027F3626}.LipidSearch|x86.ActiveCfg = Debug|Any CPU
		{DBD3F627-D6A7-4053-86FB-A0D6027F3626}.LipidSearch|x86.Build.0 = Debug|Any CPU
		{DBD3F627-D6A7-4053-86FB-A0D6027F3626}.mzkit_win32|Any CPU.ActiveCfg = mzkit_win32|Any CPU
		{DBD3F627-D6A7-4053-86FB-A0D6027F3626}.mzkit_win32|Any CPU.Build.0 = mzkit_win32|Any CPU
		{DBD3F627-D6A7-4053-86FB-A0D6027F3626}.mzkit_win32|x64.ActiveCfg = mzkit_win32|x64
		{DBD3F627-D6A7-4053-86FB-A0D6027F3626}.mzkit_win32|x64.Build.0 = mzkit_win32|x64
		{DBD3F627-D6A7-4053-86FB-A0D6027F3626}.mzkit_win32|x86.ActiveCfg = mzkit_win32|Any CPU
		{DBD3F627-D6A7-4053-86FB-A0D6027F3626}.mzkit_win32|x86.Build.0 = mzkit_win32|Any CPU
		{DBD3F627-D6A7-4053-86FB-A0D6027F3626}.mzkit|Any CPU.ActiveCfg = mzkit|Any CPU
		{DBD3F627-D6A7-4053-86FB-A0D6027F3626}.mzkit|Any CPU.Build.0 = mzkit|Any CPU
		{DBD3F627-D6A7-4053-86FB-A0D6027F3626}.mzkit|x64.ActiveCfg = mzkit|x64
		{DBD3F627-D6A7-4053-86FB-A0D6027F3626}.mzkit|x64.Build.0 = mzkit|x64
		{DBD3F627-D6A7-4053-86FB-A0D6027F3626}.mzkit|x86.ActiveCfg = mzkit|Any CPU
		{DBD3F627-D6A7-4053-86FB-A0D6027F3626}.mzkit|x86.Build.0 = mzkit|Any CPU
		{DBD3F627-D6A7-4053-86FB-A0D6027F3626}.NPSearch|Any CPU.ActiveCfg = Debug|Any CPU
		{DBD3F627-D6A7-4053-86FB-A0D6027F3626}.NPSearch|Any CPU.Build.0 = Debug|Any CPU
		{DBD3F627-D6A7-4053-86FB-A0D6027F3626}.NPSearch|x64.ActiveCfg = Debug|x64
		{DBD3F627-D6A7-4053-86FB-A0D6027F3626}.NPSearch|x64.Build.0 = Debug|x64
		{DBD3F627-D6A7-4053-86FB-A0D6027F3626}.NPSearch|x86.ActiveCfg = Debug|Any CPU
		{DBD3F627-D6A7-4053-86FB-A0D6027F3626}.NPSearch|x86.Build.0 = Debug|Any CPU
		{DBD3F627-D6A7-4053-86FB-A0D6027F3626}.PlantMAT|Any CPU.ActiveCfg = Debug|Any CPU
		{DBD3F627-D6A7-4053-86FB-A0D6027F3626}.PlantMAT|Any CPU.Build.0 = Debug|Any CPU
		{DBD3F627-D6A7-4053-86FB-A0D6027F3626}.PlantMAT|x64.ActiveCfg = Debug|x64
		{DBD3F627-D6A7-4053-86FB-A0D6027F3626}.PlantMAT|x64.Build.0 = Debug|x64
		{DBD3F627-D6A7-4053-86FB-A0D6027F3626}.PlantMAT|x86.ActiveCfg = Debug|Any CPU
		{DBD3F627-D6A7-4053-86FB-A0D6027F3626}.PlantMAT|x86.Build.0 = Debug|Any CPU
		{DBD3F627-D6A7-4053-86FB-A0D6027F3626}.Release|Any CPU.ActiveCfg = Release|Any CPU
		{DBD3F627-D6A7-4053-86FB-A0D6027F3626}.Release|Any CPU.Build.0 = Release|Any CPU
		{DBD3F627-D6A7-4053-86FB-A0D6027F3626}.Release|x64.ActiveCfg = Release|x64
		{DBD3F627-D6A7-4053-86FB-A0D6027F3626}.Release|x64.Build.0 = Release|x64
		{DBD3F627-D6A7-4053-86FB-A0D6027F3626}.Release|x86.ActiveCfg = Release|Any CPU
		{DBD3F627-D6A7-4053-86FB-A0D6027F3626}.Release|x86.Build.0 = Release|Any CPU
		{DBD3F627-D6A7-4053-86FB-A0D6027F3626}.Rsharp_app_release|Any CPU.ActiveCfg = Rsharp_app_release|Any CPU
		{DBD3F627-D6A7-4053-86FB-A0D6027F3626}.Rsharp_app_release|Any CPU.Build.0 = Rsharp_app_release|Any CPU
		{DBD3F627-D6A7-4053-86FB-A0D6027F3626}.Rsharp_app_release|x64.ActiveCfg = Rsharp_app_release|x64
		{DBD3F627-D6A7-4053-86FB-A0D6027F3626}.Rsharp_app_release|x64.Build.0 = Rsharp_app_release|x64
		{DBD3F627-D6A7-4053-86FB-A0D6027F3626}.Rsharp_app_release|x86.ActiveCfg = Rsharp_app_release|Any CPU
		{DBD3F627-D6A7-4053-86FB-A0D6027F3626}.Rsharp_app_release|x86.Build.0 = Rsharp_app_release|Any CPU
		{621C810F-D61B-4AC5-B8CE-9BBDF0BAE4FB}.Debug|Any CPU.ActiveCfg = Debug|Any CPU
		{621C810F-D61B-4AC5-B8CE-9BBDF0BAE4FB}.Debug|Any CPU.Build.0 = Debug|Any CPU
		{621C810F-D61B-4AC5-B8CE-9BBDF0BAE4FB}.Debug|x64.ActiveCfg = Debug|x64
		{621C810F-D61B-4AC5-B8CE-9BBDF0BAE4FB}.Debug|x64.Build.0 = Debug|x64
		{621C810F-D61B-4AC5-B8CE-9BBDF0BAE4FB}.Debug|x86.ActiveCfg = Debug|Any CPU
		{621C810F-D61B-4AC5-B8CE-9BBDF0BAE4FB}.Debug|x86.Build.0 = Debug|Any CPU
		{621C810F-D61B-4AC5-B8CE-9BBDF0BAE4FB}.gcmodeller_desktop|Any CPU.ActiveCfg = gcmodeller_desktop|Any CPU
		{621C810F-D61B-4AC5-B8CE-9BBDF0BAE4FB}.gcmodeller_desktop|Any CPU.Build.0 = gcmodeller_desktop|Any CPU
		{621C810F-D61B-4AC5-B8CE-9BBDF0BAE4FB}.gcmodeller_desktop|x64.ActiveCfg = gcmodeller_desktop|x64
		{621C810F-D61B-4AC5-B8CE-9BBDF0BAE4FB}.gcmodeller_desktop|x64.Build.0 = gcmodeller_desktop|x64
		{621C810F-D61B-4AC5-B8CE-9BBDF0BAE4FB}.gcmodeller_desktop|x86.ActiveCfg = gcmodeller_desktop|Any CPU
		{621C810F-D61B-4AC5-B8CE-9BBDF0BAE4FB}.gcmodeller_desktop|x86.Build.0 = gcmodeller_desktop|Any CPU
		{621C810F-D61B-4AC5-B8CE-9BBDF0BAE4FB}.LipidSearch|Any CPU.ActiveCfg = LipidSearch|Any CPU
		{621C810F-D61B-4AC5-B8CE-9BBDF0BAE4FB}.LipidSearch|Any CPU.Build.0 = LipidSearch|Any CPU
		{621C810F-D61B-4AC5-B8CE-9BBDF0BAE4FB}.LipidSearch|x64.ActiveCfg = LipidSearch|x64
		{621C810F-D61B-4AC5-B8CE-9BBDF0BAE4FB}.LipidSearch|x64.Build.0 = LipidSearch|x64
		{621C810F-D61B-4AC5-B8CE-9BBDF0BAE4FB}.LipidSearch|x86.ActiveCfg = LipidSearch|Any CPU
		{621C810F-D61B-4AC5-B8CE-9BBDF0BAE4FB}.LipidSearch|x86.Build.0 = LipidSearch|Any CPU
		{621C810F-D61B-4AC5-B8CE-9BBDF0BAE4FB}.mzkit_win32|Any CPU.ActiveCfg = mzkit_win32|Any CPU
		{621C810F-D61B-4AC5-B8CE-9BBDF0BAE4FB}.mzkit_win32|Any CPU.Build.0 = mzkit_win32|Any CPU
		{621C810F-D61B-4AC5-B8CE-9BBDF0BAE4FB}.mzkit_win32|x64.ActiveCfg = mzkit_win32|x64
		{621C810F-D61B-4AC5-B8CE-9BBDF0BAE4FB}.mzkit_win32|x64.Build.0 = mzkit_win32|x64
		{621C810F-D61B-4AC5-B8CE-9BBDF0BAE4FB}.mzkit_win32|x86.ActiveCfg = mzkit_win32|Any CPU
		{621C810F-D61B-4AC5-B8CE-9BBDF0BAE4FB}.mzkit_win32|x86.Build.0 = mzkit_win32|Any CPU
		{621C810F-D61B-4AC5-B8CE-9BBDF0BAE4FB}.mzkit|Any CPU.ActiveCfg = mzkit|Any CPU
		{621C810F-D61B-4AC5-B8CE-9BBDF0BAE4FB}.mzkit|Any CPU.Build.0 = mzkit|Any CPU
		{621C810F-D61B-4AC5-B8CE-9BBDF0BAE4FB}.mzkit|x64.ActiveCfg = mzkit|x64
		{621C810F-D61B-4AC5-B8CE-9BBDF0BAE4FB}.mzkit|x64.Build.0 = mzkit|x64
		{621C810F-D61B-4AC5-B8CE-9BBDF0BAE4FB}.mzkit|x86.ActiveCfg = mzkit|Any CPU
		{621C810F-D61B-4AC5-B8CE-9BBDF0BAE4FB}.mzkit|x86.Build.0 = mzkit|Any CPU
		{621C810F-D61B-4AC5-B8CE-9BBDF0BAE4FB}.NPSearch|Any CPU.ActiveCfg = NPSearch|Any CPU
		{621C810F-D61B-4AC5-B8CE-9BBDF0BAE4FB}.NPSearch|Any CPU.Build.0 = NPSearch|Any CPU
		{621C810F-D61B-4AC5-B8CE-9BBDF0BAE4FB}.NPSearch|x64.ActiveCfg = NPSearch|x64
		{621C810F-D61B-4AC5-B8CE-9BBDF0BAE4FB}.NPSearch|x64.Build.0 = NPSearch|x64
		{621C810F-D61B-4AC5-B8CE-9BBDF0BAE4FB}.NPSearch|x86.ActiveCfg = NPSearch|Any CPU
		{621C810F-D61B-4AC5-B8CE-9BBDF0BAE4FB}.NPSearch|x86.Build.0 = NPSearch|Any CPU
		{621C810F-D61B-4AC5-B8CE-9BBDF0BAE4FB}.PlantMAT|Any CPU.ActiveCfg = PlantMAT|Any CPU
		{621C810F-D61B-4AC5-B8CE-9BBDF0BAE4FB}.PlantMAT|Any CPU.Build.0 = PlantMAT|Any CPU
		{621C810F-D61B-4AC5-B8CE-9BBDF0BAE4FB}.PlantMAT|x64.ActiveCfg = PlantMAT|x64
		{621C810F-D61B-4AC5-B8CE-9BBDF0BAE4FB}.PlantMAT|x64.Build.0 = PlantMAT|x64
		{621C810F-D61B-4AC5-B8CE-9BBDF0BAE4FB}.PlantMAT|x86.ActiveCfg = PlantMAT|Any CPU
		{621C810F-D61B-4AC5-B8CE-9BBDF0BAE4FB}.PlantMAT|x86.Build.0 = PlantMAT|Any CPU
		{621C810F-D61B-4AC5-B8CE-9BBDF0BAE4FB}.Release|Any CPU.ActiveCfg = Release|Any CPU
		{621C810F-D61B-4AC5-B8CE-9BBDF0BAE4FB}.Release|Any CPU.Build.0 = Release|Any CPU
		{621C810F-D61B-4AC5-B8CE-9BBDF0BAE4FB}.Release|x64.ActiveCfg = Release|x64
		{621C810F-D61B-4AC5-B8CE-9BBDF0BAE4FB}.Release|x64.Build.0 = Release|x64
		{621C810F-D61B-4AC5-B8CE-9BBDF0BAE4FB}.Release|x86.ActiveCfg = Release|Any CPU
		{621C810F-D61B-4AC5-B8CE-9BBDF0BAE4FB}.Release|x86.Build.0 = Release|Any CPU
		{621C810F-D61B-4AC5-B8CE-9BBDF0BAE4FB}.Rsharp_app_release|Any CPU.ActiveCfg = Rsharp_app_release|Any CPU
		{621C810F-D61B-4AC5-B8CE-9BBDF0BAE4FB}.Rsharp_app_release|Any CPU.Build.0 = Rsharp_app_release|Any CPU
		{621C810F-D61B-4AC5-B8CE-9BBDF0BAE4FB}.Rsharp_app_release|x64.ActiveCfg = Rsharp_app_release|x64
		{621C810F-D61B-4AC5-B8CE-9BBDF0BAE4FB}.Rsharp_app_release|x64.Build.0 = Rsharp_app_release|x64
		{621C810F-D61B-4AC5-B8CE-9BBDF0BAE4FB}.Rsharp_app_release|x86.ActiveCfg = Rsharp_app_release|Any CPU
		{621C810F-D61B-4AC5-B8CE-9BBDF0BAE4FB}.Rsharp_app_release|x86.Build.0 = Rsharp_app_release|Any CPU
		{1C500449-C36C-4552-860D-8A9A8E113E94}.Debug|Any CPU.ActiveCfg = Debug|Any CPU
		{1C500449-C36C-4552-860D-8A9A8E113E94}.Debug|Any CPU.Build.0 = Debug|Any CPU
		{1C500449-C36C-4552-860D-8A9A8E113E94}.Debug|x64.ActiveCfg = Debug|x64
		{1C500449-C36C-4552-860D-8A9A8E113E94}.Debug|x64.Build.0 = Debug|x64
		{1C500449-C36C-4552-860D-8A9A8E113E94}.Debug|x86.ActiveCfg = Debug|Any CPU
		{1C500449-C36C-4552-860D-8A9A8E113E94}.Debug|x86.Build.0 = Debug|Any CPU
		{1C500449-C36C-4552-860D-8A9A8E113E94}.gcmodeller_desktop|Any CPU.ActiveCfg = gcmodeller_desktop|Any CPU
		{1C500449-C36C-4552-860D-8A9A8E113E94}.gcmodeller_desktop|Any CPU.Build.0 = gcmodeller_desktop|Any CPU
		{1C500449-C36C-4552-860D-8A9A8E113E94}.gcmodeller_desktop|x64.ActiveCfg = gcmodeller_desktop|x64
		{1C500449-C36C-4552-860D-8A9A8E113E94}.gcmodeller_desktop|x64.Build.0 = gcmodeller_desktop|x64
		{1C500449-C36C-4552-860D-8A9A8E113E94}.gcmodeller_desktop|x86.ActiveCfg = gcmodeller_desktop|Any CPU
		{1C500449-C36C-4552-860D-8A9A8E113E94}.gcmodeller_desktop|x86.Build.0 = gcmodeller_desktop|Any CPU
		{1C500449-C36C-4552-860D-8A9A8E113E94}.LipidSearch|Any CPU.ActiveCfg = LipidSearch|Any CPU
		{1C500449-C36C-4552-860D-8A9A8E113E94}.LipidSearch|Any CPU.Build.0 = LipidSearch|Any CPU
		{1C500449-C36C-4552-860D-8A9A8E113E94}.LipidSearch|x64.ActiveCfg = LipidSearch|x64
		{1C500449-C36C-4552-860D-8A9A8E113E94}.LipidSearch|x64.Build.0 = LipidSearch|x64
		{1C500449-C36C-4552-860D-8A9A8E113E94}.LipidSearch|x86.ActiveCfg = LipidSearch|Any CPU
		{1C500449-C36C-4552-860D-8A9A8E113E94}.LipidSearch|x86.Build.0 = LipidSearch|Any CPU
		{1C500449-C36C-4552-860D-8A9A8E113E94}.mzkit_win32|Any CPU.ActiveCfg = mzkit_win32|Any CPU
		{1C500449-C36C-4552-860D-8A9A8E113E94}.mzkit_win32|Any CPU.Build.0 = mzkit_win32|Any CPU
		{1C500449-C36C-4552-860D-8A9A8E113E94}.mzkit_win32|x64.ActiveCfg = mzkit_win32|x64
		{1C500449-C36C-4552-860D-8A9A8E113E94}.mzkit_win32|x64.Build.0 = mzkit_win32|x64
		{1C500449-C36C-4552-860D-8A9A8E113E94}.mzkit_win32|x86.ActiveCfg = mzkit_win32|Any CPU
		{1C500449-C36C-4552-860D-8A9A8E113E94}.mzkit_win32|x86.Build.0 = mzkit_win32|Any CPU
		{1C500449-C36C-4552-860D-8A9A8E113E94}.mzkit|Any CPU.ActiveCfg = mzkit|Any CPU
		{1C500449-C36C-4552-860D-8A9A8E113E94}.mzkit|Any CPU.Build.0 = mzkit|Any CPU
		{1C500449-C36C-4552-860D-8A9A8E113E94}.mzkit|x64.ActiveCfg = mzkit|x64
		{1C500449-C36C-4552-860D-8A9A8E113E94}.mzkit|x64.Build.0 = mzkit|x64
		{1C500449-C36C-4552-860D-8A9A8E113E94}.mzkit|x86.ActiveCfg = mzkit|Any CPU
		{1C500449-C36C-4552-860D-8A9A8E113E94}.mzkit|x86.Build.0 = mzkit|Any CPU
		{1C500449-C36C-4552-860D-8A9A8E113E94}.NPSearch|Any CPU.ActiveCfg = NPSearch|Any CPU
		{1C500449-C36C-4552-860D-8A9A8E113E94}.NPSearch|Any CPU.Build.0 = NPSearch|Any CPU
		{1C500449-C36C-4552-860D-8A9A8E113E94}.NPSearch|x64.ActiveCfg = NPSearch|x64
		{1C500449-C36C-4552-860D-8A9A8E113E94}.NPSearch|x64.Build.0 = NPSearch|x64
		{1C500449-C36C-4552-860D-8A9A8E113E94}.NPSearch|x86.ActiveCfg = NPSearch|Any CPU
		{1C500449-C36C-4552-860D-8A9A8E113E94}.NPSearch|x86.Build.0 = NPSearch|Any CPU
		{1C500449-C36C-4552-860D-8A9A8E113E94}.PlantMAT|Any CPU.ActiveCfg = PlantMAT|Any CPU
		{1C500449-C36C-4552-860D-8A9A8E113E94}.PlantMAT|Any CPU.Build.0 = PlantMAT|Any CPU
		{1C500449-C36C-4552-860D-8A9A8E113E94}.PlantMAT|x64.ActiveCfg = PlantMAT|x64
		{1C500449-C36C-4552-860D-8A9A8E113E94}.PlantMAT|x64.Build.0 = PlantMAT|x64
		{1C500449-C36C-4552-860D-8A9A8E113E94}.PlantMAT|x86.ActiveCfg = PlantMAT|Any CPU
		{1C500449-C36C-4552-860D-8A9A8E113E94}.PlantMAT|x86.Build.0 = PlantMAT|Any CPU
		{1C500449-C36C-4552-860D-8A9A8E113E94}.Release|Any CPU.ActiveCfg = Release|Any CPU
		{1C500449-C36C-4552-860D-8A9A8E113E94}.Release|Any CPU.Build.0 = Release|Any CPU
		{1C500449-C36C-4552-860D-8A9A8E113E94}.Release|x64.ActiveCfg = Release|x64
		{1C500449-C36C-4552-860D-8A9A8E113E94}.Release|x64.Build.0 = Release|x64
		{1C500449-C36C-4552-860D-8A9A8E113E94}.Release|x86.ActiveCfg = Release|Any CPU
		{1C500449-C36C-4552-860D-8A9A8E113E94}.Release|x86.Build.0 = Release|Any CPU
		{1C500449-C36C-4552-860D-8A9A8E113E94}.Rsharp_app_release|Any CPU.ActiveCfg = Rsharp_app_release|Any CPU
		{1C500449-C36C-4552-860D-8A9A8E113E94}.Rsharp_app_release|Any CPU.Build.0 = Rsharp_app_release|Any CPU
		{1C500449-C36C-4552-860D-8A9A8E113E94}.Rsharp_app_release|x64.ActiveCfg = Rsharp_app_release|x64
		{1C500449-C36C-4552-860D-8A9A8E113E94}.Rsharp_app_release|x64.Build.0 = Rsharp_app_release|x64
		{1C500449-C36C-4552-860D-8A9A8E113E94}.Rsharp_app_release|x86.ActiveCfg = Rsharp_app_release|Any CPU
		{1C500449-C36C-4552-860D-8A9A8E113E94}.Rsharp_app_release|x86.Build.0 = Rsharp_app_release|Any CPU
		{2A20FF1E-C6CE-4E44-9842-42259B185494}.Debug|Any CPU.ActiveCfg = Debug|Any CPU
		{2A20FF1E-C6CE-4E44-9842-42259B185494}.Debug|Any CPU.Build.0 = Debug|Any CPU
		{2A20FF1E-C6CE-4E44-9842-42259B185494}.Debug|x64.ActiveCfg = Debug|x64
		{2A20FF1E-C6CE-4E44-9842-42259B185494}.Debug|x64.Build.0 = Debug|x64
		{2A20FF1E-C6CE-4E44-9842-42259B185494}.Debug|x86.ActiveCfg = Debug|Any CPU
		{2A20FF1E-C6CE-4E44-9842-42259B185494}.Debug|x86.Build.0 = Debug|Any CPU
		{2A20FF1E-C6CE-4E44-9842-42259B185494}.gcmodeller_desktop|Any CPU.ActiveCfg = gcmodeller_desktop|Any CPU
		{2A20FF1E-C6CE-4E44-9842-42259B185494}.gcmodeller_desktop|Any CPU.Build.0 = gcmodeller_desktop|Any CPU
		{2A20FF1E-C6CE-4E44-9842-42259B185494}.gcmodeller_desktop|x64.ActiveCfg = gcmodeller_desktop|x64
		{2A20FF1E-C6CE-4E44-9842-42259B185494}.gcmodeller_desktop|x64.Build.0 = gcmodeller_desktop|x64
		{2A20FF1E-C6CE-4E44-9842-42259B185494}.gcmodeller_desktop|x86.ActiveCfg = gcmodeller_desktop|Any CPU
		{2A20FF1E-C6CE-4E44-9842-42259B185494}.gcmodeller_desktop|x86.Build.0 = gcmodeller_desktop|Any CPU
		{2A20FF1E-C6CE-4E44-9842-42259B185494}.LipidSearch|Any CPU.ActiveCfg = LipidSearch|Any CPU
		{2A20FF1E-C6CE-4E44-9842-42259B185494}.LipidSearch|Any CPU.Build.0 = LipidSearch|Any CPU
		{2A20FF1E-C6CE-4E44-9842-42259B185494}.LipidSearch|x64.ActiveCfg = LipidSearch|x64
		{2A20FF1E-C6CE-4E44-9842-42259B185494}.LipidSearch|x64.Build.0 = LipidSearch|x64
		{2A20FF1E-C6CE-4E44-9842-42259B185494}.LipidSearch|x86.ActiveCfg = LipidSearch|Any CPU
		{2A20FF1E-C6CE-4E44-9842-42259B185494}.LipidSearch|x86.Build.0 = LipidSearch|Any CPU
		{2A20FF1E-C6CE-4E44-9842-42259B185494}.mzkit_win32|Any CPU.ActiveCfg = mzkit_win32|Any CPU
		{2A20FF1E-C6CE-4E44-9842-42259B185494}.mzkit_win32|Any CPU.Build.0 = mzkit_win32|Any CPU
		{2A20FF1E-C6CE-4E44-9842-42259B185494}.mzkit_win32|x64.ActiveCfg = mzkit_win32|x64
		{2A20FF1E-C6CE-4E44-9842-42259B185494}.mzkit_win32|x64.Build.0 = mzkit_win32|x64
		{2A20FF1E-C6CE-4E44-9842-42259B185494}.mzkit_win32|x86.ActiveCfg = mzkit_win32|Any CPU
		{2A20FF1E-C6CE-4E44-9842-42259B185494}.mzkit_win32|x86.Build.0 = mzkit_win32|Any CPU
		{2A20FF1E-C6CE-4E44-9842-42259B185494}.mzkit|Any CPU.ActiveCfg = mzkit|Any CPU
		{2A20FF1E-C6CE-4E44-9842-42259B185494}.mzkit|Any CPU.Build.0 = mzkit|Any CPU
		{2A20FF1E-C6CE-4E44-9842-42259B185494}.mzkit|x64.ActiveCfg = mzkit|x64
		{2A20FF1E-C6CE-4E44-9842-42259B185494}.mzkit|x64.Build.0 = mzkit|x64
		{2A20FF1E-C6CE-4E44-9842-42259B185494}.mzkit|x86.ActiveCfg = mzkit|Any CPU
		{2A20FF1E-C6CE-4E44-9842-42259B185494}.mzkit|x86.Build.0 = mzkit|Any CPU
		{2A20FF1E-C6CE-4E44-9842-42259B185494}.NPSearch|Any CPU.ActiveCfg = NPSearch|Any CPU
		{2A20FF1E-C6CE-4E44-9842-42259B185494}.NPSearch|Any CPU.Build.0 = NPSearch|Any CPU
		{2A20FF1E-C6CE-4E44-9842-42259B185494}.NPSearch|x64.ActiveCfg = NPSearch|x64
		{2A20FF1E-C6CE-4E44-9842-42259B185494}.NPSearch|x64.Build.0 = NPSearch|x64
		{2A20FF1E-C6CE-4E44-9842-42259B185494}.NPSearch|x86.ActiveCfg = NPSearch|Any CPU
		{2A20FF1E-C6CE-4E44-9842-42259B185494}.NPSearch|x86.Build.0 = NPSearch|Any CPU
		{2A20FF1E-C6CE-4E44-9842-42259B185494}.PlantMAT|Any CPU.ActiveCfg = PlantMAT|Any CPU
		{2A20FF1E-C6CE-4E44-9842-42259B185494}.PlantMAT|Any CPU.Build.0 = PlantMAT|Any CPU
		{2A20FF1E-C6CE-4E44-9842-42259B185494}.PlantMAT|x64.ActiveCfg = PlantMAT|x64
		{2A20FF1E-C6CE-4E44-9842-42259B185494}.PlantMAT|x64.Build.0 = PlantMAT|x64
		{2A20FF1E-C6CE-4E44-9842-42259B185494}.PlantMAT|x86.ActiveCfg = PlantMAT|Any CPU
		{2A20FF1E-C6CE-4E44-9842-42259B185494}.PlantMAT|x86.Build.0 = PlantMAT|Any CPU
		{2A20FF1E-C6CE-4E44-9842-42259B185494}.Release|Any CPU.ActiveCfg = Release|Any CPU
		{2A20FF1E-C6CE-4E44-9842-42259B185494}.Release|Any CPU.Build.0 = Release|Any CPU
		{2A20FF1E-C6CE-4E44-9842-42259B185494}.Release|x64.ActiveCfg = Release|x64
		{2A20FF1E-C6CE-4E44-9842-42259B185494}.Release|x64.Build.0 = Release|x64
		{2A20FF1E-C6CE-4E44-9842-42259B185494}.Release|x86.ActiveCfg = Release|Any CPU
		{2A20FF1E-C6CE-4E44-9842-42259B185494}.Release|x86.Build.0 = Release|Any CPU
		{2A20FF1E-C6CE-4E44-9842-42259B185494}.Rsharp_app_release|Any CPU.ActiveCfg = Rsharp_app_release|Any CPU
		{2A20FF1E-C6CE-4E44-9842-42259B185494}.Rsharp_app_release|Any CPU.Build.0 = Rsharp_app_release|Any CPU
		{2A20FF1E-C6CE-4E44-9842-42259B185494}.Rsharp_app_release|x64.ActiveCfg = Rsharp_app_release|x64
		{2A20FF1E-C6CE-4E44-9842-42259B185494}.Rsharp_app_release|x64.Build.0 = Rsharp_app_release|x64
		{2A20FF1E-C6CE-4E44-9842-42259B185494}.Rsharp_app_release|x86.ActiveCfg = Rsharp_app_release|Any CPU
		{2A20FF1E-C6CE-4E44-9842-42259B185494}.Rsharp_app_release|x86.Build.0 = Rsharp_app_release|Any CPU
		{B803B3E0-8F71-4A3C-965F-11F2A34C91E1}.Debug|Any CPU.ActiveCfg = Debug|Any CPU
		{B803B3E0-8F71-4A3C-965F-11F2A34C91E1}.Debug|Any CPU.Build.0 = Debug|Any CPU
		{B803B3E0-8F71-4A3C-965F-11F2A34C91E1}.Debug|x64.ActiveCfg = Debug|x64
		{B803B3E0-8F71-4A3C-965F-11F2A34C91E1}.Debug|x64.Build.0 = Debug|x64
		{B803B3E0-8F71-4A3C-965F-11F2A34C91E1}.Debug|x86.ActiveCfg = Debug|Any CPU
		{B803B3E0-8F71-4A3C-965F-11F2A34C91E1}.Debug|x86.Build.0 = Debug|Any CPU
		{B803B3E0-8F71-4A3C-965F-11F2A34C91E1}.gcmodeller_desktop|Any CPU.ActiveCfg = gcmodeller_desktop|Any CPU
		{B803B3E0-8F71-4A3C-965F-11F2A34C91E1}.gcmodeller_desktop|Any CPU.Build.0 = gcmodeller_desktop|Any CPU
		{B803B3E0-8F71-4A3C-965F-11F2A34C91E1}.gcmodeller_desktop|x64.ActiveCfg = gcmodeller_desktop|x64
		{B803B3E0-8F71-4A3C-965F-11F2A34C91E1}.gcmodeller_desktop|x64.Build.0 = gcmodeller_desktop|x64
		{B803B3E0-8F71-4A3C-965F-11F2A34C91E1}.gcmodeller_desktop|x86.ActiveCfg = gcmodeller_desktop|Any CPU
		{B803B3E0-8F71-4A3C-965F-11F2A34C91E1}.gcmodeller_desktop|x86.Build.0 = gcmodeller_desktop|Any CPU
		{B803B3E0-8F71-4A3C-965F-11F2A34C91E1}.LipidSearch|Any CPU.ActiveCfg = Debug|Any CPU
		{B803B3E0-8F71-4A3C-965F-11F2A34C91E1}.LipidSearch|Any CPU.Build.0 = Debug|Any CPU
		{B803B3E0-8F71-4A3C-965F-11F2A34C91E1}.LipidSearch|x64.ActiveCfg = Debug|x64
		{B803B3E0-8F71-4A3C-965F-11F2A34C91E1}.LipidSearch|x64.Build.0 = Debug|x64
		{B803B3E0-8F71-4A3C-965F-11F2A34C91E1}.LipidSearch|x86.ActiveCfg = Debug|Any CPU
		{B803B3E0-8F71-4A3C-965F-11F2A34C91E1}.LipidSearch|x86.Build.0 = Debug|Any CPU
		{B803B3E0-8F71-4A3C-965F-11F2A34C91E1}.mzkit_win32|Any CPU.ActiveCfg = mzkit_win32|Any CPU
		{B803B3E0-8F71-4A3C-965F-11F2A34C91E1}.mzkit_win32|Any CPU.Build.0 = mzkit_win32|Any CPU
		{B803B3E0-8F71-4A3C-965F-11F2A34C91E1}.mzkit_win32|x64.ActiveCfg = mzkit_win32|x64
		{B803B3E0-8F71-4A3C-965F-11F2A34C91E1}.mzkit_win32|x64.Build.0 = mzkit_win32|x64
		{B803B3E0-8F71-4A3C-965F-11F2A34C91E1}.mzkit_win32|x86.ActiveCfg = mzkit_win32|Any CPU
		{B803B3E0-8F71-4A3C-965F-11F2A34C91E1}.mzkit_win32|x86.Build.0 = mzkit_win32|Any CPU
		{B803B3E0-8F71-4A3C-965F-11F2A34C91E1}.mzkit|Any CPU.ActiveCfg = mzkit_win32|Any CPU
		{B803B3E0-8F71-4A3C-965F-11F2A34C91E1}.mzkit|Any CPU.Build.0 = mzkit_win32|Any CPU
		{B803B3E0-8F71-4A3C-965F-11F2A34C91E1}.mzkit|x64.ActiveCfg = mzkit_win32|x64
		{B803B3E0-8F71-4A3C-965F-11F2A34C91E1}.mzkit|x64.Build.0 = mzkit_win32|x64
		{B803B3E0-8F71-4A3C-965F-11F2A34C91E1}.mzkit|x86.ActiveCfg = mzkit_win32|Any CPU
		{B803B3E0-8F71-4A3C-965F-11F2A34C91E1}.mzkit|x86.Build.0 = mzkit_win32|Any CPU
		{B803B3E0-8F71-4A3C-965F-11F2A34C91E1}.NPSearch|Any CPU.ActiveCfg = Debug|Any CPU
		{B803B3E0-8F71-4A3C-965F-11F2A34C91E1}.NPSearch|Any CPU.Build.0 = Debug|Any CPU
		{B803B3E0-8F71-4A3C-965F-11F2A34C91E1}.NPSearch|x64.ActiveCfg = Debug|x64
		{B803B3E0-8F71-4A3C-965F-11F2A34C91E1}.NPSearch|x64.Build.0 = Debug|x64
		{B803B3E0-8F71-4A3C-965F-11F2A34C91E1}.NPSearch|x86.ActiveCfg = Debug|Any CPU
		{B803B3E0-8F71-4A3C-965F-11F2A34C91E1}.NPSearch|x86.Build.0 = Debug|Any CPU
		{B803B3E0-8F71-4A3C-965F-11F2A34C91E1}.PlantMAT|Any CPU.ActiveCfg = Debug|Any CPU
		{B803B3E0-8F71-4A3C-965F-11F2A34C91E1}.PlantMAT|Any CPU.Build.0 = Debug|Any CPU
		{B803B3E0-8F71-4A3C-965F-11F2A34C91E1}.PlantMAT|x64.ActiveCfg = Debug|x64
		{B803B3E0-8F71-4A3C-965F-11F2A34C91E1}.PlantMAT|x64.Build.0 = Debug|x64
		{B803B3E0-8F71-4A3C-965F-11F2A34C91E1}.PlantMAT|x86.ActiveCfg = Debug|Any CPU
		{B803B3E0-8F71-4A3C-965F-11F2A34C91E1}.PlantMAT|x86.Build.0 = Debug|Any CPU
		{B803B3E0-8F71-4A3C-965F-11F2A34C91E1}.Release|Any CPU.ActiveCfg = Release|Any CPU
		{B803B3E0-8F71-4A3C-965F-11F2A34C91E1}.Release|Any CPU.Build.0 = Release|Any CPU
		{B803B3E0-8F71-4A3C-965F-11F2A34C91E1}.Release|x64.ActiveCfg = Release|x64
		{B803B3E0-8F71-4A3C-965F-11F2A34C91E1}.Release|x64.Build.0 = Release|x64
		{B803B3E0-8F71-4A3C-965F-11F2A34C91E1}.Release|x86.ActiveCfg = Release|Any CPU
		{B803B3E0-8F71-4A3C-965F-11F2A34C91E1}.Release|x86.Build.0 = Release|Any CPU
		{B803B3E0-8F71-4A3C-965F-11F2A34C91E1}.Rsharp_app_release|Any CPU.ActiveCfg = Rsharp_app_release|Any CPU
		{B803B3E0-8F71-4A3C-965F-11F2A34C91E1}.Rsharp_app_release|Any CPU.Build.0 = Rsharp_app_release|Any CPU
		{B803B3E0-8F71-4A3C-965F-11F2A34C91E1}.Rsharp_app_release|x64.ActiveCfg = Rsharp_app_release|x64
		{B803B3E0-8F71-4A3C-965F-11F2A34C91E1}.Rsharp_app_release|x64.Build.0 = Rsharp_app_release|x64
		{B803B3E0-8F71-4A3C-965F-11F2A34C91E1}.Rsharp_app_release|x86.ActiveCfg = Rsharp_app_release|Any CPU
		{B803B3E0-8F71-4A3C-965F-11F2A34C91E1}.Rsharp_app_release|x86.Build.0 = Rsharp_app_release|Any CPU
	EndGlobalSection
	GlobalSection(SolutionProperties) = preSolution
		HideSolutionNode = FALSE
	EndGlobalSection
	GlobalSection(NestedProjects) = preSolution
		{341F6557-239E-47FE-9348-9F92469D1412} = {D6E0F6D2-EDDA-4593-B5FC-20C8D74F727E}
		{CC49298D-5506-43B7-A14A-49DD60612649} = {D6E0F6D2-EDDA-4593-B5FC-20C8D74F727E}
		{BEFD819A-73C6-4C1F-8037-383D13F1BB79} = {71825167-E383-48D5-9676-D949B933788B}
		{71825167-E383-48D5-9676-D949B933788B} = {D6E0F6D2-EDDA-4593-B5FC-20C8D74F727E}
		{F0492E9E-30BD-4A03-82AB-EDC5C72686B8} = {71825167-E383-48D5-9676-D949B933788B}
		{19B80524-8B66-48E6-B528-EBCF10A21A44} = {71825167-E383-48D5-9676-D949B933788B}
		{0D32892E-726F-4953-B6B9-DA81BE5E4EDA} = {E40DEA1D-E21B-4D94-8CE3-2D557EE5DAD7}
		{10EAA6D9-BED9-4C28-A3E8-C73B304A813D} = {D6E0F6D2-EDDA-4593-B5FC-20C8D74F727E}
		{0DFD8D5D-169F-4F01-93C5-5FD29EDE7216} = {D6E0F6D2-EDDA-4593-B5FC-20C8D74F727E}
		{DBD3F627-D6A7-4053-86FB-A0D6027F3626} = {E40DEA1D-E21B-4D94-8CE3-2D557EE5DAD7}
		{011B5BA6-B4B1-4858-B59A-9BA2E90DB990} = {E40DEA1D-E21B-4D94-8CE3-2D557EE5DAD7}
		{60B0A608-BCE8-4700-A0C8-DCB32D9420FE} = {D6E0F6D2-EDDA-4593-B5FC-20C8D74F727E}
		{621C810F-D61B-4AC5-B8CE-9BBDF0BAE4FB} = {60B0A608-BCE8-4700-A0C8-DCB32D9420FE}
		{1C500449-C36C-4552-860D-8A9A8E113E94} = {60B0A608-BCE8-4700-A0C8-DCB32D9420FE}
		{2A20FF1E-C6CE-4E44-9842-42259B185494} = {60B0A608-BCE8-4700-A0C8-DCB32D9420FE}
		{B803B3E0-8F71-4A3C-965F-11F2A34C91E1} = {71825167-E383-48D5-9676-D949B933788B}
		{78C60F4E-50F9-4A84-8290-2886728A4B34} = {E40DEA1D-E21B-4D94-8CE3-2D557EE5DAD7}
	EndGlobalSection
	GlobalSection(ExtensibilityGlobals) = postSolution
		SolutionGuid = {AF0FE9C8-037B-46E9-923A-67F1424F077A}
	EndGlobalSection
	GlobalSection(SharedMSBuildProjectFiles) = preSolution
		..\..\..\R-sharp\Library\shares\symbolic\symbolic.projitems*{011b5ba6-b4b1-4858-b59a-9ba2e90db990}*SharedItemsImports = 13
		..\..\..\R-sharp\Library\shares\symbolic\symbolic.projitems*{2cf7b5b6-f051-41de-80d2-179df8129a90}*SharedItemsImports = 5
		..\..\..\R-sharp\Library\shares\xgboostDataSet_helper\xgboostDataSet_helper.projitems*{2cf7b5b6-f051-41de-80d2-179df8129a90}*SharedItemsImports = 5
		..\..\..\R-sharp\Library\shares\xgboostDataSet_helper\xgboostDataSet_helper.projitems*{78c60f4e-50f9-4a84-8290-2886728a4b34}*SharedItemsImports = 13
		..\..\..\R-sharp\studio\Rstudio.common\Rstudio.common.projitems*{dbd3f627-d6a7-4053-86fb-a0d6027f3626}*SharedItemsImports = 5
	EndGlobalSection
EndGlobal
