
Microsoft Visual Studio Solution File, Format Version 12.00
# Visual Studio Version 17
VisualStudioVersion = 17.6.33606.364
MinimumVisualStudioVersion = 10.0.40219.1
Project("{2150E333-8FDC-42A3-9474-1A3956D46DE8}") = "framework", "framework", "{ACBC7107-F96C-43EE-80C0-36F016E3D94C}"
EndProject
Project("{778DAE3C-4631-46EA-AA77-85C1314464D9}") = "Core", "..\..\sciBASIC#\Microsoft.VisualBasic.Core\src\Core.vbproj", "{4F189676-6FD3-436E-8E06-6E821F9AB1B2}"
EndProject
Project("{778DAE3C-4631-46EA-AA77-85C1314464D9}") = "IL_cuda", "IL_cuda\IL_cuda.vbproj", "{6F6EBAB0-3AB7-443F-9F10-464285E7F1CC}"
EndProject
Global
	GlobalSection(SolutionConfigurationPlatforms) = preSolution
		Debug|Any CPU = Debug|Any CPU
		Debug|x64 = Debug|x64
		Debug|x86 = Debug|x86
		gcmodeller_desktop|Any CPU = gcmodeller_desktop|Any CPU
		gcmodeller_desktop|x64 = gcmodeller_desktop|x64
		gcmodeller_desktop|x86 = gcmodeller_desktop|x86
		LipidSearch|Any CPU = LipidSearch|Any CPU
		LipidSearch|x64 = LipidSearch|x64
		LipidSearch|x86 = LipidSearch|x86
		mzkit_win32|Any CPU = mzkit_win32|Any CPU
		mzkit_win32|x64 = mzkit_win32|x64
		mzkit_win32|x86 = mzkit_win32|x86
		mzkit|Any CPU = mzkit|Any CPU
		mzkit|x64 = mzkit|x64
		mzkit|x86 = mzkit|x86
		NPSearch|Any CPU = NPSearch|Any CPU
		NPSearch|x64 = NPSearch|x64
		NPSearch|x86 = NPSearch|x86
		PlantMAT|Any CPU = PlantMAT|Any CPU
		PlantMAT|x64 = PlantMAT|x64
		PlantMAT|x86 = PlantMAT|x86
		Release|Any CPU = Release|Any CPU
		Release|x64 = Release|x64
		Release|x86 = Release|x86
		Rsharp_app_release|Any CPU = Rsharp_app_release|Any CPU
		Rsharp_app_release|x64 = Rsharp_app_release|x64
		Rsharp_app_release|x86 = Rsharp_app_release|x86
	EndGlobalSection
	GlobalSection(ProjectConfigurationPlatforms) = postSolution
		{4F189676-6FD3-436E-8E06-6E821F9AB1B2}.Debug|Any CPU.ActiveCfg = Debug|Any CPU
		{4F189676-6FD3-436E-8E06-6E821F9AB1B2}.Debug|Any CPU.Build.0 = Debug|Any CPU
		{4F189676-6FD3-436E-8E06-6E821F9AB1B2}.Debug|x64.ActiveCfg = Debug|x64
		{4F189676-6FD3-436E-8E06-6E821F9AB1B2}.Debug|x64.Build.0 = Debug|x64
		{4F189676-6FD3-436E-8E06-6E821F9AB1B2}.Debug|x86.ActiveCfg = Debug|x86
		{4F189676-6FD3-436E-8E06-6E821F9AB1B2}.Debug|x86.Build.0 = Debug|x86
		{4F189676-6FD3-436E-8E06-6E821F9AB1B2}.gcmodeller_desktop|Any CPU.ActiveCfg = gcmodeller_desktop|Any CPU
		{4F189676-6FD3-436E-8E06-6E821F9AB1B2}.gcmodeller_desktop|Any CPU.Build.0 = gcmodeller_desktop|Any CPU
		{4F189676-6FD3-436E-8E06-6E821F9AB1B2}.gcmodeller_desktop|x64.ActiveCfg = gcmodeller_desktop|x64
		{4F189676-6FD3-436E-8E06-6E821F9AB1B2}.gcmodeller_desktop|x64.Build.0 = gcmodeller_desktop|x64
		{4F189676-6FD3-436E-8E06-6E821F9AB1B2}.gcmodeller_desktop|x86.ActiveCfg = gcmodeller_desktop|x86
		{4F189676-6FD3-436E-8E06-6E821F9AB1B2}.gcmodeller_desktop|x86.Build.0 = gcmodeller_desktop|x86
		{4F189676-6FD3-436E-8E06-6E821F9AB1B2}.LipidSearch|Any CPU.ActiveCfg = LipidSearch|Any CPU
		{4F189676-6FD3-436E-8E06-6E821F9AB1B2}.LipidSearch|Any CPU.Build.0 = LipidSearch|Any CPU
		{4F189676-6FD3-436E-8E06-6E821F9AB1B2}.LipidSearch|x64.ActiveCfg = LipidSearch|x64
		{4F189676-6FD3-436E-8E06-6E821F9AB1B2}.LipidSearch|x64.Build.0 = LipidSearch|x64
		{4F189676-6FD3-436E-8E06-6E821F9AB1B2}.LipidSearch|x86.ActiveCfg = LipidSearch|x86
		{4F189676-6FD3-436E-8E06-6E821F9AB1B2}.LipidSearch|x86.Build.0 = LipidSearch|x86
		{4F189676-6FD3-436E-8E06-6E821F9AB1B2}.mzkit_win32|Any CPU.ActiveCfg = mzkit_win32|Any CPU
		{4F189676-6FD3-436E-8E06-6E821F9AB1B2}.mzkit_win32|Any CPU.Build.0 = mzkit_win32|Any CPU
		{4F189676-6FD3-436E-8E06-6E821F9AB1B2}.mzkit_win32|x64.ActiveCfg = mzkit_win32|x64
		{4F189676-6FD3-436E-8E06-6E821F9AB1B2}.mzkit_win32|x64.Build.0 = mzkit_win32|x64
		{4F189676-6FD3-436E-8E06-6E821F9AB1B2}.mzkit_win32|x86.ActiveCfg = mzkit_win32|x86
		{4F189676-6FD3-436E-8E06-6E821F9AB1B2}.mzkit_win32|x86.Build.0 = mzkit_win32|x86
		{4F189676-6FD3-436E-8E06-6E821F9AB1B2}.mzkit|Any CPU.ActiveCfg = mzkit|Any CPU
		{4F189676-6FD3-436E-8E06-6E821F9AB1B2}.mzkit|Any CPU.Build.0 = mzkit|Any CPU
		{4F189676-6FD3-436E-8E06-6E821F9AB1B2}.mzkit|x64.ActiveCfg = mzkit|x64
		{4F189676-6FD3-436E-8E06-6E821F9AB1B2}.mzkit|x64.Build.0 = mzkit|x64
		{4F189676-6FD3-436E-8E06-6E821F9AB1B2}.mzkit|x86.ActiveCfg = mzkit|x86
		{4F189676-6FD3-436E-8E06-6E821F9AB1B2}.mzkit|x86.Build.0 = mzkit|x86
		{4F189676-6FD3-436E-8E06-6E821F9AB1B2}.NPSearch|Any CPU.ActiveCfg = NPSearch|Any CPU
		{4F189676-6FD3-436E-8E06-6E821F9AB1B2}.NPSearch|Any CPU.Build.0 = NPSearch|Any CPU
		{4F189676-6FD3-436E-8E06-6E821F9AB1B2}.NPSearch|x64.ActiveCfg = NPSearch|x64
		{4F189676-6FD3-436E-8E06-6E821F9AB1B2}.NPSearch|x64.Build.0 = NPSearch|x64
		{4F189676-6FD3-436E-8E06-6E821F9AB1B2}.NPSearch|x86.ActiveCfg = NPSearch|x86
		{4F189676-6FD3-436E-8E06-6E821F9AB1B2}.NPSearch|x86.Build.0 = NPSearch|x86
		{4F189676-6FD3-436E-8E06-6E821F9AB1B2}.PlantMAT|Any CPU.ActiveCfg = PlantMAT|Any CPU
		{4F189676-6FD3-436E-8E06-6E821F9AB1B2}.PlantMAT|Any CPU.Build.0 = PlantMAT|Any CPU
		{4F189676-6FD3-436E-8E06-6E821F9AB1B2}.PlantMAT|x64.ActiveCfg = PlantMAT|x64
		{4F189676-6FD3-436E-8E06-6E821F9AB1B2}.PlantMAT|x64.Build.0 = PlantMAT|x64
		{4F189676-6FD3-436E-8E06-6E821F9AB1B2}.PlantMAT|x86.ActiveCfg = PlantMAT|x86
		{4F189676-6FD3-436E-8E06-6E821F9AB1B2}.PlantMAT|x86.Build.0 = PlantMAT|x86
		{4F189676-6FD3-436E-8E06-6E821F9AB1B2}.Release|Any CPU.ActiveCfg = Release|Any CPU
		{4F189676-6FD3-436E-8E06-6E821F9AB1B2}.Release|Any CPU.Build.0 = Release|Any CPU
		{4F189676-6FD3-436E-8E06-6E821F9AB1B2}.Release|x64.ActiveCfg = Release|x64
		{4F189676-6FD3-436E-8E06-6E821F9AB1B2}.Release|x64.Build.0 = Release|x64
		{4F189676-6FD3-436E-8E06-6E821F9AB1B2}.Release|x86.ActiveCfg = Release|x86
		{4F189676-6FD3-436E-8E06-6E821F9AB1B2}.Release|x86.Build.0 = Release|x86
		{4F189676-6FD3-436E-8E06-6E821F9AB1B2}.Rsharp_app_release|Any CPU.ActiveCfg = Rsharp_app_release|Any CPU
		{4F189676-6FD3-436E-8E06-6E821F9AB1B2}.Rsharp_app_release|Any CPU.Build.0 = Rsharp_app_release|Any CPU
		{4F189676-6FD3-436E-8E06-6E821F9AB1B2}.Rsharp_app_release|x64.ActiveCfg = Rsharp_app_release|x64
		{4F189676-6FD3-436E-8E06-6E821F9AB1B2}.Rsharp_app_release|x64.Build.0 = Rsharp_app_release|x64
		{4F189676-6FD3-436E-8E06-6E821F9AB1B2}.Rsharp_app_release|x86.ActiveCfg = Rsharp_app_release|x86
		{4F189676-6FD3-436E-8E06-6E821F9AB1B2}.Rsharp_app_release|x86.Build.0 = Rsharp_app_release|x86
		{6F6EBAB0-3AB7-443F-9F10-464285E7F1CC}.Debug|Any CPU.ActiveCfg = Debug|Any CPU
		{6F6EBAB0-3AB7-443F-9F10-464285E7F1CC}.Debug|Any CPU.Build.0 = Debug|Any CPU
		{6F6EBAB0-3AB7-443F-9F10-464285E7F1CC}.Debug|x64.ActiveCfg = Debug|x64
		{6F6EBAB0-3AB7-443F-9F10-464285E7F1CC}.Debug|x64.Build.0 = Debug|x64
		{6F6EBAB0-3AB7-443F-9F10-464285E7F1CC}.Debug|x86.ActiveCfg = Debug|Any CPU
		{6F6EBAB0-3AB7-443F-9F10-464285E7F1CC}.Debug|x86.Build.0 = Debug|Any CPU
		{6F6EBAB0-3AB7-443F-9F10-464285E7F1CC}.gcmodeller_desktop|Any CPU.ActiveCfg = Debug|Any CPU
		{6F6EBAB0-3AB7-443F-9F10-464285E7F1CC}.gcmodeller_desktop|Any CPU.Build.0 = Debug|Any CPU
		{6F6EBAB0-3AB7-443F-9F10-464285E7F1CC}.gcmodeller_desktop|x64.ActiveCfg = Debug|x64
		{6F6EBAB0-3AB7-443F-9F10-464285E7F1CC}.gcmodeller_desktop|x64.Build.0 = Debug|x64
		{6F6EBAB0-3AB7-443F-9F10-464285E7F1CC}.gcmodeller_desktop|x86.ActiveCfg = Debug|Any CPU
		{6F6EBAB0-3AB7-443F-9F10-464285E7F1CC}.gcmodeller_desktop|x86.Build.0 = Debug|Any CPU
		{6F6EBAB0-3AB7-443F-9F10-464285E7F1CC}.LipidSearch|Any CPU.ActiveCfg = Debug|Any CPU
		{6F6EBAB0-3AB7-443F-9F10-464285E7F1CC}.LipidSearch|Any CPU.Build.0 = Debug|Any CPU
		{6F6EBAB0-3AB7-443F-9F10-464285E7F1CC}.LipidSearch|x64.ActiveCfg = Debug|x64
		{6F6EBAB0-3AB7-443F-9F10-464285E7F1CC}.LipidSearch|x64.Build.0 = Debug|x64
		{6F6EBAB0-3AB7-443F-9F10-464285E7F1CC}.LipidSearch|x86.ActiveCfg = Debug|Any CPU
		{6F6EBAB0-3AB7-443F-9F10-464285E7F1CC}.LipidSearch|x86.Build.0 = Debug|Any CPU
		{6F6EBAB0-3AB7-443F-9F10-464285E7F1CC}.mzkit_win32|Any CPU.ActiveCfg = Debug|Any CPU
		{6F6EBAB0-3AB7-443F-9F10-464285E7F1CC}.mzkit_win32|Any CPU.Build.0 = Debug|Any CPU
		{6F6EBAB0-3AB7-443F-9F10-464285E7F1CC}.mzkit_win32|x64.ActiveCfg = Debug|x64
		{6F6EBAB0-3AB7-443F-9F10-464285E7F1CC}.mzkit_win32|x64.Build.0 = Debug|x64
		{6F6EBAB0-3AB7-443F-9F10-464285E7F1CC}.mzkit_win32|x86.ActiveCfg = Debug|Any CPU
		{6F6EBAB0-3AB7-443F-9F10-464285E7F1CC}.mzkit_win32|x86.Build.0 = Debug|Any CPU
		{6F6EBAB0-3AB7-443F-9F10-464285E7F1CC}.mzkit|Any CPU.ActiveCfg = Debug|Any CPU
		{6F6EBAB0-3AB7-443F-9F10-464285E7F1CC}.mzkit|Any CPU.Build.0 = Debug|Any CPU
		{6F6EBAB0-3AB7-443F-9F10-464285E7F1CC}.mzkit|x64.ActiveCfg = Debug|x64
		{6F6EBAB0-3AB7-443F-9F10-464285E7F1CC}.mzkit|x64.Build.0 = Debug|x64
		{6F6EBAB0-3AB7-443F-9F10-464285E7F1CC}.mzkit|x86.ActiveCfg = Debug|Any CPU
		{6F6EBAB0-3AB7-443F-9F10-464285E7F1CC}.mzkit|x86.Build.0 = Debug|Any CPU
		{6F6EBAB0-3AB7-443F-9F10-464285E7F1CC}.NPSearch|Any CPU.ActiveCfg = Debug|Any CPU
		{6F6EBAB0-3AB7-443F-9F10-464285E7F1CC}.NPSearch|Any CPU.Build.0 = Debug|Any CPU
		{6F6EBAB0-3AB7-443F-9F10-464285E7F1CC}.NPSearch|x64.ActiveCfg = Debug|x64
		{6F6EBAB0-3AB7-443F-9F10-464285E7F1CC}.NPSearch|x64.Build.0 = Debug|x64
		{6F6EBAB0-3AB7-443F-9F10-464285E7F1CC}.NPSearch|x86.ActiveCfg = Debug|Any CPU
		{6F6EBAB0-3AB7-443F-9F10-464285E7F1CC}.NPSearch|x86.Build.0 = Debug|Any CPU
		{6F6EBAB0-3AB7-443F-9F10-464285E7F1CC}.PlantMAT|Any CPU.ActiveCfg = Debug|Any CPU
		{6F6EBAB0-3AB7-443F-9F10-464285E7F1CC}.PlantMAT|Any CPU.Build.0 = Debug|Any CPU
		{6F6EBAB0-3AB7-443F-9F10-464285E7F1CC}.PlantMAT|x64.ActiveCfg = Debug|x64
		{6F6EBAB0-3AB7-443F-9F10-464285E7F1CC}.PlantMAT|x64.Build.0 = Debug|x64
		{6F6EBAB0-3AB7-443F-9F10-464285E7F1CC}.PlantMAT|x86.ActiveCfg = Debug|Any CPU
		{6F6EBAB0-3AB7-443F-9F10-464285E7F1CC}.PlantMAT|x86.Build.0 = Debug|Any CPU
		{6F6EBAB0-3AB7-443F-9F10-464285E7F1CC}.Release|Any CPU.ActiveCfg = Release|Any CPU
		{6F6EBAB0-3AB7-443F-9F10-464285E7F1CC}.Release|Any CPU.Build.0 = Release|Any CPU
		{6F6EBAB0-3AB7-443F-9F10-464285E7F1CC}.Release|x64.ActiveCfg = Release|x64
		{6F6EBAB0-3AB7-443F-9F10-464285E7F1CC}.Release|x64.Build.0 = Release|x64
		{6F6EBAB0-3AB7-443F-9F10-464285E7F1CC}.Release|x86.ActiveCfg = Release|Any CPU
		{6F6EBAB0-3AB7-443F-9F10-464285E7F1CC}.Release|x86.Build.0 = Release|Any CPU
		{6F6EBAB0-3AB7-443F-9F10-464285E7F1CC}.Rsharp_app_release|Any CPU.ActiveCfg = Rsharp_app_release|Any CPU
		{6F6EBAB0-3AB7-443F-9F10-464285E7F1CC}.Rsharp_app_release|Any CPU.Build.0 = Rsharp_app_release|Any CPU
		{6F6EBAB0-3AB7-443F-9F10-464285E7F1CC}.Rsharp_app_release|x64.ActiveCfg = Rsharp_app_release|x64
		{6F6EBAB0-3AB7-443F-9F10-464285E7F1CC}.Rsharp_app_release|x64.Build.0 = Rsharp_app_release|x64
		{6F6EBAB0-3AB7-443F-9F10-464285E7F1CC}.Rsharp_app_release|x86.ActiveCfg = Rsharp_app_release|Any CPU
		{6F6EBAB0-3AB7-443F-9F10-464285E7F1CC}.Rsharp_app_release|x86.Build.0 = Rsharp_app_release|Any CPU
	EndGlobalSection
	GlobalSection(SolutionProperties) = preSolution
		HideSolutionNode = FALSE
	EndGlobalSection
	GlobalSection(NestedProjects) = preSolution
		{4F189676-6FD3-436E-8E06-6E821F9AB1B2} = {ACBC7107-F96C-43EE-80C0-36F016E3D94C}
	EndGlobalSection
	GlobalSection(ExtensibilityGlobals) = postSolution
		SolutionGuid = {F34F3C02-4BF0-4874-84E6-8B1EF8D9E7DA}
	EndGlobalSection
EndGlobal
